
Microsoft Visual Studio Solution File, Format Version 12.00
# Visual Studio Version 17
VisualStudioVersion = 17.4.33110.190
MinimumVisualStudioVersion = 10.0.40219.1
Project("{9A19103F-16F7-4668-BE54-9A1E7A4F7556}") = "ProjectClear", "ProjectClear\ProjectClear.csproj", "{B771DAB4-797C-4AC5-AC1E-DF0DE3726ACE}"
EndProject
Project("{9A19103F-16F7-4668-BE54-9A1E7A4F7556}") = "SignalRClientWeb", "SignalRClientWeb\SignalRClientWeb.csproj", "{7B043DBC-736A-4557-A6F9-1A0B7D063A12}"
EndProject
Project("{FAE04EC0-301F-11D3-BF4B-00C04F79EFBC}") = "MateralPublish", "MateralPublish\MateralPublish.csproj", "{1306A3D7-5D86-4FCC-8C3B-6F345F43E772}"
EndProject
Global
	GlobalSection(SolutionConfigurationPlatforms) = preSolution
		Debug|Any CPU = Debug|Any CPU
		Release|Any CPU = Release|Any CPU
	EndGlobalSection
	GlobalSection(ProjectConfigurationPlatforms) = postSolution
		{B771DAB4-797C-4AC5-AC1E-DF0DE3726ACE}.Debug|Any CPU.ActiveCfg = Debug|Any CPU
		{B771DAB4-797C-4AC5-AC1E-DF0DE3726ACE}.Debug|Any CPU.Build.0 = Debug|Any CPU
		{B771DAB4-797C-4AC5-AC1E-DF0DE3726ACE}.Release|Any CPU.ActiveCfg = Release|Any CPU
		{B771DAB4-797C-4AC5-AC1E-DF0DE3726ACE}.Release|Any CPU.Build.0 = Release|Any CPU
		{7B043DBC-736A-4557-A6F9-1A0B7D063A12}.Debug|Any CPU.ActiveCfg = Debug|Any CPU
		{7B043DBC-736A-4557-A6F9-1A0B7D063A12}.Debug|Any CPU.Build.0 = Debug|Any CPU
		{7B043DBC-736A-4557-A6F9-1A0B7D063A12}.Release|Any CPU.ActiveCfg = Release|Any CPU
		{7B043DBC-736A-4557-A6F9-1A0B7D063A12}.Release|Any CPU.Build.0 = Release|Any CPU
		{1306A3D7-5D86-4FCC-8C3B-6F345F43E772}.Debug|Any CPU.ActiveCfg = Debug|Any CPU
		{1306A3D7-5D86-4FCC-8C3B-6F345F43E772}.Debug|Any CPU.Build.0 = Debug|Any CPU
		{1306A3D7-5D86-4FCC-8C3B-6F345F43E772}.Release|Any CPU.ActiveCfg = Release|Any CPU
		{1306A3D7-5D86-4FCC-8C3B-6F345F43E772}.Release|Any CPU.Build.0 = Release|Any CPU
	EndGlobalSection
	GlobalSection(SolutionProperties) = preSolution
		HideSolutionNode = FALSE
	EndGlobalSection
	GlobalSection(ExtensibilityGlobals) = postSolution
		SolutionGuid = {B52A5985-5FC4-48D7-99B5-5C91D41853C4}
	EndGlobalSection
EndGlobal
