
Microsoft Visual Studio Solution File, Format Version 12.00
# Visual Studio Version 17
VisualStudioVersion = 17.4.33103.184
MinimumVisualStudioVersion = 10.0.40219.1
Project("{2150E333-8FDC-42A3-9474-1A3956D46DE8}") = "Demo", "Demo", "{01B22CF7-7F4F-4817-9F62-961E7EF8C305}"
EndProject
Project("{9A19103F-16F7-4668-BE54-9A1E7A4F7556}") = "Materal.TTA.Demo", "Demo\Materal.TTA.Demo\Materal.TTA.Demo.csproj", "{24D24216-D548-49D5-83AB-3ED6ABD12D80}"
EndProject
Project("{2150E333-8FDC-42A3-9474-1A3956D46DE8}") = "Src", "Src", "{64FCFB2A-63F8-4203-9516-190E7035185C}"
EndProject
Project("{2150E333-8FDC-42A3-9474-1A3956D46DE8}") = "Test", "Test", "{54440FDD-9CE9-4C6A-BD31-5F64D0DC2368}"
EndProject
Project("{9A19103F-16F7-4668-BE54-9A1E7A4F7556}") = "Materal.TTA.Common", "Src\Materal.TTA.Common\Materal.TTA.Common.csproj", "{22B93345-336A-4973-97BF-1079E89EFBCE}"
EndProject
Project("{9A19103F-16F7-4668-BE54-9A1E7A4F7556}") = "Materal.TTA.EFRepository", "Src\Materal.TTA.EFRepository\Materal.TTA.EFRepository.csproj", "{7596AE4D-FA4C-4FA5-8D05-A2267CC16779}"
EndProject
Project("{9A19103F-16F7-4668-BE54-9A1E7A4F7556}") = "Materal.TTA.Test", "Test\Materal.TTA.Test\Materal.TTA.Test.csproj", "{F99C5B0E-34C5-4CB6-86F1-194E68D60500}"
EndProject
Project("{9A19103F-16F7-4668-BE54-9A1E7A4F7556}") = "Materal.TTA.SqliteEFRepository", "Src\Materal.TTA.SqliteEFRepository\Materal.TTA.SqliteEFRepository.csproj", "{D30E9AB2-A3A8-438E-8158-085BA47EA1EE}"
EndProject
Project("{9A19103F-16F7-4668-BE54-9A1E7A4F7556}") = "Materal.TTA.SqlServerEFRepository", "Src\Materal.TTA.SqlServerEFRepository\Materal.TTA.SqlServerEFRepository.csproj", "{F4213321-68AF-4A96-92F9-277B57F7B001}"
EndProject
Project("{FAE04EC0-301F-11D3-BF4B-00C04F79EFBC}") = "Materal.TTA.ADONETRepository", "Src\Materal.TTA.ADONETRepository\Materal.TTA.ADONETRepository.csproj", "{9348BCDF-2EE0-4CDC-982E-24FD60251455}"
EndProject
Project("{2150E333-8FDC-42A3-9474-1A3956D46DE8}") = "ADONET", "ADONET", "{FC6A2202-C439-4C4D-8318-14E7247A4C7D}"
EndProject
Project("{2150E333-8FDC-42A3-9474-1A3956D46DE8}") = "EF", "EF", "{EE259747-AA44-4CC3-9146-C972AA11DC30}"
EndProject
Project("{FAE04EC0-301F-11D3-BF4B-00C04F79EFBC}") = "Materal.TTA.SqliteADONETRepository", "Src\Materal.TTA.SqliteADONETRepository\Materal.TTA.SqliteADONETRepository.csproj", "{D02DB88B-FBB8-42DE-98C0-0BBEF5537F88}"
EndProject
Project("{FAE04EC0-301F-11D3-BF4B-00C04F79EFBC}") = "Materal.TTA.SqlServerADONETRepository", "Src\Materal.TTA.SqlServerADONETRepository\Materal.TTA.SqlServerADONETRepository.csproj", "{B26A644B-EDF1-41FE-ABFE-F2DE9C5CFF3A}"
EndProject
Project("{FAE04EC0-301F-11D3-BF4B-00C04F79EFBC}") = "Materal.TTA.Demo.SqliteEFRepository", "Demo\Materal.TTA.Demo.SqliteEFRepository\Materal.TTA.Demo.SqliteEFRepository.csproj", "{86DD1310-F9AF-406D-922E-7B5FB60FF18D}"
EndProject
Project("{FAE04EC0-301F-11D3-BF4B-00C04F79EFBC}") = "Materal.TTA.Demo.Domain", "Demo\Materal.TTA.Demo.Domain\Materal.TTA.Demo.Domain.csproj", "{AC303665-A8F5-4814-BC8E-44325E240986}"
EndProject
Project("{FAE04EC0-301F-11D3-BF4B-00C04F79EFBC}") = "Materal.TTA.Demo.SqlServerEFRepository", "Demo\Materal.TTA.Demo.SqlServerEFRepository\Materal.TTA.Demo.SqlServerEFRepository.csproj", "{3691F455-8BAD-4E47-A91B-1285C9E91AA7}"
EndProject
Project("{FAE04EC0-301F-11D3-BF4B-00C04F79EFBC}") = "Materal.TTA.Demo.SqliteADONETRepository", "Demo\Materal.TTA.Demo.SqliteADONETRepository\Materal.TTA.Demo.SqliteADONETRepository.csproj", "{62E93C2E-92D5-47C3-8980-EC4740B66967}"
EndProject
Project("{FAE04EC0-301F-11D3-BF4B-00C04F79EFBC}") = "Materal.TTA.Demo.SqlServerADONETRepository", "Demo\Materal.TTA.Demo.SqlServerADONETRepository\Materal.TTA.Demo.SqlServerADONETRepository.csproj", "{54B79237-DF24-4A0C-9FED-C3D00D12C6DF}"
EndProject
Global
	GlobalSection(SolutionConfigurationPlatforms) = preSolution
		Debug|Any CPU = Debug|Any CPU
		Release|Any CPU = Release|Any CPU
	EndGlobalSection
	GlobalSection(ProjectConfigurationPlatforms) = postSolution
		{24D24216-D548-49D5-83AB-3ED6ABD12D80}.Debug|Any CPU.ActiveCfg = Debug|Any CPU
		{24D24216-D548-49D5-83AB-3ED6ABD12D80}.Debug|Any CPU.Build.0 = Debug|Any CPU
		{24D24216-D548-49D5-83AB-3ED6ABD12D80}.Release|Any CPU.ActiveCfg = Release|Any CPU
		{24D24216-D548-49D5-83AB-3ED6ABD12D80}.Release|Any CPU.Build.0 = Release|Any CPU
		{22B93345-336A-4973-97BF-1079E89EFBCE}.Debug|Any CPU.ActiveCfg = Debug|Any CPU
		{22B93345-336A-4973-97BF-1079E89EFBCE}.Debug|Any CPU.Build.0 = Debug|Any CPU
		{22B93345-336A-4973-97BF-1079E89EFBCE}.Release|Any CPU.ActiveCfg = Release|Any CPU
		{22B93345-336A-4973-97BF-1079E89EFBCE}.Release|Any CPU.Build.0 = Release|Any CPU
		{7596AE4D-FA4C-4FA5-8D05-A2267CC16779}.Debug|Any CPU.ActiveCfg = Debug|Any CPU
		{7596AE4D-FA4C-4FA5-8D05-A2267CC16779}.Debug|Any CPU.Build.0 = Debug|Any CPU
		{7596AE4D-FA4C-4FA5-8D05-A2267CC16779}.Release|Any CPU.ActiveCfg = Release|Any CPU
		{7596AE4D-FA4C-4FA5-8D05-A2267CC16779}.Release|Any CPU.Build.0 = Release|Any CPU
		{F99C5B0E-34C5-4CB6-86F1-194E68D60500}.Debug|Any CPU.ActiveCfg = Debug|Any CPU
		{F99C5B0E-34C5-4CB6-86F1-194E68D60500}.Debug|Any CPU.Build.0 = Debug|Any CPU
		{F99C5B0E-34C5-4CB6-86F1-194E68D60500}.Release|Any CPU.ActiveCfg = Release|Any CPU
		{F99C5B0E-34C5-4CB6-86F1-194E68D60500}.Release|Any CPU.Build.0 = Release|Any CPU
		{D30E9AB2-A3A8-438E-8158-085BA47EA1EE}.Debug|Any CPU.ActiveCfg = Debug|Any CPU
		{D30E9AB2-A3A8-438E-8158-085BA47EA1EE}.Debug|Any CPU.Build.0 = Debug|Any CPU
		{D30E9AB2-A3A8-438E-8158-085BA47EA1EE}.Release|Any CPU.ActiveCfg = Release|Any CPU
		{D30E9AB2-A3A8-438E-8158-085BA47EA1EE}.Release|Any CPU.Build.0 = Release|Any CPU
		{F4213321-68AF-4A96-92F9-277B57F7B001}.Debug|Any CPU.ActiveCfg = Debug|Any CPU
		{F4213321-68AF-4A96-92F9-277B57F7B001}.Debug|Any CPU.Build.0 = Debug|Any CPU
		{F4213321-68AF-4A96-92F9-277B57F7B001}.Release|Any CPU.ActiveCfg = Release|Any CPU
		{F4213321-68AF-4A96-92F9-277B57F7B001}.Release|Any CPU.Build.0 = Release|Any CPU
		{9348BCDF-2EE0-4CDC-982E-24FD60251455}.Debug|Any CPU.ActiveCfg = Debug|Any CPU
		{9348BCDF-2EE0-4CDC-982E-24FD60251455}.Debug|Any CPU.Build.0 = Debug|Any CPU
		{9348BCDF-2EE0-4CDC-982E-24FD60251455}.Release|Any CPU.ActiveCfg = Release|Any CPU
		{9348BCDF-2EE0-4CDC-982E-24FD60251455}.Release|Any CPU.Build.0 = Release|Any CPU
		{D02DB88B-FBB8-42DE-98C0-0BBEF5537F88}.Debug|Any CPU.ActiveCfg = Debug|Any CPU
		{D02DB88B-FBB8-42DE-98C0-0BBEF5537F88}.Debug|Any CPU.Build.0 = Debug|Any CPU
		{D02DB88B-FBB8-42DE-98C0-0BBEF5537F88}.Release|Any CPU.ActiveCfg = Release|Any CPU
		{D02DB88B-FBB8-42DE-98C0-0BBEF5537F88}.Release|Any CPU.Build.0 = Release|Any CPU
		{B26A644B-EDF1-41FE-ABFE-F2DE9C5CFF3A}.Debug|Any CPU.ActiveCfg = Debug|Any CPU
		{B26A644B-EDF1-41FE-ABFE-F2DE9C5CFF3A}.Debug|Any CPU.Build.0 = Debug|Any CPU
		{B26A644B-EDF1-41FE-ABFE-F2DE9C5CFF3A}.Release|Any CPU.ActiveCfg = Release|Any CPU
		{B26A644B-EDF1-41FE-ABFE-F2DE9C5CFF3A}.Release|Any CPU.Build.0 = Release|Any CPU
		{86DD1310-F9AF-406D-922E-7B5FB60FF18D}.Debug|Any CPU.ActiveCfg = Debug|Any CPU
		{86DD1310-F9AF-406D-922E-7B5FB60FF18D}.Debug|Any CPU.Build.0 = Debug|Any CPU
		{86DD1310-F9AF-406D-922E-7B5FB60FF18D}.Release|Any CPU.ActiveCfg = Release|Any CPU
		{86DD1310-F9AF-406D-922E-7B5FB60FF18D}.Release|Any CPU.Build.0 = Release|Any CPU
		{AC303665-A8F5-4814-BC8E-44325E240986}.Debug|Any CPU.ActiveCfg = Debug|Any CPU
		{AC303665-A8F5-4814-BC8E-44325E240986}.Debug|Any CPU.Build.0 = Debug|Any CPU
		{AC303665-A8F5-4814-BC8E-44325E240986}.Release|Any CPU.ActiveCfg = Release|Any CPU
		{AC303665-A8F5-4814-BC8E-44325E240986}.Release|Any CPU.Build.0 = Release|Any CPU
		{3691F455-8BAD-4E47-A91B-1285C9E91AA7}.Debug|Any CPU.ActiveCfg = Debug|Any CPU
		{3691F455-8BAD-4E47-A91B-1285C9E91AA7}.Debug|Any CPU.Build.0 = Debug|Any CPU
		{3691F455-8BAD-4E47-A91B-1285C9E91AA7}.Release|Any CPU.ActiveCfg = Release|Any CPU
		{3691F455-8BAD-4E47-A91B-1285C9E91AA7}.Release|Any CPU.Build.0 = Release|Any CPU
		{62E93C2E-92D5-47C3-8980-EC4740B66967}.Debug|Any CPU.ActiveCfg = Debug|Any CPU
		{62E93C2E-92D5-47C3-8980-EC4740B66967}.Debug|Any CPU.Build.0 = Debug|Any CPU
		{62E93C2E-92D5-47C3-8980-EC4740B66967}.Release|Any CPU.ActiveCfg = Release|Any CPU
		{62E93C2E-92D5-47C3-8980-EC4740B66967}.Release|Any CPU.Build.0 = Release|Any CPU
		{54B79237-DF24-4A0C-9FED-C3D00D12C6DF}.Debug|Any CPU.ActiveCfg = Debug|Any CPU
		{54B79237-DF24-4A0C-9FED-C3D00D12C6DF}.Debug|Any CPU.Build.0 = Debug|Any CPU
		{54B79237-DF24-4A0C-9FED-C3D00D12C6DF}.Release|Any CPU.ActiveCfg = Release|Any CPU
		{54B79237-DF24-4A0C-9FED-C3D00D12C6DF}.Release|Any CPU.Build.0 = Release|Any CPU
	EndGlobalSection
	GlobalSection(SolutionProperties) = preSolution
		HideSolutionNode = FALSE
	EndGlobalSection
	GlobalSection(NestedProjects) = preSolution
		{24D24216-D548-49D5-83AB-3ED6ABD12D80} = {01B22CF7-7F4F-4817-9F62-961E7EF8C305}
		{22B93345-336A-4973-97BF-1079E89EFBCE} = {64FCFB2A-63F8-4203-9516-190E7035185C}
		{7596AE4D-FA4C-4FA5-8D05-A2267CC16779} = {EE259747-AA44-4CC3-9146-C972AA11DC30}
		{F99C5B0E-34C5-4CB6-86F1-194E68D60500} = {54440FDD-9CE9-4C6A-BD31-5F64D0DC2368}
		{D30E9AB2-A3A8-438E-8158-085BA47EA1EE} = {EE259747-AA44-4CC3-9146-C972AA11DC30}
		{F4213321-68AF-4A96-92F9-277B57F7B001} = {EE259747-AA44-4CC3-9146-C972AA11DC30}
		{9348BCDF-2EE0-4CDC-982E-24FD60251455} = {FC6A2202-C439-4C4D-8318-14E7247A4C7D}
		{FC6A2202-C439-4C4D-8318-14E7247A4C7D} = {64FCFB2A-63F8-4203-9516-190E7035185C}
		{EE259747-AA44-4CC3-9146-C972AA11DC30} = {64FCFB2A-63F8-4203-9516-190E7035185C}
		{D02DB88B-FBB8-42DE-98C0-0BBEF5537F88} = {FC6A2202-C439-4C4D-8318-14E7247A4C7D}
		{B26A644B-EDF1-41FE-ABFE-F2DE9C5CFF3A} = {FC6A2202-C439-4C4D-8318-14E7247A4C7D}
		{86DD1310-F9AF-406D-922E-7B5FB60FF18D} = {01B22CF7-7F4F-4817-9F62-961E7EF8C305}
		{AC303665-A8F5-4814-BC8E-44325E240986} = {01B22CF7-7F4F-4817-9F62-961E7EF8C305}
		{3691F455-8BAD-4E47-A91B-1285C9E91AA7} = {01B22CF7-7F4F-4817-9F62-961E7EF8C305}
		{62E93C2E-92D5-47C3-8980-EC4740B66967} = {01B22CF7-7F4F-4817-9F62-961E7EF8C305}
		{54B79237-DF24-4A0C-9FED-C3D00D12C6DF} = {01B22CF7-7F4F-4817-9F62-961E7EF8C305}
	EndGlobalSection
	GlobalSection(ExtensibilityGlobals) = postSolution
		SolutionGuid = {ACCFD0EA-CC61-442C-8D0A-E4FF8C626326}
	EndGlobalSection
EndGlobal
