
Microsoft Visual Studio Solution File, Format Version 12.00
# Visual Studio Version 17
VisualStudioVersion = 17.4.33103.184
MinimumVisualStudioVersion = 10.0.40219.1
Project("{2150E333-8FDC-42A3-9474-1A3956D46DE8}") = "Demo", "Demo", "{01B22CF7-7F4F-4817-9F62-961E7EF8C305}"
EndProject
Project("{9A19103F-16F7-4668-BE54-9A1E7A4F7556}") = "Materal.TTA.Demo", "Demo\Materal.TTA.Demo\Materal.TTA.Demo.csproj", "{24D24216-D548-49D5-83AB-3ED6ABD12D80}"
EndProject
Project("{2150E333-8FDC-42A3-9474-1A3956D46DE8}") = "Src", "Src", "{64FCFB2A-63F8-4203-9516-190E7035185C}"
EndProject
Project("{2150E333-8FDC-42A3-9474-1A3956D46DE8}") = "Test", "Test", "{54440FDD-9CE9-4C6A-BD31-5F64D0DC2368}"
EndProject
Project("{9A19103F-16F7-4668-BE54-9A1E7A4F7556}") = "Materal.TTA.Common", "Src\Materal.TTA.Common\Materal.TTA.Common.csproj", "{22B93345-336A-4973-97BF-1079E89EFBCE}"
EndProject
Project("{9A19103F-16F7-4668-BE54-9A1E7A4F7556}") = "Materal.TTA.EFRepository", "Src\Materal.TTA.EFRepository\Materal.TTA.EFRepository.csproj", "{7596AE4D-FA4C-4FA5-8D05-A2267CC16779}"
EndProject
Project("{9A19103F-16F7-4668-BE54-9A1E7A4F7556}") = "Materal.TTA.MongoDBRepository", "Src\Materal.TTA.MongoDBRepository\Materal.TTA.MongoDBRepository.csproj", "{07C9E7DD-C19B-4530-8699-EEFEEF4163DC}"
EndProject
Project("{9A19103F-16F7-4668-BE54-9A1E7A4F7556}") = "Materal.TTA.MySqlRepository", "Src\Materal.TTA.MySqlRepository\Materal.TTA.MySqlRepository.csproj", "{D95793FD-92C1-404E-950D-F024CEFC3E0E}"
EndProject
Project("{9A19103F-16F7-4668-BE54-9A1E7A4F7556}") = "Materal.TTA.RedisRepository", "Src\Materal.TTA.RedisRepository\Materal.TTA.RedisRepository.csproj", "{92A0543F-E0E8-4FD0-B7E2-C30F21F9C860}"
EndProject
Project("{9A19103F-16F7-4668-BE54-9A1E7A4F7556}") = "Materal.TTA.SqliteRepository", "Src\Materal.TTA.SqliteRepository\Materal.TTA.SqliteRepository.csproj", "{BA418A56-4688-4CA7-B9BC-52122F944DD7}"
EndProject
Project("{9A19103F-16F7-4668-BE54-9A1E7A4F7556}") = "Materal.TTA.SqlServerRepository", "Src\Materal.TTA.SqlServerRepository\Materal.TTA.SqlServerRepository.csproj", "{F7E3E52C-2479-4AA1-BABD-F3E61D5F7C9F}"
EndProject
Project("{FAE04EC0-301F-11D3-BF4B-00C04F79EFBC}") = "Materal.TTA.Test", "Test\Materal.TTA.Test\Materal.TTA.Test.csproj", "{F99C5B0E-34C5-4CB6-86F1-194E68D60500}"
EndProject
Global
	GlobalSection(SolutionConfigurationPlatforms) = preSolution
		Debug|Any CPU = Debug|Any CPU
		Release|Any CPU = Release|Any CPU
	EndGlobalSection
	GlobalSection(ProjectConfigurationPlatforms) = postSolution
		{24D24216-D548-49D5-83AB-3ED6ABD12D80}.Debug|Any CPU.ActiveCfg = Debug|Any CPU
		{24D24216-D548-49D5-83AB-3ED6ABD12D80}.Debug|Any CPU.Build.0 = Debug|Any CPU
		{24D24216-D548-49D5-83AB-3ED6ABD12D80}.Release|Any CPU.ActiveCfg = Release|Any CPU
		{24D24216-D548-49D5-83AB-3ED6ABD12D80}.Release|Any CPU.Build.0 = Release|Any CPU
		{22B93345-336A-4973-97BF-1079E89EFBCE}.Debug|Any CPU.ActiveCfg = Debug|Any CPU
		{22B93345-336A-4973-97BF-1079E89EFBCE}.Debug|Any CPU.Build.0 = Debug|Any CPU
		{22B93345-336A-4973-97BF-1079E89EFBCE}.Release|Any CPU.ActiveCfg = Release|Any CPU
		{22B93345-336A-4973-97BF-1079E89EFBCE}.Release|Any CPU.Build.0 = Release|Any CPU
		{7596AE4D-FA4C-4FA5-8D05-A2267CC16779}.Debug|Any CPU.ActiveCfg = Debug|Any CPU
		{7596AE4D-FA4C-4FA5-8D05-A2267CC16779}.Debug|Any CPU.Build.0 = Debug|Any CPU
		{7596AE4D-FA4C-4FA5-8D05-A2267CC16779}.Release|Any CPU.ActiveCfg = Release|Any CPU
		{7596AE4D-FA4C-4FA5-8D05-A2267CC16779}.Release|Any CPU.Build.0 = Release|Any CPU
		{07C9E7DD-C19B-4530-8699-EEFEEF4163DC}.Debug|Any CPU.ActiveCfg = Debug|Any CPU
		{07C9E7DD-C19B-4530-8699-EEFEEF4163DC}.Debug|Any CPU.Build.0 = Debug|Any CPU
		{07C9E7DD-C19B-4530-8699-EEFEEF4163DC}.Release|Any CPU.ActiveCfg = Release|Any CPU
		{07C9E7DD-C19B-4530-8699-EEFEEF4163DC}.Release|Any CPU.Build.0 = Release|Any CPU
		{D95793FD-92C1-404E-950D-F024CEFC3E0E}.Debug|Any CPU.ActiveCfg = Debug|Any CPU
		{D95793FD-92C1-404E-950D-F024CEFC3E0E}.Debug|Any CPU.Build.0 = Debug|Any CPU
		{D95793FD-92C1-404E-950D-F024CEFC3E0E}.Release|Any CPU.ActiveCfg = Release|Any CPU
		{D95793FD-92C1-404E-950D-F024CEFC3E0E}.Release|Any CPU.Build.0 = Release|Any CPU
		{92A0543F-E0E8-4FD0-B7E2-C30F21F9C860}.Debug|Any CPU.ActiveCfg = Debug|Any CPU
		{92A0543F-E0E8-4FD0-B7E2-C30F21F9C860}.Debug|Any CPU.Build.0 = Debug|Any CPU
		{92A0543F-E0E8-4FD0-B7E2-C30F21F9C860}.Release|Any CPU.ActiveCfg = Release|Any CPU
		{92A0543F-E0E8-4FD0-B7E2-C30F21F9C860}.Release|Any CPU.Build.0 = Release|Any CPU
		{BA418A56-4688-4CA7-B9BC-52122F944DD7}.Debug|Any CPU.ActiveCfg = Debug|Any CPU
		{BA418A56-4688-4CA7-B9BC-52122F944DD7}.Debug|Any CPU.Build.0 = Debug|Any CPU
		{BA418A56-4688-4CA7-B9BC-52122F944DD7}.Release|Any CPU.ActiveCfg = Release|Any CPU
		{BA418A56-4688-4CA7-B9BC-52122F944DD7}.Release|Any CPU.Build.0 = Release|Any CPU
		{F7E3E52C-2479-4AA1-BABD-F3E61D5F7C9F}.Debug|Any CPU.ActiveCfg = Debug|Any CPU
		{F7E3E52C-2479-4AA1-BABD-F3E61D5F7C9F}.Debug|Any CPU.Build.0 = Debug|Any CPU
		{F7E3E52C-2479-4AA1-BABD-F3E61D5F7C9F}.Release|Any CPU.ActiveCfg = Release|Any CPU
		{F7E3E52C-2479-4AA1-BABD-F3E61D5F7C9F}.Release|Any CPU.Build.0 = Release|Any CPU
		{F99C5B0E-34C5-4CB6-86F1-194E68D60500}.Debug|Any CPU.ActiveCfg = Debug|Any CPU
		{F99C5B0E-34C5-4CB6-86F1-194E68D60500}.Debug|Any CPU.Build.0 = Debug|Any CPU
		{F99C5B0E-34C5-4CB6-86F1-194E68D60500}.Release|Any CPU.ActiveCfg = Release|Any CPU
		{F99C5B0E-34C5-4CB6-86F1-194E68D60500}.Release|Any CPU.Build.0 = Release|Any CPU
	EndGlobalSection
	GlobalSection(SolutionProperties) = preSolution
		HideSolutionNode = FALSE
	EndGlobalSection
	GlobalSection(NestedProjects) = preSolution
		{24D24216-D548-49D5-83AB-3ED6ABD12D80} = {01B22CF7-7F4F-4817-9F62-961E7EF8C305}
		{22B93345-336A-4973-97BF-1079E89EFBCE} = {64FCFB2A-63F8-4203-9516-190E7035185C}
		{7596AE4D-FA4C-4FA5-8D05-A2267CC16779} = {64FCFB2A-63F8-4203-9516-190E7035185C}
		{07C9E7DD-C19B-4530-8699-EEFEEF4163DC} = {64FCFB2A-63F8-4203-9516-190E7035185C}
		{D95793FD-92C1-404E-950D-F024CEFC3E0E} = {64FCFB2A-63F8-4203-9516-190E7035185C}
		{92A0543F-E0E8-4FD0-B7E2-C30F21F9C860} = {64FCFB2A-63F8-4203-9516-190E7035185C}
		{BA418A56-4688-4CA7-B9BC-52122F944DD7} = {64FCFB2A-63F8-4203-9516-190E7035185C}
		{F7E3E52C-2479-4AA1-BABD-F3E61D5F7C9F} = {64FCFB2A-63F8-4203-9516-190E7035185C}
		{F99C5B0E-34C5-4CB6-86F1-194E68D60500} = {54440FDD-9CE9-4C6A-BD31-5F64D0DC2368}
	EndGlobalSection
	GlobalSection(ExtensibilityGlobals) = postSolution
		SolutionGuid = {ACCFD0EA-CC61-442C-8D0A-E4FF8C626326}
	EndGlobalSection
EndGlobal
