
Microsoft Visual Studio Solution File, Format Version 12.00
# Visual Studio Version 16
VisualStudioVersion = 16.0.31729.503
MinimumVisualStudioVersion = 10.0.40219.1
Project("{2150E333-8FDC-42A3-9474-1A3956D46DE8}") = "Materal.APP", "Materal.APP", "{EF1CED47-20C1-4E67-807E-3705612D0373}"
EndProject
Project("{2150E333-8FDC-42A3-9474-1A3956D46DE8}") = "TTA", "TTA", "{B1BAB0E1-4BF7-40A5-8B3B-58C34B4C77FA}"
EndProject
Project("{9A19103F-16F7-4668-BE54-9A1E7A4F7556}") = "Materal.TTA.Common", "..\..\..\Materal.ThreeTierArchitecture\Materal.TTA.Common\Materal.TTA.Common.csproj", "{91F1260F-3B0C-433A-B283-B54D50505356}"
EndProject
Project("{9A19103F-16F7-4668-BE54-9A1E7A4F7556}") = "Materal.TTA.EFRepository", "..\..\..\Materal.ThreeTierArchitecture\Materal.TTA.EFRepository\Materal.TTA.EFRepository.csproj", "{2B10EB5C-3148-4ADD-8FDB-0182AF45CF0D}"
EndProject
Project("{9A19103F-16F7-4668-BE54-9A1E7A4F7556}") = "Materal.TTA.SqliteRepository", "..\..\..\Materal.ThreeTierArchitecture\Materal.TTA.SqliteRepository\Materal.TTA.SqliteRepository.csproj", "{45444968-8EF1-46A2-A7B9-B35A775F891F}"
EndProject
Project("{9A19103F-16F7-4668-BE54-9A1E7A4F7556}") = "Materal.APP.Core", "..\MateralAPP\Materal.APP.Core\Materal.APP.Core.csproj", "{547C5B42-BD78-4884-A354-497949EB79D4}"
EndProject
Project("{9A19103F-16F7-4668-BE54-9A1E7A4F7556}") = "Materal.APP.WebCore", "..\MateralAPP\Materal.APP.WebCore\Materal.APP.WebCore.csproj", "{17784A54-E3AB-41FC-86AB-10D7926C27AA}"
EndProject
Project("{9A19103F-16F7-4668-BE54-9A1E7A4F7556}") = "Materal.APP.WebAPICore", "..\MateralAPP\Materal.APP.WebAPICore\Materal.APP.WebAPICore.csproj", "{98EA30F0-3AC9-42B2-A7E5-49202A703A22}"
EndProject
Project("{9A19103F-16F7-4668-BE54-9A1E7A4F7556}") = "ConfigCenter.Environment.Server", "ConfigCenter.Environment.Server\ConfigCenter.Environment.Server.csproj", "{D386032E-EA1F-4BA2-907D-3FCAAC7B9D9F}"
EndProject
Project("{9A19103F-16F7-4668-BE54-9A1E7A4F7556}") = "ConfigCenter.Environment.Common", "ConfigCenter.Environment.Common\ConfigCenter.Environment.Common.csproj", "{38A4AF05-553C-4EF2-8E99-F90AC345A1E1}"
EndProject
Project("{9A19103F-16F7-4668-BE54-9A1E7A4F7556}") = "ConfigCenter.Environment.DataTransmitModel", "ConfigCenter.Environment.DataTransmitModel\ConfigCenter.Environment.DataTransmitModel.csproj", "{E40650A1-6359-4002-B09E-8D6B8F7DEE7F}"
EndProject
Project("{9A19103F-16F7-4668-BE54-9A1E7A4F7556}") = "ConfigCenter.Environment.DependencyInjection", "ConfigCenter.Environment.DependencyInjection\ConfigCenter.Environment.DependencyInjection.csproj", "{A92F1C94-B54C-4068-8C4D-6C138BCF7C28}"
EndProject
Project("{9A19103F-16F7-4668-BE54-9A1E7A4F7556}") = "ConfigCenter.Environment.Domain", "ConfigCenter.Environment.Domain\ConfigCenter.Environment.Domain.csproj", "{37F65143-B51A-4BA8-9FA0-2B56F03C7821}"
EndProject
Project("{9A19103F-16F7-4668-BE54-9A1E7A4F7556}") = "ConfigCenter.Environment.PresentationModel", "ConfigCenter.Environment.PresentationModel\ConfigCenter.Environment.PresentationModel.csproj", "{2C018BB1-B15B-4271-83DB-8F1C56DE83C8}"
EndProject
Project("{9A19103F-16F7-4668-BE54-9A1E7A4F7556}") = "ConfigCenter.Environment.ServiceImpl", "ConfigCenter.Environment.ServiceImpl\ConfigCenter.Environment.ServiceImpl.csproj", "{475545E9-8B3C-4211-A138-97B638CBFDA4}"
EndProject
Project("{9A19103F-16F7-4668-BE54-9A1E7A4F7556}") = "ConfigCenter.Environment.Services", "ConfigCenter.Environment.Services\ConfigCenter.Environment.Services.csproj", "{FB09E4E4-66CB-47F6-B01A-CFEC01057315}"
EndProject
Project("{9A19103F-16F7-4668-BE54-9A1E7A4F7556}") = "ConfigCenter.Environment.SqliteEFRepository", "ConfigCenter.Environment.SqliteEFRepository\ConfigCenter.Environment.SqliteEFRepository.csproj", "{7650C24F-50A8-4056-9B7C-6696DB6297BC}"
EndProject
Project("{2150E333-8FDC-42A3-9474-1A3956D46DE8}") = "ConfigCenter", "ConfigCenter", "{400AB966-3D17-46F3-8763-08DAF0141E24}"
EndProject
Project("{9A19103F-16F7-4668-BE54-9A1E7A4F7556}") = "ConfigCenter.IntegrationEvents", "..\ConfigCenter\ConfigCenter.IntegrationEvents\ConfigCenter.IntegrationEvents.csproj", "{EE08CFF4-833B-4440-A86A-20A1F105981E}"
EndProject
Project("{FAE04EC0-301F-11D3-BF4B-00C04F79EFBC}") = "ConfigCenter.Environment.IntegrationEventHandlers", "ConfigCenter.Environment.IntegrationEventHandlers\ConfigCenter.Environment.IntegrationEventHandlers.csproj", "{5BDC5D1B-D2E4-4A21-BB71-CC0DE938FE83}"
EndProject
Project("{2150E333-8FDC-42A3-9474-1A3956D46DE8}") = "TFMS", "TFMS", "{63F62AB2-3A67-41AA-9271-DA935B601300}"
EndProject
Project("{9A19103F-16F7-4668-BE54-9A1E7A4F7556}") = "Materal.TFMS.EventBus", "..\..\..\Materal.TFMS\Materal.TFMS.EventBus\Materal.TFMS.EventBus.csproj", "{914A5697-2ADD-4262-8CA4-E7427B396D63}"
EndProject
Project("{9A19103F-16F7-4668-BE54-9A1E7A4F7556}") = "Materal.TFMS.EventBus.RabbitMQ", "..\..\..\Materal.TFMS\Materal.TFMS.EventBus.RabbitMQ\Materal.TFMS.EventBus.RabbitMQ.csproj", "{2A137FCA-7351-4D20-A530-88A6F7D3B1A9}"
EndProject
Project("{9A19103F-16F7-4668-BE54-9A1E7A4F7556}") = "Materal.APP.TFMS.Core", "..\Materal.APP\Materal.APP.TFMS.Core\Materal.APP.TFMS.Core.csproj", "{BB00A902-E420-4745-B7CD-5A74CDF3BB67}"
EndProject
Global
	GlobalSection(SolutionConfigurationPlatforms) = preSolution
		Debug|Any CPU = Debug|Any CPU
		Release|Any CPU = Release|Any CPU
	EndGlobalSection
	GlobalSection(ProjectConfigurationPlatforms) = postSolution
		{91F1260F-3B0C-433A-B283-B54D50505356}.Debug|Any CPU.ActiveCfg = Debug|Any CPU
		{91F1260F-3B0C-433A-B283-B54D50505356}.Debug|Any CPU.Build.0 = Debug|Any CPU
		{91F1260F-3B0C-433A-B283-B54D50505356}.Release|Any CPU.ActiveCfg = Release|Any CPU
		{91F1260F-3B0C-433A-B283-B54D50505356}.Release|Any CPU.Build.0 = Release|Any CPU
		{2B10EB5C-3148-4ADD-8FDB-0182AF45CF0D}.Debug|Any CPU.ActiveCfg = Debug|Any CPU
		{2B10EB5C-3148-4ADD-8FDB-0182AF45CF0D}.Debug|Any CPU.Build.0 = Debug|Any CPU
		{2B10EB5C-3148-4ADD-8FDB-0182AF45CF0D}.Release|Any CPU.ActiveCfg = Release|Any CPU
		{2B10EB5C-3148-4ADD-8FDB-0182AF45CF0D}.Release|Any CPU.Build.0 = Release|Any CPU
		{45444968-8EF1-46A2-A7B9-B35A775F891F}.Debug|Any CPU.ActiveCfg = Debug|Any CPU
		{45444968-8EF1-46A2-A7B9-B35A775F891F}.Debug|Any CPU.Build.0 = Debug|Any CPU
		{45444968-8EF1-46A2-A7B9-B35A775F891F}.Release|Any CPU.ActiveCfg = Release|Any CPU
		{45444968-8EF1-46A2-A7B9-B35A775F891F}.Release|Any CPU.Build.0 = Release|Any CPU
		{547C5B42-BD78-4884-A354-497949EB79D4}.Debug|Any CPU.ActiveCfg = Debug|Any CPU
		{547C5B42-BD78-4884-A354-497949EB79D4}.Debug|Any CPU.Build.0 = Debug|Any CPU
		{547C5B42-BD78-4884-A354-497949EB79D4}.Release|Any CPU.ActiveCfg = Release|Any CPU
		{547C5B42-BD78-4884-A354-497949EB79D4}.Release|Any CPU.Build.0 = Release|Any CPU
		{17784A54-E3AB-41FC-86AB-10D7926C27AA}.Debug|Any CPU.ActiveCfg = Debug|Any CPU
		{17784A54-E3AB-41FC-86AB-10D7926C27AA}.Debug|Any CPU.Build.0 = Debug|Any CPU
		{17784A54-E3AB-41FC-86AB-10D7926C27AA}.Release|Any CPU.ActiveCfg = Release|Any CPU
		{17784A54-E3AB-41FC-86AB-10D7926C27AA}.Release|Any CPU.Build.0 = Release|Any CPU
		{98EA30F0-3AC9-42B2-A7E5-49202A703A22}.Debug|Any CPU.ActiveCfg = Debug|Any CPU
		{98EA30F0-3AC9-42B2-A7E5-49202A703A22}.Debug|Any CPU.Build.0 = Debug|Any CPU
		{98EA30F0-3AC9-42B2-A7E5-49202A703A22}.Release|Any CPU.ActiveCfg = Release|Any CPU
		{98EA30F0-3AC9-42B2-A7E5-49202A703A22}.Release|Any CPU.Build.0 = Release|Any CPU
		{D386032E-EA1F-4BA2-907D-3FCAAC7B9D9F}.Debug|Any CPU.ActiveCfg = Debug|Any CPU
		{D386032E-EA1F-4BA2-907D-3FCAAC7B9D9F}.Debug|Any CPU.Build.0 = Debug|Any CPU
		{D386032E-EA1F-4BA2-907D-3FCAAC7B9D9F}.Release|Any CPU.ActiveCfg = Release|Any CPU
		{D386032E-EA1F-4BA2-907D-3FCAAC7B9D9F}.Release|Any CPU.Build.0 = Release|Any CPU
		{38A4AF05-553C-4EF2-8E99-F90AC345A1E1}.Debug|Any CPU.ActiveCfg = Debug|Any CPU
		{38A4AF05-553C-4EF2-8E99-F90AC345A1E1}.Debug|Any CPU.Build.0 = Debug|Any CPU
		{38A4AF05-553C-4EF2-8E99-F90AC345A1E1}.Release|Any CPU.ActiveCfg = Release|Any CPU
		{38A4AF05-553C-4EF2-8E99-F90AC345A1E1}.Release|Any CPU.Build.0 = Release|Any CPU
		{E40650A1-6359-4002-B09E-8D6B8F7DEE7F}.Debug|Any CPU.ActiveCfg = Debug|Any CPU
		{E40650A1-6359-4002-B09E-8D6B8F7DEE7F}.Debug|Any CPU.Build.0 = Debug|Any CPU
		{E40650A1-6359-4002-B09E-8D6B8F7DEE7F}.Release|Any CPU.ActiveCfg = Release|Any CPU
		{E40650A1-6359-4002-B09E-8D6B8F7DEE7F}.Release|Any CPU.Build.0 = Release|Any CPU
		{A92F1C94-B54C-4068-8C4D-6C138BCF7C28}.Debug|Any CPU.ActiveCfg = Debug|Any CPU
		{A92F1C94-B54C-4068-8C4D-6C138BCF7C28}.Debug|Any CPU.Build.0 = Debug|Any CPU
		{A92F1C94-B54C-4068-8C4D-6C138BCF7C28}.Release|Any CPU.ActiveCfg = Release|Any CPU
		{A92F1C94-B54C-4068-8C4D-6C138BCF7C28}.Release|Any CPU.Build.0 = Release|Any CPU
		{37F65143-B51A-4BA8-9FA0-2B56F03C7821}.Debug|Any CPU.ActiveCfg = Debug|Any CPU
		{37F65143-B51A-4BA8-9FA0-2B56F03C7821}.Debug|Any CPU.Build.0 = Debug|Any CPU
		{37F65143-B51A-4BA8-9FA0-2B56F03C7821}.Release|Any CPU.ActiveCfg = Release|Any CPU
		{37F65143-B51A-4BA8-9FA0-2B56F03C7821}.Release|Any CPU.Build.0 = Release|Any CPU
		{2C018BB1-B15B-4271-83DB-8F1C56DE83C8}.Debug|Any CPU.ActiveCfg = Debug|Any CPU
		{2C018BB1-B15B-4271-83DB-8F1C56DE83C8}.Debug|Any CPU.Build.0 = Debug|Any CPU
		{2C018BB1-B15B-4271-83DB-8F1C56DE83C8}.Release|Any CPU.ActiveCfg = Release|Any CPU
		{2C018BB1-B15B-4271-83DB-8F1C56DE83C8}.Release|Any CPU.Build.0 = Release|Any CPU
		{475545E9-8B3C-4211-A138-97B638CBFDA4}.Debug|Any CPU.ActiveCfg = Debug|Any CPU
		{475545E9-8B3C-4211-A138-97B638CBFDA4}.Debug|Any CPU.Build.0 = Debug|Any CPU
		{475545E9-8B3C-4211-A138-97B638CBFDA4}.Release|Any CPU.ActiveCfg = Release|Any CPU
		{475545E9-8B3C-4211-A138-97B638CBFDA4}.Release|Any CPU.Build.0 = Release|Any CPU
		{FB09E4E4-66CB-47F6-B01A-CFEC01057315}.Debug|Any CPU.ActiveCfg = Debug|Any CPU
		{FB09E4E4-66CB-47F6-B01A-CFEC01057315}.Debug|Any CPU.Build.0 = Debug|Any CPU
		{FB09E4E4-66CB-47F6-B01A-CFEC01057315}.Release|Any CPU.ActiveCfg = Release|Any CPU
		{FB09E4E4-66CB-47F6-B01A-CFEC01057315}.Release|Any CPU.Build.0 = Release|Any CPU
		{7650C24F-50A8-4056-9B7C-6696DB6297BC}.Debug|Any CPU.ActiveCfg = Debug|Any CPU
		{7650C24F-50A8-4056-9B7C-6696DB6297BC}.Debug|Any CPU.Build.0 = Debug|Any CPU
		{7650C24F-50A8-4056-9B7C-6696DB6297BC}.Release|Any CPU.ActiveCfg = Release|Any CPU
		{7650C24F-50A8-4056-9B7C-6696DB6297BC}.Release|Any CPU.Build.0 = Release|Any CPU
		{EE08CFF4-833B-4440-A86A-20A1F105981E}.Debug|Any CPU.ActiveCfg = Debug|Any CPU
		{EE08CFF4-833B-4440-A86A-20A1F105981E}.Debug|Any CPU.Build.0 = Debug|Any CPU
		{EE08CFF4-833B-4440-A86A-20A1F105981E}.Release|Any CPU.ActiveCfg = Release|Any CPU
		{EE08CFF4-833B-4440-A86A-20A1F105981E}.Release|Any CPU.Build.0 = Release|Any CPU
		{5BDC5D1B-D2E4-4A21-BB71-CC0DE938FE83}.Debug|Any CPU.ActiveCfg = Debug|Any CPU
		{5BDC5D1B-D2E4-4A21-BB71-CC0DE938FE83}.Debug|Any CPU.Build.0 = Debug|Any CPU
		{5BDC5D1B-D2E4-4A21-BB71-CC0DE938FE83}.Release|Any CPU.ActiveCfg = Release|Any CPU
		{5BDC5D1B-D2E4-4A21-BB71-CC0DE938FE83}.Release|Any CPU.Build.0 = Release|Any CPU
		{914A5697-2ADD-4262-8CA4-E7427B396D63}.Debug|Any CPU.ActiveCfg = Debug|Any CPU
		{914A5697-2ADD-4262-8CA4-E7427B396D63}.Debug|Any CPU.Build.0 = Debug|Any CPU
		{914A5697-2ADD-4262-8CA4-E7427B396D63}.Release|Any CPU.ActiveCfg = Release|Any CPU
		{914A5697-2ADD-4262-8CA4-E7427B396D63}.Release|Any CPU.Build.0 = Release|Any CPU
		{2A137FCA-7351-4D20-A530-88A6F7D3B1A9}.Debug|Any CPU.ActiveCfg = Debug|Any CPU
		{2A137FCA-7351-4D20-A530-88A6F7D3B1A9}.Debug|Any CPU.Build.0 = Debug|Any CPU
		{2A137FCA-7351-4D20-A530-88A6F7D3B1A9}.Release|Any CPU.ActiveCfg = Release|Any CPU
		{2A137FCA-7351-4D20-A530-88A6F7D3B1A9}.Release|Any CPU.Build.0 = Release|Any CPU
		{BB00A902-E420-4745-B7CD-5A74CDF3BB67}.Debug|Any CPU.ActiveCfg = Debug|Any CPU
		{BB00A902-E420-4745-B7CD-5A74CDF3BB67}.Debug|Any CPU.Build.0 = Debug|Any CPU
		{BB00A902-E420-4745-B7CD-5A74CDF3BB67}.Release|Any CPU.ActiveCfg = Release|Any CPU
		{BB00A902-E420-4745-B7CD-5A74CDF3BB67}.Release|Any CPU.Build.0 = Release|Any CPU
	EndGlobalSection
	GlobalSection(SolutionProperties) = preSolution
		HideSolutionNode = FALSE
	EndGlobalSection
	GlobalSection(NestedProjects) = preSolution
		{91F1260F-3B0C-433A-B283-B54D50505356} = {B1BAB0E1-4BF7-40A5-8B3B-58C34B4C77FA}
		{2B10EB5C-3148-4ADD-8FDB-0182AF45CF0D} = {B1BAB0E1-4BF7-40A5-8B3B-58C34B4C77FA}
		{45444968-8EF1-46A2-A7B9-B35A775F891F} = {B1BAB0E1-4BF7-40A5-8B3B-58C34B4C77FA}
		{547C5B42-BD78-4884-A354-497949EB79D4} = {EF1CED47-20C1-4E67-807E-3705612D0373}
		{17784A54-E3AB-41FC-86AB-10D7926C27AA} = {EF1CED47-20C1-4E67-807E-3705612D0373}
		{98EA30F0-3AC9-42B2-A7E5-49202A703A22} = {EF1CED47-20C1-4E67-807E-3705612D0373}
		{EE08CFF4-833B-4440-A86A-20A1F105981E} = {400AB966-3D17-46F3-8763-08DAF0141E24}
		{914A5697-2ADD-4262-8CA4-E7427B396D63} = {63F62AB2-3A67-41AA-9271-DA935B601300}
		{2A137FCA-7351-4D20-A530-88A6F7D3B1A9} = {63F62AB2-3A67-41AA-9271-DA935B601300}
		{BB00A902-E420-4745-B7CD-5A74CDF3BB67} = {EF1CED47-20C1-4E67-807E-3705612D0373}
	EndGlobalSection
	GlobalSection(ExtensibilityGlobals) = postSolution
		SolutionGuid = {E182F9E5-6178-4A49-9694-C4E5AA57D20B}
	EndGlobalSection
EndGlobal
