
Microsoft Visual Studio Solution File, Format Version 12.00
# Visual Studio 15
VisualStudioVersion = 15.0.28010.2048
MinimumVisualStudioVersion = 10.0.40219.1
Project("{FAE04EC0-301F-11D3-BF4B-00C04F79EFBC}") = "ParallelTest", "ParallelTest\ParallelTest.csproj", "{15E8673C-FE3F-4658-86B6-F123E131C5FA}"
EndProject
Global
	GlobalSection(SolutionConfigurationPlatforms) = preSolution
		Debug|Any CPU = Debug|Any CPU
		Release|Any CPU = Release|Any CPU
	EndGlobalSection
	GlobalSection(ProjectConfigurationPlatforms) = postSolution
		{15E8673C-FE3F-4658-86B6-F123E131C5FA}.Debug|Any CPU.ActiveCfg = Debug|Any CPU
		{15E8673C-FE3F-4658-86B6-F123E131C5FA}.Debug|Any CPU.Build.0 = Debug|Any CPU
		{15E8673C-FE3F-4658-86B6-F123E131C5FA}.Release|Any CPU.ActiveCfg = Release|Any CPU
		{15E8673C-FE3F-4658-86B6-F123E131C5FA}.Release|Any CPU.Build.0 = Release|Any CPU
	EndGlobalSection
	GlobalSection(SolutionProperties) = preSolution
		HideSolutionNode = FALSE
	EndGlobalSection
	GlobalSection(ExtensibilityGlobals) = postSolution
		SolutionGuid = {0E873FEB-2EC7-4C39-9009-31BB8BAF85B1}
	EndGlobalSection
EndGlobal
