
Microsoft Visual Studio Solution File, Format Version 12.00
# Visual Studio Version 17
VisualStudioVersion = 17.4.33110.190
MinimumVisualStudioVersion = 10.0.40219.1
Project("{9A19103F-16F7-4668-BE54-9A1E7A4F7556}") = "RC.Authority.WebAPI", "RC.Authority.WebAPI\RC.Authority.WebAPI.csproj", "{7C63A6F8-36BA-4C5B-B2DA-AF6C30F7B083}"
EndProject
Project("{9A19103F-16F7-4668-BE54-9A1E7A4F7556}") = "RC.Authority.Domain", "RC.Authority.Domain\RC.Authority.Domain.csproj", "{0AB19C9F-BBEC-4105-A72B-70D720D3BF08}"
EndProject
Project("{9A19103F-16F7-4668-BE54-9A1E7A4F7556}") = "RC.Authority.Common", "RC.Authority.Common\RC.Authority.Common.csproj", "{40F554EB-7F4D-44A0-8DA0-3B121D06C0CD}"
EndProject
Project("{9A19103F-16F7-4668-BE54-9A1E7A4F7556}") = "RC.Authority.EFRepository", "RC.Authority.EFRepository\RC.Authority.EFRepository.csproj", "{3A8A5291-DD08-44D5-9BA6-0B3D259A6477}"
EndProject
Project("{9A19103F-16F7-4668-BE54-9A1E7A4F7556}") = "RC.Authority.DataTransmitModel", "RC.Authority.DataTransmitModel\RC.Authority.DataTransmitModel.csproj", "{36B67ABE-424B-47B2-AEDE-7EFD6C5BB1D3}"
EndProject
Project("{9A19103F-16F7-4668-BE54-9A1E7A4F7556}") = "RC.Authority.Services", "RC.Authority.Services\RC.Authority.Services.csproj", "{1A78F79D-953E-42AD-8793-A93A467D045F}"
EndProject
Project("{9A19103F-16F7-4668-BE54-9A1E7A4F7556}") = "RC.Authority.ServiceImpl", "RC.Authority.ServiceImpl\RC.Authority.ServiceImpl.csproj", "{FAE9D054-6F62-480F-90E6-B61DF1414069}"
EndProject
Project("{9A19103F-16F7-4668-BE54-9A1E7A4F7556}") = "RC.Authority.PresentationModel", "RC.Authority.PresentationModel\RC.Authority.PresentationModel.csproj", "{06BF288A-96FB-49F8-9017-8687542FC8A3}"
EndProject
Project("{2150E333-8FDC-42A3-9474-1A3956D46DE8}") = "Core", "Core", "{1A4332B5-ABF7-4E67-8818-DB314498A7CF}"
EndProject
Project("{9A19103F-16F7-4668-BE54-9A1E7A4F7556}") = "RC.Core.WebAPI", "..\RC.Core\Src\RC.Core.WebAPI\RC.Core.WebAPI.csproj", "{B2C524F9-A925-407A-9CCC-ACFFB76FD0D5}"
EndProject
Project("{9A19103F-16F7-4668-BE54-9A1E7A4F7556}") = "RC.Core.Common", "..\RC.Core\Src\RC.Core.Common\RC.Core.Common.csproj", "{D8CA41D9-EAD1-4B9D-BB74-E84A96898BD3}"
EndProject
Project("{9A19103F-16F7-4668-BE54-9A1E7A4F7556}") = "RC.Core.EFRepository", "..\RC.Core\Src\RC.Core.EFRepository\RC.Core.EFRepository.csproj", "{D8022BEA-362A-4766-9406-8367BB08596C}"
EndProject
Project("{9A19103F-16F7-4668-BE54-9A1E7A4F7556}") = "RC.Core.HttpClient", "..\RC.Core\Src\RC.Core.HttpClient\RC.Core.HttpClient.csproj", "{B4F8B7EA-3B58-40FC-B3B5-1BFBF764F357}"
EndProject
Project("{9A19103F-16F7-4668-BE54-9A1E7A4F7556}") = "RC.Authority.HttpClient", "RC.Authority.HttpClient\RC.Authority.HttpClient.csproj", "{F575B75F-7DC8-45B1-8F04-4FD1D988A3B3}"
EndProject
Project("{9A19103F-16F7-4668-BE54-9A1E7A4F7556}") = "RC.Core.CodeGenerator", "..\RC.Core\Src\RC.Core.CodeGenerator\RC.Core.CodeGenerator.csproj", "{806BD23E-6CE4-4EB4-BB43-DF047225AD5D}"
EndProject
Project("{9A19103F-16F7-4668-BE54-9A1E7A4F7556}") = "RC.Core.Domain", "..\RC.Core\Src\RC.Core.Domain\RC.Core.Domain.csproj", "{1F698461-3081-4FA2-98B7-B4E9FD1DF833}"
EndProject
Global
	GlobalSection(SolutionConfigurationPlatforms) = preSolution
		Debug|Any CPU = Debug|Any CPU
		Release|Any CPU = Release|Any CPU
	EndGlobalSection
	GlobalSection(ProjectConfigurationPlatforms) = postSolution
		{7C63A6F8-36BA-4C5B-B2DA-AF6C30F7B083}.Debug|Any CPU.ActiveCfg = Debug|Any CPU
		{7C63A6F8-36BA-4C5B-B2DA-AF6C30F7B083}.Debug|Any CPU.Build.0 = Debug|Any CPU
		{7C63A6F8-36BA-4C5B-B2DA-AF6C30F7B083}.Release|Any CPU.ActiveCfg = Release|Any CPU
		{7C63A6F8-36BA-4C5B-B2DA-AF6C30F7B083}.Release|Any CPU.Build.0 = Release|Any CPU
		{0AB19C9F-BBEC-4105-A72B-70D720D3BF08}.Debug|Any CPU.ActiveCfg = Debug|Any CPU
		{0AB19C9F-BBEC-4105-A72B-70D720D3BF08}.Debug|Any CPU.Build.0 = Debug|Any CPU
		{0AB19C9F-BBEC-4105-A72B-70D720D3BF08}.Release|Any CPU.ActiveCfg = Release|Any CPU
		{0AB19C9F-BBEC-4105-A72B-70D720D3BF08}.Release|Any CPU.Build.0 = Release|Any CPU
		{40F554EB-7F4D-44A0-8DA0-3B121D06C0CD}.Debug|Any CPU.ActiveCfg = Debug|Any CPU
		{40F554EB-7F4D-44A0-8DA0-3B121D06C0CD}.Debug|Any CPU.Build.0 = Debug|Any CPU
		{40F554EB-7F4D-44A0-8DA0-3B121D06C0CD}.Release|Any CPU.ActiveCfg = Release|Any CPU
		{40F554EB-7F4D-44A0-8DA0-3B121D06C0CD}.Release|Any CPU.Build.0 = Release|Any CPU
		{3A8A5291-DD08-44D5-9BA6-0B3D259A6477}.Debug|Any CPU.ActiveCfg = Debug|Any CPU
		{3A8A5291-DD08-44D5-9BA6-0B3D259A6477}.Debug|Any CPU.Build.0 = Debug|Any CPU
		{3A8A5291-DD08-44D5-9BA6-0B3D259A6477}.Release|Any CPU.ActiveCfg = Release|Any CPU
		{3A8A5291-DD08-44D5-9BA6-0B3D259A6477}.Release|Any CPU.Build.0 = Release|Any CPU
		{36B67ABE-424B-47B2-AEDE-7EFD6C5BB1D3}.Debug|Any CPU.ActiveCfg = Debug|Any CPU
		{36B67ABE-424B-47B2-AEDE-7EFD6C5BB1D3}.Debug|Any CPU.Build.0 = Debug|Any CPU
		{36B67ABE-424B-47B2-AEDE-7EFD6C5BB1D3}.Release|Any CPU.ActiveCfg = Release|Any CPU
		{36B67ABE-424B-47B2-AEDE-7EFD6C5BB1D3}.Release|Any CPU.Build.0 = Release|Any CPU
		{1A78F79D-953E-42AD-8793-A93A467D045F}.Debug|Any CPU.ActiveCfg = Debug|Any CPU
		{1A78F79D-953E-42AD-8793-A93A467D045F}.Debug|Any CPU.Build.0 = Debug|Any CPU
		{1A78F79D-953E-42AD-8793-A93A467D045F}.Release|Any CPU.ActiveCfg = Release|Any CPU
		{1A78F79D-953E-42AD-8793-A93A467D045F}.Release|Any CPU.Build.0 = Release|Any CPU
		{FAE9D054-6F62-480F-90E6-B61DF1414069}.Debug|Any CPU.ActiveCfg = Debug|Any CPU
		{FAE9D054-6F62-480F-90E6-B61DF1414069}.Debug|Any CPU.Build.0 = Debug|Any CPU
		{FAE9D054-6F62-480F-90E6-B61DF1414069}.Release|Any CPU.ActiveCfg = Release|Any CPU
		{FAE9D054-6F62-480F-90E6-B61DF1414069}.Release|Any CPU.Build.0 = Release|Any CPU
		{06BF288A-96FB-49F8-9017-8687542FC8A3}.Debug|Any CPU.ActiveCfg = Debug|Any CPU
		{06BF288A-96FB-49F8-9017-8687542FC8A3}.Debug|Any CPU.Build.0 = Debug|Any CPU
		{06BF288A-96FB-49F8-9017-8687542FC8A3}.Release|Any CPU.ActiveCfg = Release|Any CPU
		{06BF288A-96FB-49F8-9017-8687542FC8A3}.Release|Any CPU.Build.0 = Release|Any CPU
		{B2C524F9-A925-407A-9CCC-ACFFB76FD0D5}.Debug|Any CPU.ActiveCfg = Debug|Any CPU
		{B2C524F9-A925-407A-9CCC-ACFFB76FD0D5}.Debug|Any CPU.Build.0 = Debug|Any CPU
		{B2C524F9-A925-407A-9CCC-ACFFB76FD0D5}.Release|Any CPU.ActiveCfg = Release|Any CPU
		{B2C524F9-A925-407A-9CCC-ACFFB76FD0D5}.Release|Any CPU.Build.0 = Release|Any CPU
		{D8CA41D9-EAD1-4B9D-BB74-E84A96898BD3}.Debug|Any CPU.ActiveCfg = Debug|Any CPU
		{D8CA41D9-EAD1-4B9D-BB74-E84A96898BD3}.Debug|Any CPU.Build.0 = Debug|Any CPU
		{D8CA41D9-EAD1-4B9D-BB74-E84A96898BD3}.Release|Any CPU.ActiveCfg = Release|Any CPU
		{D8CA41D9-EAD1-4B9D-BB74-E84A96898BD3}.Release|Any CPU.Build.0 = Release|Any CPU
		{D8022BEA-362A-4766-9406-8367BB08596C}.Debug|Any CPU.ActiveCfg = Debug|Any CPU
		{D8022BEA-362A-4766-9406-8367BB08596C}.Debug|Any CPU.Build.0 = Debug|Any CPU
		{D8022BEA-362A-4766-9406-8367BB08596C}.Release|Any CPU.ActiveCfg = Release|Any CPU
		{D8022BEA-362A-4766-9406-8367BB08596C}.Release|Any CPU.Build.0 = Release|Any CPU
		{B4F8B7EA-3B58-40FC-B3B5-1BFBF764F357}.Debug|Any CPU.ActiveCfg = Debug|Any CPU
		{B4F8B7EA-3B58-40FC-B3B5-1BFBF764F357}.Debug|Any CPU.Build.0 = Debug|Any CPU
		{B4F8B7EA-3B58-40FC-B3B5-1BFBF764F357}.Release|Any CPU.ActiveCfg = Release|Any CPU
		{B4F8B7EA-3B58-40FC-B3B5-1BFBF764F357}.Release|Any CPU.Build.0 = Release|Any CPU
		{F575B75F-7DC8-45B1-8F04-4FD1D988A3B3}.Debug|Any CPU.ActiveCfg = Debug|Any CPU
		{F575B75F-7DC8-45B1-8F04-4FD1D988A3B3}.Debug|Any CPU.Build.0 = Debug|Any CPU
		{F575B75F-7DC8-45B1-8F04-4FD1D988A3B3}.Release|Any CPU.ActiveCfg = Release|Any CPU
		{F575B75F-7DC8-45B1-8F04-4FD1D988A3B3}.Release|Any CPU.Build.0 = Release|Any CPU
		{806BD23E-6CE4-4EB4-BB43-DF047225AD5D}.Debug|Any CPU.ActiveCfg = Debug|Any CPU
		{806BD23E-6CE4-4EB4-BB43-DF047225AD5D}.Debug|Any CPU.Build.0 = Debug|Any CPU
		{806BD23E-6CE4-4EB4-BB43-DF047225AD5D}.Release|Any CPU.ActiveCfg = Release|Any CPU
		{806BD23E-6CE4-4EB4-BB43-DF047225AD5D}.Release|Any CPU.Build.0 = Release|Any CPU
		{1F698461-3081-4FA2-98B7-B4E9FD1DF833}.Debug|Any CPU.ActiveCfg = Debug|Any CPU
		{1F698461-3081-4FA2-98B7-B4E9FD1DF833}.Debug|Any CPU.Build.0 = Debug|Any CPU
		{1F698461-3081-4FA2-98B7-B4E9FD1DF833}.Release|Any CPU.ActiveCfg = Release|Any CPU
		{1F698461-3081-4FA2-98B7-B4E9FD1DF833}.Release|Any CPU.Build.0 = Release|Any CPU
	EndGlobalSection
	GlobalSection(SolutionProperties) = preSolution
		HideSolutionNode = FALSE
	EndGlobalSection
	GlobalSection(NestedProjects) = preSolution
		{B2C524F9-A925-407A-9CCC-ACFFB76FD0D5} = {1A4332B5-ABF7-4E67-8818-DB314498A7CF}
		{D8CA41D9-EAD1-4B9D-BB74-E84A96898BD3} = {1A4332B5-ABF7-4E67-8818-DB314498A7CF}
		{D8022BEA-362A-4766-9406-8367BB08596C} = {1A4332B5-ABF7-4E67-8818-DB314498A7CF}
		{B4F8B7EA-3B58-40FC-B3B5-1BFBF764F357} = {1A4332B5-ABF7-4E67-8818-DB314498A7CF}
		{806BD23E-6CE4-4EB4-BB43-DF047225AD5D} = {1A4332B5-ABF7-4E67-8818-DB314498A7CF}
		{1F698461-3081-4FA2-98B7-B4E9FD1DF833} = {1A4332B5-ABF7-4E67-8818-DB314498A7CF}
	EndGlobalSection
	GlobalSection(ExtensibilityGlobals) = postSolution
		SolutionGuid = {AE192B2F-A079-4851-AC9F-167C48C52640}
	EndGlobalSection
EndGlobal
