
Microsoft Visual Studio Solution File, Format Version 12.00
# Visual Studio Version 17
VisualStudioVersion = 17.0.31903.59
MinimumVisualStudioVersion = 10.0.40219.1
Project("{2150E333-8FDC-42A3-9474-1A3956D46DE8}") = "Src", "Src", "{94FA1E62-851C-4248-BCEF-571C481FC598}"
EndProject
Project("{2150E333-8FDC-42A3-9474-1A3956D46DE8}") = "Test", "Test", "{AAEB8EAF-4463-4C4B-B0AC-E64B2B5FEB6B}"
EndProject
Project("{9A19103F-16F7-4668-BE54-9A1E7A4F7556}") = "Materal.MergeBlock.WebAPITest", "Test\Materal.MergeBlock.WebAPITest\Materal.MergeBlock.WebAPITest.csproj", "{CD14A475-EC0A-4CE0-BF35-83FBC7DA5FEF}"
EndProject
Project("{9A19103F-16F7-4668-BE54-9A1E7A4F7556}") = "Materal.MergeBlock", "Src\Materal.MergeBlock\Materal.MergeBlock.csproj", "{81FB3A89-2568-4F47-ADAB-9E7019C1342D}"
EndProject
Project("{9A19103F-16F7-4668-BE54-9A1E7A4F7556}") = "Materal.MergeBlock.Abstractions", "Src\Materal.MergeBlock.Abstractions\Materal.MergeBlock.Abstractions.csproj", "{86D8F19E-C070-4D95-8113-38F9259985B3}"
EndProject
Project("{9A19103F-16F7-4668-BE54-9A1E7A4F7556}") = "Materal.MergeBlock.HelloWorldTest", "Test\Materal.MergeBlock.HelloWorldTest\Materal.MergeBlock.HelloWorldTest.csproj", "{F09ABD75-30F3-4053-BCEC-7E72D5F1AF64}"
EndProject
Project("{2150E333-8FDC-42A3-9474-1A3956D46DE8}") = "Modules", "Modules", "{679FA2B4-82C9-4274-9906-00CB64404619}"
EndProject
Project("{9A19103F-16F7-4668-BE54-9A1E7A4F7556}") = "Materal.MergeBlock.ConsoleTest", "Test\Materal.MergeBlock.ConsoleTest\Materal.MergeBlock.ConsoleTest.csproj", "{342E611C-2CC5-47DB-85CF-CADCA92F8BB5}"
EndProject
Project("{9A19103F-16F7-4668-BE54-9A1E7A4F7556}") = "Materal.MergeBlock.NormalTest", "Test\Materal.MergeBlock.NormalTest\Materal.MergeBlock.NormalTest.csproj", "{EAE8628B-4DF7-4A54-8B3F-C892EB853F6B}"
EndProject
Project("{9A19103F-16F7-4668-BE54-9A1E7A4F7556}") = "Materal.MergeBlock.Logger", "Modules\Materal.MergeBlock.Logger\Materal.MergeBlock.Logger.csproj", "{B8EEB74C-DC60-40A9-B525-F49D3078501D}"
EndProject
Project("{2150E333-8FDC-42A3-9474-1A3956D46DE8}") = "ModuleTest", "ModuleTest", "{2354F88E-E154-469D-B3A8-F9B9CA8ED874}"
EndProject
Project("{9A19103F-16F7-4668-BE54-9A1E7A4F7556}") = "Materal.MergeBlock.LoggerTest", "Test\Materal.MergeBlock.LoggerTest\Materal.MergeBlock.LoggerTest.csproj", "{885F33AA-2EB5-4905-BCE5-9E834FC3989E}"
EndProject
Project("{2150E333-8FDC-42A3-9474-1A3956D46DE8}") = "Other", "Other", "{2B428A72-D6D4-4C0E-B620-82D2329AA132}"
EndProject
Project("{9A19103F-16F7-4668-BE54-9A1E7A4F7556}") = "Materal.MergeBlock.Application", "Src\Materal.MergeBlock.Application\Materal.MergeBlock.Application.csproj", "{EC495F83-DD1D-4C9B-A0F5-EE1F17648C14}"
EndProject
Project("{9A19103F-16F7-4668-BE54-9A1E7A4F7556}") = "Materal.MergeBlock.Repository", "Src\Materal.MergeBlock.Repository\Materal.MergeBlock.Repository.csproj", "{252C69E8-5F98-47C1-8E2A-41BD2BB7921F}"
EndProject
Project("{2150E333-8FDC-42A3-9474-1A3956D46DE8}") = "MMB", "MMB", "{BD6F8DDD-46C8-4B88-8CB5-4D3C865FFA97}"
EndProject
Project("{2150E333-8FDC-42A3-9474-1A3956D46DE8}") = "Core", "Core", "{32F12BF7-4DDD-4400-8D60-F6D0FB49061B}"
EndProject
Project("{9A19103F-16F7-4668-BE54-9A1E7A4F7556}") = "MMB.Core.Abstractions", "MMB\Core\MMB.Core.Abstractions\MMB.Core.Abstractions.csproj", "{9E6230BF-CACF-4081-BF5A-107259CCC02F}"
EndProject
Project("{9A19103F-16F7-4668-BE54-9A1E7A4F7556}") = "MMB.Core.Application", "MMB\Core\MMB.Core.Application\MMB.Core.Application.csproj", "{CAC1D353-6030-433B-8A9B-19E912F8B539}"
EndProject
Project("{9A19103F-16F7-4668-BE54-9A1E7A4F7556}") = "MMB.Core.Repository", "MMB\Core\MMB.Core.Repository\MMB.Core.Repository.csproj", "{9B6D882B-A31A-44CF-9366-4A9912279745}"
EndProject
Project("{2150E333-8FDC-42A3-9474-1A3956D46DE8}") = "Demo", "Demo", "{C1194D8E-B1DA-40F6-866F-C7B2ABD87A38}"
EndProject
Project("{9A19103F-16F7-4668-BE54-9A1E7A4F7556}") = "MMB.Demo.WebAPI", "MMB\Demo\MMB.Demo.WebAPI\MMB.Demo.WebAPI.csproj", "{F6474947-2D2D-4391-A725-3EF7385A7737}"
EndProject
Project("{9A19103F-16F7-4668-BE54-9A1E7A4F7556}") = "MMB.Demo.Application", "MMB\Demo\MMB.Demo.Application\MMB.Demo.Application.csproj", "{C64663AD-874D-496A-850A-109D0C15B018}"
EndProject
Project("{9A19103F-16F7-4668-BE54-9A1E7A4F7556}") = "MMB.Demo.Abstractions", "MMB\Demo\MMB.Demo.Abstractions\MMB.Demo.Abstractions.csproj", "{B9ACA110-B1B8-4079-B232-54569CFBD432}"
EndProject
Project("{9A19103F-16F7-4668-BE54-9A1E7A4F7556}") = "MMB.Demo.Repository", "MMB\Demo\MMB.Demo.Repository\MMB.Demo.Repository.csproj", "{A2CA42E6-7010-4064-95E2-6BAA0BC9E303}"
EndProject
Project("{FAE04EC0-301F-11D3-BF4B-00C04F79EFBC}") = "MMB.Demo.App", "MMB\Demo\MMB.Demo.App\MMB.Demo.App.csproj", "{DEC9B5BA-E703-48EE-9836-3D2A3FD95452}"
EndProject
Project("{FAE04EC0-301F-11D3-BF4B-00C04F79EFBC}") = "MMB.Demo.App.Normal", "MMB\Demo\MMB.Demo.App.Normal\MMB.Demo.App.Normal.csproj", "{A221C106-A1DD-49C7-891C-B362244DBA3B}"
EndProject
Project("{9A19103F-16F7-4668-BE54-9A1E7A4F7556}") = "Materal.MergeBlock.Swagger", "Modules\Materal.MergeBlock.Swagger\Materal.MergeBlock.Swagger.csproj", "{0E7AEDC1-17E4-45BC-9EDE-B7FB9F33A3AA}"
EndProject
Project("{FAE04EC0-301F-11D3-BF4B-00C04F79EFBC}") = "Materal.MergeBlock.SwaggerTest", "Test\Materal.MergeBlock.SwaggerTest\Materal.MergeBlock.SwaggerTest.csproj", "{B393F5CD-F83B-430A-9FE0-C86EA546082D}"
EndProject
Project("{FAE04EC0-301F-11D3-BF4B-00C04F79EFBC}") = "Materal.MergeBlock.GeneratorCode", "Src\Materal.MergeBlock.GeneratorCode\Materal.MergeBlock.GeneratorCode.csproj", "{E2203BE0-5EF7-412F-AA28-4096523332DB}"
EndProject
Global
	GlobalSection(SolutionConfigurationPlatforms) = preSolution
		Debug|Any CPU = Debug|Any CPU
		Release|Any CPU = Release|Any CPU
	EndGlobalSection
	GlobalSection(ProjectConfigurationPlatforms) = postSolution
		{CD14A475-EC0A-4CE0-BF35-83FBC7DA5FEF}.Debug|Any CPU.ActiveCfg = Debug|Any CPU
		{CD14A475-EC0A-4CE0-BF35-83FBC7DA5FEF}.Debug|Any CPU.Build.0 = Debug|Any CPU
		{CD14A475-EC0A-4CE0-BF35-83FBC7DA5FEF}.Release|Any CPU.ActiveCfg = Release|Any CPU
		{CD14A475-EC0A-4CE0-BF35-83FBC7DA5FEF}.Release|Any CPU.Build.0 = Release|Any CPU
		{81FB3A89-2568-4F47-ADAB-9E7019C1342D}.Debug|Any CPU.ActiveCfg = Debug|Any CPU
		{81FB3A89-2568-4F47-ADAB-9E7019C1342D}.Debug|Any CPU.Build.0 = Debug|Any CPU
		{81FB3A89-2568-4F47-ADAB-9E7019C1342D}.Release|Any CPU.ActiveCfg = Release|Any CPU
		{81FB3A89-2568-4F47-ADAB-9E7019C1342D}.Release|Any CPU.Build.0 = Release|Any CPU
		{86D8F19E-C070-4D95-8113-38F9259985B3}.Debug|Any CPU.ActiveCfg = Debug|Any CPU
		{86D8F19E-C070-4D95-8113-38F9259985B3}.Debug|Any CPU.Build.0 = Debug|Any CPU
		{86D8F19E-C070-4D95-8113-38F9259985B3}.Release|Any CPU.ActiveCfg = Release|Any CPU
		{86D8F19E-C070-4D95-8113-38F9259985B3}.Release|Any CPU.Build.0 = Release|Any CPU
		{F09ABD75-30F3-4053-BCEC-7E72D5F1AF64}.Debug|Any CPU.ActiveCfg = Debug|Any CPU
		{F09ABD75-30F3-4053-BCEC-7E72D5F1AF64}.Debug|Any CPU.Build.0 = Debug|Any CPU
		{F09ABD75-30F3-4053-BCEC-7E72D5F1AF64}.Release|Any CPU.ActiveCfg = Release|Any CPU
		{F09ABD75-30F3-4053-BCEC-7E72D5F1AF64}.Release|Any CPU.Build.0 = Release|Any CPU
		{342E611C-2CC5-47DB-85CF-CADCA92F8BB5}.Debug|Any CPU.ActiveCfg = Debug|Any CPU
		{342E611C-2CC5-47DB-85CF-CADCA92F8BB5}.Debug|Any CPU.Build.0 = Debug|Any CPU
		{342E611C-2CC5-47DB-85CF-CADCA92F8BB5}.Release|Any CPU.ActiveCfg = Release|Any CPU
		{342E611C-2CC5-47DB-85CF-CADCA92F8BB5}.Release|Any CPU.Build.0 = Release|Any CPU
		{EAE8628B-4DF7-4A54-8B3F-C892EB853F6B}.Debug|Any CPU.ActiveCfg = Debug|Any CPU
		{EAE8628B-4DF7-4A54-8B3F-C892EB853F6B}.Debug|Any CPU.Build.0 = Debug|Any CPU
		{EAE8628B-4DF7-4A54-8B3F-C892EB853F6B}.Release|Any CPU.ActiveCfg = Release|Any CPU
		{EAE8628B-4DF7-4A54-8B3F-C892EB853F6B}.Release|Any CPU.Build.0 = Release|Any CPU
		{B8EEB74C-DC60-40A9-B525-F49D3078501D}.Debug|Any CPU.ActiveCfg = Debug|Any CPU
		{B8EEB74C-DC60-40A9-B525-F49D3078501D}.Debug|Any CPU.Build.0 = Debug|Any CPU
		{B8EEB74C-DC60-40A9-B525-F49D3078501D}.Release|Any CPU.ActiveCfg = Release|Any CPU
		{B8EEB74C-DC60-40A9-B525-F49D3078501D}.Release|Any CPU.Build.0 = Release|Any CPU
		{885F33AA-2EB5-4905-BCE5-9E834FC3989E}.Debug|Any CPU.ActiveCfg = Debug|Any CPU
		{885F33AA-2EB5-4905-BCE5-9E834FC3989E}.Debug|Any CPU.Build.0 = Debug|Any CPU
		{885F33AA-2EB5-4905-BCE5-9E834FC3989E}.Release|Any CPU.ActiveCfg = Release|Any CPU
		{885F33AA-2EB5-4905-BCE5-9E834FC3989E}.Release|Any CPU.Build.0 = Release|Any CPU
		{EC495F83-DD1D-4C9B-A0F5-EE1F17648C14}.Debug|Any CPU.ActiveCfg = Debug|Any CPU
		{EC495F83-DD1D-4C9B-A0F5-EE1F17648C14}.Debug|Any CPU.Build.0 = Debug|Any CPU
		{EC495F83-DD1D-4C9B-A0F5-EE1F17648C14}.Release|Any CPU.ActiveCfg = Release|Any CPU
		{EC495F83-DD1D-4C9B-A0F5-EE1F17648C14}.Release|Any CPU.Build.0 = Release|Any CPU
		{252C69E8-5F98-47C1-8E2A-41BD2BB7921F}.Debug|Any CPU.ActiveCfg = Debug|Any CPU
		{252C69E8-5F98-47C1-8E2A-41BD2BB7921F}.Debug|Any CPU.Build.0 = Debug|Any CPU
		{252C69E8-5F98-47C1-8E2A-41BD2BB7921F}.Release|Any CPU.ActiveCfg = Release|Any CPU
		{252C69E8-5F98-47C1-8E2A-41BD2BB7921F}.Release|Any CPU.Build.0 = Release|Any CPU
		{9E6230BF-CACF-4081-BF5A-107259CCC02F}.Debug|Any CPU.ActiveCfg = Debug|Any CPU
		{9E6230BF-CACF-4081-BF5A-107259CCC02F}.Debug|Any CPU.Build.0 = Debug|Any CPU
		{9E6230BF-CACF-4081-BF5A-107259CCC02F}.Release|Any CPU.ActiveCfg = Release|Any CPU
		{9E6230BF-CACF-4081-BF5A-107259CCC02F}.Release|Any CPU.Build.0 = Release|Any CPU
		{CAC1D353-6030-433B-8A9B-19E912F8B539}.Debug|Any CPU.ActiveCfg = Debug|Any CPU
		{CAC1D353-6030-433B-8A9B-19E912F8B539}.Debug|Any CPU.Build.0 = Debug|Any CPU
		{CAC1D353-6030-433B-8A9B-19E912F8B539}.Release|Any CPU.ActiveCfg = Release|Any CPU
		{CAC1D353-6030-433B-8A9B-19E912F8B539}.Release|Any CPU.Build.0 = Release|Any CPU
		{9B6D882B-A31A-44CF-9366-4A9912279745}.Debug|Any CPU.ActiveCfg = Debug|Any CPU
		{9B6D882B-A31A-44CF-9366-4A9912279745}.Debug|Any CPU.Build.0 = Debug|Any CPU
		{9B6D882B-A31A-44CF-9366-4A9912279745}.Release|Any CPU.ActiveCfg = Release|Any CPU
		{9B6D882B-A31A-44CF-9366-4A9912279745}.Release|Any CPU.Build.0 = Release|Any CPU
		{F6474947-2D2D-4391-A725-3EF7385A7737}.Debug|Any CPU.ActiveCfg = Debug|Any CPU
		{F6474947-2D2D-4391-A725-3EF7385A7737}.Debug|Any CPU.Build.0 = Debug|Any CPU
		{F6474947-2D2D-4391-A725-3EF7385A7737}.Release|Any CPU.ActiveCfg = Release|Any CPU
		{F6474947-2D2D-4391-A725-3EF7385A7737}.Release|Any CPU.Build.0 = Release|Any CPU
		{C64663AD-874D-496A-850A-109D0C15B018}.Debug|Any CPU.ActiveCfg = Debug|Any CPU
		{C64663AD-874D-496A-850A-109D0C15B018}.Debug|Any CPU.Build.0 = Debug|Any CPU
		{C64663AD-874D-496A-850A-109D0C15B018}.Release|Any CPU.ActiveCfg = Release|Any CPU
		{C64663AD-874D-496A-850A-109D0C15B018}.Release|Any CPU.Build.0 = Release|Any CPU
		{B9ACA110-B1B8-4079-B232-54569CFBD432}.Debug|Any CPU.ActiveCfg = Debug|Any CPU
		{B9ACA110-B1B8-4079-B232-54569CFBD432}.Debug|Any CPU.Build.0 = Debug|Any CPU
		{B9ACA110-B1B8-4079-B232-54569CFBD432}.Release|Any CPU.ActiveCfg = Release|Any CPU
		{B9ACA110-B1B8-4079-B232-54569CFBD432}.Release|Any CPU.Build.0 = Release|Any CPU
		{A2CA42E6-7010-4064-95E2-6BAA0BC9E303}.Debug|Any CPU.ActiveCfg = Debug|Any CPU
		{A2CA42E6-7010-4064-95E2-6BAA0BC9E303}.Debug|Any CPU.Build.0 = Debug|Any CPU
		{A2CA42E6-7010-4064-95E2-6BAA0BC9E303}.Release|Any CPU.ActiveCfg = Release|Any CPU
		{A2CA42E6-7010-4064-95E2-6BAA0BC9E303}.Release|Any CPU.Build.0 = Release|Any CPU
		{DEC9B5BA-E703-48EE-9836-3D2A3FD95452}.Debug|Any CPU.ActiveCfg = Debug|Any CPU
		{DEC9B5BA-E703-48EE-9836-3D2A3FD95452}.Debug|Any CPU.Build.0 = Debug|Any CPU
		{DEC9B5BA-E703-48EE-9836-3D2A3FD95452}.Release|Any CPU.ActiveCfg = Release|Any CPU
		{DEC9B5BA-E703-48EE-9836-3D2A3FD95452}.Release|Any CPU.Build.0 = Release|Any CPU
		{A221C106-A1DD-49C7-891C-B362244DBA3B}.Debug|Any CPU.ActiveCfg = Debug|Any CPU
		{A221C106-A1DD-49C7-891C-B362244DBA3B}.Debug|Any CPU.Build.0 = Debug|Any CPU
		{A221C106-A1DD-49C7-891C-B362244DBA3B}.Release|Any CPU.ActiveCfg = Release|Any CPU
		{A221C106-A1DD-49C7-891C-B362244DBA3B}.Release|Any CPU.Build.0 = Release|Any CPU
		{0E7AEDC1-17E4-45BC-9EDE-B7FB9F33A3AA}.Debug|Any CPU.ActiveCfg = Debug|Any CPU
		{0E7AEDC1-17E4-45BC-9EDE-B7FB9F33A3AA}.Debug|Any CPU.Build.0 = Debug|Any CPU
		{0E7AEDC1-17E4-45BC-9EDE-B7FB9F33A3AA}.Release|Any CPU.ActiveCfg = Release|Any CPU
		{0E7AEDC1-17E4-45BC-9EDE-B7FB9F33A3AA}.Release|Any CPU.Build.0 = Release|Any CPU
		{B393F5CD-F83B-430A-9FE0-C86EA546082D}.Debug|Any CPU.ActiveCfg = Debug|Any CPU
		{B393F5CD-F83B-430A-9FE0-C86EA546082D}.Debug|Any CPU.Build.0 = Debug|Any CPU
		{B393F5CD-F83B-430A-9FE0-C86EA546082D}.Release|Any CPU.ActiveCfg = Release|Any CPU
		{B393F5CD-F83B-430A-9FE0-C86EA546082D}.Release|Any CPU.Build.0 = Release|Any CPU
		{E2203BE0-5EF7-412F-AA28-4096523332DB}.Debug|Any CPU.ActiveCfg = Debug|Any CPU
		{E2203BE0-5EF7-412F-AA28-4096523332DB}.Debug|Any CPU.Build.0 = Debug|Any CPU
		{E2203BE0-5EF7-412F-AA28-4096523332DB}.Release|Any CPU.ActiveCfg = Release|Any CPU
		{E2203BE0-5EF7-412F-AA28-4096523332DB}.Release|Any CPU.Build.0 = Release|Any CPU
	EndGlobalSection
	GlobalSection(SolutionProperties) = preSolution
		HideSolutionNode = FALSE
	EndGlobalSection
	GlobalSection(NestedProjects) = preSolution
		{CD14A475-EC0A-4CE0-BF35-83FBC7DA5FEF} = {AAEB8EAF-4463-4C4B-B0AC-E64B2B5FEB6B}
		{81FB3A89-2568-4F47-ADAB-9E7019C1342D} = {94FA1E62-851C-4248-BCEF-571C481FC598}
		{86D8F19E-C070-4D95-8113-38F9259985B3} = {94FA1E62-851C-4248-BCEF-571C481FC598}
		{F09ABD75-30F3-4053-BCEC-7E72D5F1AF64} = {2B428A72-D6D4-4C0E-B620-82D2329AA132}
		{342E611C-2CC5-47DB-85CF-CADCA92F8BB5} = {AAEB8EAF-4463-4C4B-B0AC-E64B2B5FEB6B}
		{EAE8628B-4DF7-4A54-8B3F-C892EB853F6B} = {AAEB8EAF-4463-4C4B-B0AC-E64B2B5FEB6B}
		{B8EEB74C-DC60-40A9-B525-F49D3078501D} = {679FA2B4-82C9-4274-9906-00CB64404619}
		{2354F88E-E154-469D-B3A8-F9B9CA8ED874} = {AAEB8EAF-4463-4C4B-B0AC-E64B2B5FEB6B}
		{885F33AA-2EB5-4905-BCE5-9E834FC3989E} = {2354F88E-E154-469D-B3A8-F9B9CA8ED874}
		{2B428A72-D6D4-4C0E-B620-82D2329AA132} = {AAEB8EAF-4463-4C4B-B0AC-E64B2B5FEB6B}
		{EC495F83-DD1D-4C9B-A0F5-EE1F17648C14} = {94FA1E62-851C-4248-BCEF-571C481FC598}
		{252C69E8-5F98-47C1-8E2A-41BD2BB7921F} = {94FA1E62-851C-4248-BCEF-571C481FC598}
		{32F12BF7-4DDD-4400-8D60-F6D0FB49061B} = {BD6F8DDD-46C8-4B88-8CB5-4D3C865FFA97}
		{9E6230BF-CACF-4081-BF5A-107259CCC02F} = {32F12BF7-4DDD-4400-8D60-F6D0FB49061B}
		{CAC1D353-6030-433B-8A9B-19E912F8B539} = {32F12BF7-4DDD-4400-8D60-F6D0FB49061B}
		{9B6D882B-A31A-44CF-9366-4A9912279745} = {32F12BF7-4DDD-4400-8D60-F6D0FB49061B}
		{C1194D8E-B1DA-40F6-866F-C7B2ABD87A38} = {BD6F8DDD-46C8-4B88-8CB5-4D3C865FFA97}
		{F6474947-2D2D-4391-A725-3EF7385A7737} = {C1194D8E-B1DA-40F6-866F-C7B2ABD87A38}
		{C64663AD-874D-496A-850A-109D0C15B018} = {C1194D8E-B1DA-40F6-866F-C7B2ABD87A38}
		{B9ACA110-B1B8-4079-B232-54569CFBD432} = {C1194D8E-B1DA-40F6-866F-C7B2ABD87A38}
		{A2CA42E6-7010-4064-95E2-6BAA0BC9E303} = {C1194D8E-B1DA-40F6-866F-C7B2ABD87A38}
		{DEC9B5BA-E703-48EE-9836-3D2A3FD95452} = {C1194D8E-B1DA-40F6-866F-C7B2ABD87A38}
		{A221C106-A1DD-49C7-891C-B362244DBA3B} = {C1194D8E-B1DA-40F6-866F-C7B2ABD87A38}
		{0E7AEDC1-17E4-45BC-9EDE-B7FB9F33A3AA} = {679FA2B4-82C9-4274-9906-00CB64404619}
		{B393F5CD-F83B-430A-9FE0-C86EA546082D} = {2354F88E-E154-469D-B3A8-F9B9CA8ED874}
		{E2203BE0-5EF7-412F-AA28-4096523332DB} = {94FA1E62-851C-4248-BCEF-571C481FC598}
	EndGlobalSection
	GlobalSection(ExtensibilityGlobals) = postSolution
		SolutionGuid = {936B17FE-AF26-49C1-8527-F897DDA8C646}
	EndGlobalSection
EndGlobal
