
Microsoft Visual Studio Solution File, Format Version 12.00
# Visual Studio Version 16
VisualStudioVersion = 16.0.29001.49
MinimumVisualStudioVersion = 10.0.40219.1
Project("{9A19103F-16F7-4668-BE54-9A1E7A4F7556}") = "Materal.Common", "Materal.Common\Materal.Common.csproj", "{4486623A-E2F2-4656-92DE-65024EB3B9B7}"
EndProject
Project("{9A19103F-16F7-4668-BE54-9A1E7A4F7556}") = "Materal.StringHelper", "Materal.StringHelper\Materal.StringHelper.csproj", "{88110D3C-76E9-4B26-808A-7B92ABC6038A}"
EndProject
Project("{9A19103F-16F7-4668-BE54-9A1E7A4F7556}") = "Materal.ConsoleUI", "Materal.ConsoleUI\Materal.ConsoleUI.csproj", "{177A4D6E-CDD9-406B-BF45-54E6C6943E42}"
EndProject
Project("{9A19103F-16F7-4668-BE54-9A1E7A4F7556}") = "Materal.DBHelper", "Materal.DBHelper\Materal.DBHelper.csproj", "{FBC1E855-FCBB-4FEB-B3AD-9EA676E4FEEE}"
EndProject
Project("{9A19103F-16F7-4668-BE54-9A1E7A4F7556}") = "Materal.FileHelper", "Materal.FileHelper\Materal.FileHelper.csproj", "{C7BF7835-EE75-4A9E-B89F-CD25F1CE9235}"
EndProject
Project("{9A19103F-16F7-4668-BE54-9A1E7A4F7556}") = "Materal.WindowsHelper", "Materal.WindowsHelper\Materal.WindowsHelper.csproj", "{9E87B1B0-1FBF-48F2-9728-45282A28C2D7}"
EndProject
Project("{9A19103F-16F7-4668-BE54-9A1E7A4F7556}") = "Materal.NetworkHelper", "Materal.NetworkHelper\Materal.NetworkHelper.csproj", "{030AED0B-3219-435C-B402-28991BC2E672}"
EndProject
Project("{9A19103F-16F7-4668-BE54-9A1E7A4F7556}") = "Materal.ConvertHelper", "Materal.ConvertHelper\Materal.ConvertHelper.csproj", "{03589A52-1D79-4762-A2E1-E1547BD146FD}"
EndProject
Project("{9A19103F-16F7-4668-BE54-9A1E7A4F7556}") = "Materal.ConfigurationHelper", "Materal.ConfigurationHelper\Materal.ConfigurationHelper.csproj", "{1FF9F095-C832-4A1B-920D-C66D8C3BEAAA}"
EndProject
Project("{2150E333-8FDC-42A3-9474-1A3956D46DE8}") = "Demo", "Demo", "{D618B600-502D-4FDA-AD98-C79485A2596F}"
EndProject
Project("{9A19103F-16F7-4668-BE54-9A1E7A4F7556}") = "Materal.CacheHelper", "Materal.CacheHelper\Materal.CacheHelper.csproj", "{26721C11-91B8-46E7-A657-97EEDA851B81}"
EndProject
Project("{9A19103F-16F7-4668-BE54-9A1E7A4F7556}") = "Materal.DateTimeHelper", "Materal.DateTimeHelper\Materal.DateTimeHelper.csproj", "{D89E25A3-D717-48CA-A104-CCA402AEAB77}"
EndProject
Project("{9A19103F-16F7-4668-BE54-9A1E7A4F7556}") = "Materal.LinqHelper", "Materal.LinqHelper\Materal.LinqHelper.csproj", "{83ADA8FC-0A15-4BEC-898F-584A2CC71915}"
EndProject
Project("{9A19103F-16F7-4668-BE54-9A1E7A4F7556}") = "Materal.EnumHelper", "Materal.EnumHelper\Materal.EnumHelper.csproj", "{F502855D-EBA3-47F6-870D-1E3F73E815D0}"
EndProject
Project("{FAE04EC0-301F-11D3-BF4B-00C04F79EFBC}") = "Materal.WebHelper", "Materal.WebHelper\Materal.WebHelper.csproj", "{2574F603-4B6C-4A30-BFDD-E3BC09EEDFDF}"
EndProject
Project("{FAE04EC0-301F-11D3-BF4B-00C04F79EFBC}") = "Materal.ConsoleApp", "Materal.ConsoleApp\Materal.ConsoleApp.csproj", "{AF14C971-D1C6-411A-981F-1C5893F5AB7E}"
EndProject
Project("{9A19103F-16F7-4668-BE54-9A1E7A4F7556}") = "Materal.RedisHelper", "Materal.RedisHelper\Materal.RedisHelper.csproj", "{287EB629-C256-41B1-B054-FF868EFB07CC}"
EndProject
Project("{9A19103F-16F7-4668-BE54-9A1E7A4F7556}") = "Materal.RabbitMQHelper", "Materal.RabbitMQHelper\Materal.RabbitMQHelper.csproj", "{B48D5756-130F-436B-AE71-74B33308DEF5}"
EndProject
Project("{9A19103F-16F7-4668-BE54-9A1E7A4F7556}") = "Materal.ExcelHelper", "Materal.ExcelHelper\Materal.ExcelHelper.csproj", "{DEC300EC-24E1-464E-9BB7-9A87D277F64A}"
EndProject
Project("{9A19103F-16F7-4668-BE54-9A1E7A4F7556}") = "Materal.CacheHelper.Example", "Materal.CacheHelper.Example\Materal.CacheHelper.Example.csproj", "{4416E538-FC02-4A2B-A4D0-190818BCE0A9}"
EndProject
Project("{9A19103F-16F7-4668-BE54-9A1E7A4F7556}") = "Materal.WeChatHelper", "Materal.WeChatHelper\Materal.WeChatHelper.csproj", "{A480CE75-FB2B-4F52-8C48-9F22FBC309D9}"
EndProject
Project("{9A19103F-16F7-4668-BE54-9A1E7A4F7556}") = "Materal.SystemHelper", "Materal.SystemHelper\Materal.SystemHelper.csproj", "{B4C29B9D-23E4-4FB0-8B45-D692AE9E9E77}"
EndProject
Project("{2150E333-8FDC-42A3-9474-1A3956D46DE8}") = "Example", "Example", "{53CDE784-9315-4C8D-8A58-4953B97648CE}"
EndProject
Project("{9A19103F-16F7-4668-BE54-9A1E7A4F7556}") = "Materal.Common.Example", "Materal.Common.Example\Materal.Common.Example.csproj", "{424B4312-1DA3-4A07-BA39-EF4E56EAFA11}"
EndProject
Project("{9A19103F-16F7-4668-BE54-9A1E7A4F7556}") = "Materal.WeChatHelper.Example", "Materal.WeChatHelper.Example\Materal.WeChatHelper.Example.csproj", "{890C6E38-D240-47F8-B56D-35F6A0A9602D}"
EndProject
Project("{9A19103F-16F7-4668-BE54-9A1E7A4F7556}") = "Materal.EmailHelper", "Materal.EmailHelper\Materal.EmailHelper.csproj", "{AF77B2F8-7F61-4CCB-9BCF-F2DB2AFBDAA3}"
EndProject
Project("{9A19103F-16F7-4668-BE54-9A1E7A4F7556}") = "Materal.EmailHelper.Example", "Materal.EmailHelper.Example\Materal.EmailHelper.Example.csproj", "{001D48AC-F9D9-4EAF-8D23-8667C848E876}"
EndProject
Project("{9A19103F-16F7-4668-BE54-9A1E7A4F7556}") = "Materal.ConvertHelper.Example", "Materal.ConvertHelper.Example\Materal.ConvertHelper.Example.csproj", "{0E5B7878-FCDB-42AE-8F12-CD5CD6B34268}"
EndProject
Project("{9A19103F-16F7-4668-BE54-9A1E7A4F7556}") = "Materal.Model", "Materal.Model\Materal.Model.csproj", "{8CA80880-7D03-4745-9454-59E07811AE3D}"
EndProject
Project("{9A19103F-16F7-4668-BE54-9A1E7A4F7556}") = "Materal.Model.Example", "Materal.Model.Example\Materal.Model.Example.csproj", "{06BA039D-CDAF-41EE-AAFD-A3319D023698}"
EndProject
Project("{9A19103F-16F7-4668-BE54-9A1E7A4F7556}") = "Materal.RabbitMQHelper.ClientExample", "Materal.RabbitMQHelper.ClientExample\Materal.RabbitMQHelper.ClientExample.csproj", "{DB8D876F-C89D-4C50-8BC3-472AB061FD1A}"
EndProject
Project("{9A19103F-16F7-4668-BE54-9A1E7A4F7556}") = "Materal.RabbitMQHelper.ServerExample", "Materal.RabbitMQHelper.ServerExample\Materal.RabbitMQHelper.ServerExample.csproj", "{B5B25450-5E89-4D06-B18E-B901993E88C2}"
EndProject
Project("{9A19103F-16F7-4668-BE54-9A1E7A4F7556}") = "Materal.WordHelper", "Materal.WordHelper\Materal.WordHelper.csproj", "{453C0404-CEA8-46D2-91F4-C6545856FA5D}"
EndProject
Project("{9A19103F-16F7-4668-BE54-9A1E7A4F7556}") = "Materal.WordHelper.Example", "Materal.WordHelper.Example\Materal.WordHelper.Example.csproj", "{E4A72406-1FA0-4F71-AD1F-19EFA9B2A88E}"
EndProject
Project("{9A19103F-16F7-4668-BE54-9A1E7A4F7556}") = "Materal.BlockchainHelper", "Materal.BlockchainHelper\Materal.BlockchainHelper.csproj", "{4DE18859-D4D5-40A2-B343-1C7D497BC71B}"
EndProject
Project("{9A19103F-16F7-4668-BE54-9A1E7A4F7556}") = "Materal.BlockchainHelper.Example", "Materal.BlockchainHelper.Example\Materal.BlockchainHelper.Example.csproj", "{B0C38F3F-C36C-45E8-8923-6C692D98A71B}"
EndProject
Project("{FAE04EC0-301F-11D3-BF4B-00C04F79EFBC}") = "Materal.RedisHelper.Example", "Materal.RedisHelper.Example\Materal.RedisHelper.Example.csproj", "{151856DA-4181-4D13-9F0A-9362881D1A8C}"
EndProject
Global
	GlobalSection(SolutionConfigurationPlatforms) = preSolution
		Debug|Any CPU = Debug|Any CPU
		Release|Any CPU = Release|Any CPU
	EndGlobalSection
	GlobalSection(ProjectConfigurationPlatforms) = postSolution
		{4486623A-E2F2-4656-92DE-65024EB3B9B7}.Debug|Any CPU.ActiveCfg = Debug|Any CPU
		{4486623A-E2F2-4656-92DE-65024EB3B9B7}.Debug|Any CPU.Build.0 = Debug|Any CPU
		{4486623A-E2F2-4656-92DE-65024EB3B9B7}.Release|Any CPU.ActiveCfg = Release|Any CPU
		{4486623A-E2F2-4656-92DE-65024EB3B9B7}.Release|Any CPU.Build.0 = Release|Any CPU
		{88110D3C-76E9-4B26-808A-7B92ABC6038A}.Debug|Any CPU.ActiveCfg = Debug|Any CPU
		{88110D3C-76E9-4B26-808A-7B92ABC6038A}.Debug|Any CPU.Build.0 = Debug|Any CPU
		{88110D3C-76E9-4B26-808A-7B92ABC6038A}.Release|Any CPU.ActiveCfg = Release|Any CPU
		{88110D3C-76E9-4B26-808A-7B92ABC6038A}.Release|Any CPU.Build.0 = Release|Any CPU
		{177A4D6E-CDD9-406B-BF45-54E6C6943E42}.Debug|Any CPU.ActiveCfg = Debug|Any CPU
		{177A4D6E-CDD9-406B-BF45-54E6C6943E42}.Debug|Any CPU.Build.0 = Debug|Any CPU
		{177A4D6E-CDD9-406B-BF45-54E6C6943E42}.Release|Any CPU.ActiveCfg = Release|Any CPU
		{177A4D6E-CDD9-406B-BF45-54E6C6943E42}.Release|Any CPU.Build.0 = Release|Any CPU
		{FBC1E855-FCBB-4FEB-B3AD-9EA676E4FEEE}.Debug|Any CPU.ActiveCfg = Debug|Any CPU
		{FBC1E855-FCBB-4FEB-B3AD-9EA676E4FEEE}.Debug|Any CPU.Build.0 = Debug|Any CPU
		{FBC1E855-FCBB-4FEB-B3AD-9EA676E4FEEE}.Release|Any CPU.ActiveCfg = Release|Any CPU
		{FBC1E855-FCBB-4FEB-B3AD-9EA676E4FEEE}.Release|Any CPU.Build.0 = Release|Any CPU
		{C7BF7835-EE75-4A9E-B89F-CD25F1CE9235}.Debug|Any CPU.ActiveCfg = Debug|Any CPU
		{C7BF7835-EE75-4A9E-B89F-CD25F1CE9235}.Debug|Any CPU.Build.0 = Debug|Any CPU
		{C7BF7835-EE75-4A9E-B89F-CD25F1CE9235}.Release|Any CPU.ActiveCfg = Release|Any CPU
		{C7BF7835-EE75-4A9E-B89F-CD25F1CE9235}.Release|Any CPU.Build.0 = Release|Any CPU
		{9E87B1B0-1FBF-48F2-9728-45282A28C2D7}.Debug|Any CPU.ActiveCfg = Debug|Any CPU
		{9E87B1B0-1FBF-48F2-9728-45282A28C2D7}.Debug|Any CPU.Build.0 = Debug|Any CPU
		{9E87B1B0-1FBF-48F2-9728-45282A28C2D7}.Release|Any CPU.ActiveCfg = Release|Any CPU
		{9E87B1B0-1FBF-48F2-9728-45282A28C2D7}.Release|Any CPU.Build.0 = Release|Any CPU
		{030AED0B-3219-435C-B402-28991BC2E672}.Debug|Any CPU.ActiveCfg = Debug|Any CPU
		{030AED0B-3219-435C-B402-28991BC2E672}.Debug|Any CPU.Build.0 = Debug|Any CPU
		{030AED0B-3219-435C-B402-28991BC2E672}.Release|Any CPU.ActiveCfg = Release|Any CPU
		{030AED0B-3219-435C-B402-28991BC2E672}.Release|Any CPU.Build.0 = Release|Any CPU
		{03589A52-1D79-4762-A2E1-E1547BD146FD}.Debug|Any CPU.ActiveCfg = Debug|Any CPU
		{03589A52-1D79-4762-A2E1-E1547BD146FD}.Debug|Any CPU.Build.0 = Debug|Any CPU
		{03589A52-1D79-4762-A2E1-E1547BD146FD}.Release|Any CPU.ActiveCfg = Release|Any CPU
		{03589A52-1D79-4762-A2E1-E1547BD146FD}.Release|Any CPU.Build.0 = Release|Any CPU
		{1FF9F095-C832-4A1B-920D-C66D8C3BEAAA}.Debug|Any CPU.ActiveCfg = Debug|Any CPU
		{1FF9F095-C832-4A1B-920D-C66D8C3BEAAA}.Debug|Any CPU.Build.0 = Debug|Any CPU
		{1FF9F095-C832-4A1B-920D-C66D8C3BEAAA}.Release|Any CPU.ActiveCfg = Release|Any CPU
		{1FF9F095-C832-4A1B-920D-C66D8C3BEAAA}.Release|Any CPU.Build.0 = Release|Any CPU
		{26721C11-91B8-46E7-A657-97EEDA851B81}.Debug|Any CPU.ActiveCfg = Debug|Any CPU
		{26721C11-91B8-46E7-A657-97EEDA851B81}.Debug|Any CPU.Build.0 = Debug|Any CPU
		{26721C11-91B8-46E7-A657-97EEDA851B81}.Release|Any CPU.ActiveCfg = Release|Any CPU
		{26721C11-91B8-46E7-A657-97EEDA851B81}.Release|Any CPU.Build.0 = Release|Any CPU
		{D89E25A3-D717-48CA-A104-CCA402AEAB77}.Debug|Any CPU.ActiveCfg = Debug|Any CPU
		{D89E25A3-D717-48CA-A104-CCA402AEAB77}.Debug|Any CPU.Build.0 = Debug|Any CPU
		{D89E25A3-D717-48CA-A104-CCA402AEAB77}.Release|Any CPU.ActiveCfg = Release|Any CPU
		{D89E25A3-D717-48CA-A104-CCA402AEAB77}.Release|Any CPU.Build.0 = Release|Any CPU
		{83ADA8FC-0A15-4BEC-898F-584A2CC71915}.Debug|Any CPU.ActiveCfg = Debug|Any CPU
		{83ADA8FC-0A15-4BEC-898F-584A2CC71915}.Debug|Any CPU.Build.0 = Debug|Any CPU
		{83ADA8FC-0A15-4BEC-898F-584A2CC71915}.Release|Any CPU.ActiveCfg = Release|Any CPU
		{83ADA8FC-0A15-4BEC-898F-584A2CC71915}.Release|Any CPU.Build.0 = Release|Any CPU
		{F502855D-EBA3-47F6-870D-1E3F73E815D0}.Debug|Any CPU.ActiveCfg = Debug|Any CPU
		{F502855D-EBA3-47F6-870D-1E3F73E815D0}.Debug|Any CPU.Build.0 = Debug|Any CPU
		{F502855D-EBA3-47F6-870D-1E3F73E815D0}.Release|Any CPU.ActiveCfg = Release|Any CPU
		{F502855D-EBA3-47F6-870D-1E3F73E815D0}.Release|Any CPU.Build.0 = Release|Any CPU
		{2574F603-4B6C-4A30-BFDD-E3BC09EEDFDF}.Debug|Any CPU.ActiveCfg = Debug|Any CPU
		{2574F603-4B6C-4A30-BFDD-E3BC09EEDFDF}.Debug|Any CPU.Build.0 = Debug|Any CPU
		{2574F603-4B6C-4A30-BFDD-E3BC09EEDFDF}.Release|Any CPU.ActiveCfg = Release|Any CPU
		{2574F603-4B6C-4A30-BFDD-E3BC09EEDFDF}.Release|Any CPU.Build.0 = Release|Any CPU
		{AF14C971-D1C6-411A-981F-1C5893F5AB7E}.Debug|Any CPU.ActiveCfg = Debug|Any CPU
		{AF14C971-D1C6-411A-981F-1C5893F5AB7E}.Debug|Any CPU.Build.0 = Debug|Any CPU
		{AF14C971-D1C6-411A-981F-1C5893F5AB7E}.Release|Any CPU.ActiveCfg = Release|Any CPU
		{AF14C971-D1C6-411A-981F-1C5893F5AB7E}.Release|Any CPU.Build.0 = Release|Any CPU
		{287EB629-C256-41B1-B054-FF868EFB07CC}.Debug|Any CPU.ActiveCfg = Debug|Any CPU
		{287EB629-C256-41B1-B054-FF868EFB07CC}.Debug|Any CPU.Build.0 = Debug|Any CPU
		{287EB629-C256-41B1-B054-FF868EFB07CC}.Release|Any CPU.ActiveCfg = Release|Any CPU
		{287EB629-C256-41B1-B054-FF868EFB07CC}.Release|Any CPU.Build.0 = Release|Any CPU
		{B48D5756-130F-436B-AE71-74B33308DEF5}.Debug|Any CPU.ActiveCfg = Debug|Any CPU
		{B48D5756-130F-436B-AE71-74B33308DEF5}.Debug|Any CPU.Build.0 = Debug|Any CPU
		{B48D5756-130F-436B-AE71-74B33308DEF5}.Release|Any CPU.ActiveCfg = Release|Any CPU
		{B48D5756-130F-436B-AE71-74B33308DEF5}.Release|Any CPU.Build.0 = Release|Any CPU
		{DEC300EC-24E1-464E-9BB7-9A87D277F64A}.Debug|Any CPU.ActiveCfg = Debug|Any CPU
		{DEC300EC-24E1-464E-9BB7-9A87D277F64A}.Debug|Any CPU.Build.0 = Debug|Any CPU
		{DEC300EC-24E1-464E-9BB7-9A87D277F64A}.Release|Any CPU.ActiveCfg = Release|Any CPU
		{DEC300EC-24E1-464E-9BB7-9A87D277F64A}.Release|Any CPU.Build.0 = Release|Any CPU
		{4416E538-FC02-4A2B-A4D0-190818BCE0A9}.Debug|Any CPU.ActiveCfg = Debug|Any CPU
		{4416E538-FC02-4A2B-A4D0-190818BCE0A9}.Debug|Any CPU.Build.0 = Debug|Any CPU
		{4416E538-FC02-4A2B-A4D0-190818BCE0A9}.Release|Any CPU.ActiveCfg = Release|Any CPU
		{4416E538-FC02-4A2B-A4D0-190818BCE0A9}.Release|Any CPU.Build.0 = Release|Any CPU
		{A480CE75-FB2B-4F52-8C48-9F22FBC309D9}.Debug|Any CPU.ActiveCfg = Debug|Any CPU
		{A480CE75-FB2B-4F52-8C48-9F22FBC309D9}.Debug|Any CPU.Build.0 = Debug|Any CPU
		{A480CE75-FB2B-4F52-8C48-9F22FBC309D9}.Release|Any CPU.ActiveCfg = Release|Any CPU
		{A480CE75-FB2B-4F52-8C48-9F22FBC309D9}.Release|Any CPU.Build.0 = Release|Any CPU
		{B4C29B9D-23E4-4FB0-8B45-D692AE9E9E77}.Debug|Any CPU.ActiveCfg = Debug|Any CPU
		{B4C29B9D-23E4-4FB0-8B45-D692AE9E9E77}.Debug|Any CPU.Build.0 = Debug|Any CPU
		{B4C29B9D-23E4-4FB0-8B45-D692AE9E9E77}.Release|Any CPU.ActiveCfg = Release|Any CPU
		{B4C29B9D-23E4-4FB0-8B45-D692AE9E9E77}.Release|Any CPU.Build.0 = Release|Any CPU
		{424B4312-1DA3-4A07-BA39-EF4E56EAFA11}.Debug|Any CPU.ActiveCfg = Debug|Any CPU
		{424B4312-1DA3-4A07-BA39-EF4E56EAFA11}.Debug|Any CPU.Build.0 = Debug|Any CPU
		{424B4312-1DA3-4A07-BA39-EF4E56EAFA11}.Release|Any CPU.ActiveCfg = Release|Any CPU
		{424B4312-1DA3-4A07-BA39-EF4E56EAFA11}.Release|Any CPU.Build.0 = Release|Any CPU
		{890C6E38-D240-47F8-B56D-35F6A0A9602D}.Debug|Any CPU.ActiveCfg = Debug|Any CPU
		{890C6E38-D240-47F8-B56D-35F6A0A9602D}.Debug|Any CPU.Build.0 = Debug|Any CPU
		{890C6E38-D240-47F8-B56D-35F6A0A9602D}.Release|Any CPU.ActiveCfg = Release|Any CPU
		{890C6E38-D240-47F8-B56D-35F6A0A9602D}.Release|Any CPU.Build.0 = Release|Any CPU
		{AF77B2F8-7F61-4CCB-9BCF-F2DB2AFBDAA3}.Debug|Any CPU.ActiveCfg = Debug|Any CPU
		{AF77B2F8-7F61-4CCB-9BCF-F2DB2AFBDAA3}.Debug|Any CPU.Build.0 = Debug|Any CPU
		{AF77B2F8-7F61-4CCB-9BCF-F2DB2AFBDAA3}.Release|Any CPU.ActiveCfg = Release|Any CPU
		{AF77B2F8-7F61-4CCB-9BCF-F2DB2AFBDAA3}.Release|Any CPU.Build.0 = Release|Any CPU
		{001D48AC-F9D9-4EAF-8D23-8667C848E876}.Debug|Any CPU.ActiveCfg = Debug|Any CPU
		{001D48AC-F9D9-4EAF-8D23-8667C848E876}.Debug|Any CPU.Build.0 = Debug|Any CPU
		{001D48AC-F9D9-4EAF-8D23-8667C848E876}.Release|Any CPU.ActiveCfg = Release|Any CPU
		{001D48AC-F9D9-4EAF-8D23-8667C848E876}.Release|Any CPU.Build.0 = Release|Any CPU
		{0E5B7878-FCDB-42AE-8F12-CD5CD6B34268}.Debug|Any CPU.ActiveCfg = Debug|Any CPU
		{0E5B7878-FCDB-42AE-8F12-CD5CD6B34268}.Debug|Any CPU.Build.0 = Debug|Any CPU
		{0E5B7878-FCDB-42AE-8F12-CD5CD6B34268}.Release|Any CPU.ActiveCfg = Release|Any CPU
		{0E5B7878-FCDB-42AE-8F12-CD5CD6B34268}.Release|Any CPU.Build.0 = Release|Any CPU
		{8CA80880-7D03-4745-9454-59E07811AE3D}.Debug|Any CPU.ActiveCfg = Debug|Any CPU
		{8CA80880-7D03-4745-9454-59E07811AE3D}.Debug|Any CPU.Build.0 = Debug|Any CPU
		{8CA80880-7D03-4745-9454-59E07811AE3D}.Release|Any CPU.ActiveCfg = Release|Any CPU
		{8CA80880-7D03-4745-9454-59E07811AE3D}.Release|Any CPU.Build.0 = Release|Any CPU
		{06BA039D-CDAF-41EE-AAFD-A3319D023698}.Debug|Any CPU.ActiveCfg = Debug|Any CPU
		{06BA039D-CDAF-41EE-AAFD-A3319D023698}.Debug|Any CPU.Build.0 = Debug|Any CPU
		{06BA039D-CDAF-41EE-AAFD-A3319D023698}.Release|Any CPU.ActiveCfg = Release|Any CPU
		{06BA039D-CDAF-41EE-AAFD-A3319D023698}.Release|Any CPU.Build.0 = Release|Any CPU
		{DB8D876F-C89D-4C50-8BC3-472AB061FD1A}.Debug|Any CPU.ActiveCfg = Debug|Any CPU
		{DB8D876F-C89D-4C50-8BC3-472AB061FD1A}.Debug|Any CPU.Build.0 = Debug|Any CPU
		{DB8D876F-C89D-4C50-8BC3-472AB061FD1A}.Release|Any CPU.ActiveCfg = Release|Any CPU
		{DB8D876F-C89D-4C50-8BC3-472AB061FD1A}.Release|Any CPU.Build.0 = Release|Any CPU
		{B5B25450-5E89-4D06-B18E-B901993E88C2}.Debug|Any CPU.ActiveCfg = Debug|Any CPU
		{B5B25450-5E89-4D06-B18E-B901993E88C2}.Debug|Any CPU.Build.0 = Debug|Any CPU
		{B5B25450-5E89-4D06-B18E-B901993E88C2}.Release|Any CPU.ActiveCfg = Release|Any CPU
		{B5B25450-5E89-4D06-B18E-B901993E88C2}.Release|Any CPU.Build.0 = Release|Any CPU
		{453C0404-CEA8-46D2-91F4-C6545856FA5D}.Debug|Any CPU.ActiveCfg = Debug|Any CPU
		{453C0404-CEA8-46D2-91F4-C6545856FA5D}.Debug|Any CPU.Build.0 = Debug|Any CPU
		{453C0404-CEA8-46D2-91F4-C6545856FA5D}.Release|Any CPU.ActiveCfg = Release|Any CPU
		{453C0404-CEA8-46D2-91F4-C6545856FA5D}.Release|Any CPU.Build.0 = Release|Any CPU
		{E4A72406-1FA0-4F71-AD1F-19EFA9B2A88E}.Debug|Any CPU.ActiveCfg = Debug|Any CPU
		{E4A72406-1FA0-4F71-AD1F-19EFA9B2A88E}.Debug|Any CPU.Build.0 = Debug|Any CPU
		{E4A72406-1FA0-4F71-AD1F-19EFA9B2A88E}.Release|Any CPU.ActiveCfg = Release|Any CPU
		{E4A72406-1FA0-4F71-AD1F-19EFA9B2A88E}.Release|Any CPU.Build.0 = Release|Any CPU
		{4DE18859-D4D5-40A2-B343-1C7D497BC71B}.Debug|Any CPU.ActiveCfg = Debug|Any CPU
		{4DE18859-D4D5-40A2-B343-1C7D497BC71B}.Debug|Any CPU.Build.0 = Debug|Any CPU
		{4DE18859-D4D5-40A2-B343-1C7D497BC71B}.Release|Any CPU.ActiveCfg = Release|Any CPU
		{4DE18859-D4D5-40A2-B343-1C7D497BC71B}.Release|Any CPU.Build.0 = Release|Any CPU
		{B0C38F3F-C36C-45E8-8923-6C692D98A71B}.Debug|Any CPU.ActiveCfg = Debug|Any CPU
		{B0C38F3F-C36C-45E8-8923-6C692D98A71B}.Debug|Any CPU.Build.0 = Debug|Any CPU
		{B0C38F3F-C36C-45E8-8923-6C692D98A71B}.Release|Any CPU.ActiveCfg = Release|Any CPU
		{B0C38F3F-C36C-45E8-8923-6C692D98A71B}.Release|Any CPU.Build.0 = Release|Any CPU
		{151856DA-4181-4D13-9F0A-9362881D1A8C}.Debug|Any CPU.ActiveCfg = Debug|Any CPU
		{151856DA-4181-4D13-9F0A-9362881D1A8C}.Debug|Any CPU.Build.0 = Debug|Any CPU
		{151856DA-4181-4D13-9F0A-9362881D1A8C}.Release|Any CPU.ActiveCfg = Release|Any CPU
		{151856DA-4181-4D13-9F0A-9362881D1A8C}.Release|Any CPU.Build.0 = Release|Any CPU
	EndGlobalSection
	GlobalSection(SolutionProperties) = preSolution
		HideSolutionNode = FALSE
	EndGlobalSection
	GlobalSection(NestedProjects) = preSolution
		{177A4D6E-CDD9-406B-BF45-54E6C6943E42} = {D618B600-502D-4FDA-AD98-C79485A2596F}
		{AF14C971-D1C6-411A-981F-1C5893F5AB7E} = {D618B600-502D-4FDA-AD98-C79485A2596F}
		{4416E538-FC02-4A2B-A4D0-190818BCE0A9} = {53CDE784-9315-4C8D-8A58-4953B97648CE}
		{424B4312-1DA3-4A07-BA39-EF4E56EAFA11} = {53CDE784-9315-4C8D-8A58-4953B97648CE}
		{890C6E38-D240-47F8-B56D-35F6A0A9602D} = {53CDE784-9315-4C8D-8A58-4953B97648CE}
		{001D48AC-F9D9-4EAF-8D23-8667C848E876} = {53CDE784-9315-4C8D-8A58-4953B97648CE}
		{0E5B7878-FCDB-42AE-8F12-CD5CD6B34268} = {53CDE784-9315-4C8D-8A58-4953B97648CE}
		{06BA039D-CDAF-41EE-AAFD-A3319D023698} = {53CDE784-9315-4C8D-8A58-4953B97648CE}
		{DB8D876F-C89D-4C50-8BC3-472AB061FD1A} = {53CDE784-9315-4C8D-8A58-4953B97648CE}
		{B5B25450-5E89-4D06-B18E-B901993E88C2} = {53CDE784-9315-4C8D-8A58-4953B97648CE}
		{E4A72406-1FA0-4F71-AD1F-19EFA9B2A88E} = {53CDE784-9315-4C8D-8A58-4953B97648CE}
		{B0C38F3F-C36C-45E8-8923-6C692D98A71B} = {53CDE784-9315-4C8D-8A58-4953B97648CE}
		{151856DA-4181-4D13-9F0A-9362881D1A8C} = {53CDE784-9315-4C8D-8A58-4953B97648CE}
	EndGlobalSection
	GlobalSection(ExtensibilityGlobals) = postSolution
		SolutionGuid = {44D71214-490E-42D6-969C-BDC35C93BEA5}
	EndGlobalSection
EndGlobal
