
Microsoft Visual Studio Solution File, Format Version 12.00
# Visual Studio 15
VisualStudioVersion = 15.0.28010.2036
MinimumVisualStudioVersion = 10.0.40219.1
Project("{9A19103F-16F7-4668-BE54-9A1E7A4F7556}") = "Materal.Common", "Materal.Common\Materal.Common.csproj", "{4486623A-E2F2-4656-92DE-65024EB3B9B7}"
EndProject
Project("{9A19103F-16F7-4668-BE54-9A1E7A4F7556}") = "Materal.StringHelper", "Materal.StringHelper\Materal.StringHelper.csproj", "{88110D3C-76E9-4B26-808A-7B92ABC6038A}"
EndProject
Project("{9A19103F-16F7-4668-BE54-9A1E7A4F7556}") = "Materal.ConsoleUI", "Materal.ConsoleUI\Materal.ConsoleUI.csproj", "{177A4D6E-CDD9-406B-BF45-54E6C6943E42}"
EndProject
Project("{9A19103F-16F7-4668-BE54-9A1E7A4F7556}") = "Materal.DBHelper", "Materal.DBHelper\Materal.DBHelper.csproj", "{FBC1E855-FCBB-4FEB-B3AD-9EA676E4FEEE}"
EndProject
Project("{9A19103F-16F7-4668-BE54-9A1E7A4F7556}") = "Materal.FileHelper", "Materal.FileHelper\Materal.FileHelper.csproj", "{C7BF7835-EE75-4A9E-B89F-CD25F1CE9235}"
EndProject
Project("{9A19103F-16F7-4668-BE54-9A1E7A4F7556}") = "Materal.WindowsHelper", "Materal.WindowsHelper\Materal.WindowsHelper.csproj", "{9E87B1B0-1FBF-48F2-9728-45282A28C2D7}"
EndProject
Project("{9A19103F-16F7-4668-BE54-9A1E7A4F7556}") = "Materal.NetworkHelper", "Materal.NetworkHelper\Materal.NetworkHelper.csproj", "{030AED0B-3219-435C-B402-28991BC2E672}"
EndProject
Project("{9A19103F-16F7-4668-BE54-9A1E7A4F7556}") = "Materal.ConvertHelper", "Materal.ConvertHelper\Materal.ConvertHelper.csproj", "{03589A52-1D79-4762-A2E1-E1547BD146FD}"
EndProject
Project("{FAE04EC0-301F-11D3-BF4B-00C04F79EFBC}") = "Materal.ConfigurationHelper", "Materal.ConfigurationHelper\Materal.ConfigurationHelper.csproj", "{1FF9F095-C832-4A1B-920D-C66D8C3BEAAA}"
EndProject
Global
	GlobalSection(SolutionConfigurationPlatforms) = preSolution
		Debug|Any CPU = Debug|Any CPU
		Release|Any CPU = Release|Any CPU
	EndGlobalSection
	GlobalSection(ProjectConfigurationPlatforms) = postSolution
		{4486623A-E2F2-4656-92DE-65024EB3B9B7}.Debug|Any CPU.ActiveCfg = Debug|Any CPU
		{4486623A-E2F2-4656-92DE-65024EB3B9B7}.Debug|Any CPU.Build.0 = Debug|Any CPU
		{4486623A-E2F2-4656-92DE-65024EB3B9B7}.Release|Any CPU.ActiveCfg = Release|Any CPU
		{4486623A-E2F2-4656-92DE-65024EB3B9B7}.Release|Any CPU.Build.0 = Release|Any CPU
		{88110D3C-76E9-4B26-808A-7B92ABC6038A}.Debug|Any CPU.ActiveCfg = Debug|Any CPU
		{88110D3C-76E9-4B26-808A-7B92ABC6038A}.Debug|Any CPU.Build.0 = Debug|Any CPU
		{88110D3C-76E9-4B26-808A-7B92ABC6038A}.Release|Any CPU.ActiveCfg = Release|Any CPU
		{88110D3C-76E9-4B26-808A-7B92ABC6038A}.Release|Any CPU.Build.0 = Release|Any CPU
		{177A4D6E-CDD9-406B-BF45-54E6C6943E42}.Debug|Any CPU.ActiveCfg = Debug|Any CPU
		{177A4D6E-CDD9-406B-BF45-54E6C6943E42}.Debug|Any CPU.Build.0 = Debug|Any CPU
		{177A4D6E-CDD9-406B-BF45-54E6C6943E42}.Release|Any CPU.ActiveCfg = Release|Any CPU
		{177A4D6E-CDD9-406B-BF45-54E6C6943E42}.Release|Any CPU.Build.0 = Release|Any CPU
		{FBC1E855-FCBB-4FEB-B3AD-9EA676E4FEEE}.Debug|Any CPU.ActiveCfg = Debug|Any CPU
		{FBC1E855-FCBB-4FEB-B3AD-9EA676E4FEEE}.Debug|Any CPU.Build.0 = Debug|Any CPU
		{FBC1E855-FCBB-4FEB-B3AD-9EA676E4FEEE}.Release|Any CPU.ActiveCfg = Release|Any CPU
		{FBC1E855-FCBB-4FEB-B3AD-9EA676E4FEEE}.Release|Any CPU.Build.0 = Release|Any CPU
		{C7BF7835-EE75-4A9E-B89F-CD25F1CE9235}.Debug|Any CPU.ActiveCfg = Debug|Any CPU
		{C7BF7835-EE75-4A9E-B89F-CD25F1CE9235}.Debug|Any CPU.Build.0 = Debug|Any CPU
		{C7BF7835-EE75-4A9E-B89F-CD25F1CE9235}.Release|Any CPU.ActiveCfg = Release|Any CPU
		{C7BF7835-EE75-4A9E-B89F-CD25F1CE9235}.Release|Any CPU.Build.0 = Release|Any CPU
		{9E87B1B0-1FBF-48F2-9728-45282A28C2D7}.Debug|Any CPU.ActiveCfg = Debug|Any CPU
		{9E87B1B0-1FBF-48F2-9728-45282A28C2D7}.Debug|Any CPU.Build.0 = Debug|Any CPU
		{9E87B1B0-1FBF-48F2-9728-45282A28C2D7}.Release|Any CPU.ActiveCfg = Release|Any CPU
		{9E87B1B0-1FBF-48F2-9728-45282A28C2D7}.Release|Any CPU.Build.0 = Release|Any CPU
		{030AED0B-3219-435C-B402-28991BC2E672}.Debug|Any CPU.ActiveCfg = Debug|Any CPU
		{030AED0B-3219-435C-B402-28991BC2E672}.Debug|Any CPU.Build.0 = Debug|Any CPU
		{030AED0B-3219-435C-B402-28991BC2E672}.Release|Any CPU.ActiveCfg = Release|Any CPU
		{030AED0B-3219-435C-B402-28991BC2E672}.Release|Any CPU.Build.0 = Release|Any CPU
		{03589A52-1D79-4762-A2E1-E1547BD146FD}.Debug|Any CPU.ActiveCfg = Debug|Any CPU
		{03589A52-1D79-4762-A2E1-E1547BD146FD}.Debug|Any CPU.Build.0 = Debug|Any CPU
		{03589A52-1D79-4762-A2E1-E1547BD146FD}.Release|Any CPU.ActiveCfg = Release|Any CPU
		{03589A52-1D79-4762-A2E1-E1547BD146FD}.Release|Any CPU.Build.0 = Release|Any CPU
		{1FF9F095-C832-4A1B-920D-C66D8C3BEAAA}.Debug|Any CPU.ActiveCfg = Debug|Any CPU
		{1FF9F095-C832-4A1B-920D-C66D8C3BEAAA}.Debug|Any CPU.Build.0 = Debug|Any CPU
		{1FF9F095-C832-4A1B-920D-C66D8C3BEAAA}.Release|Any CPU.ActiveCfg = Release|Any CPU
		{1FF9F095-C832-4A1B-920D-C66D8C3BEAAA}.Release|Any CPU.Build.0 = Release|Any CPU
	EndGlobalSection
	GlobalSection(SolutionProperties) = preSolution
		HideSolutionNode = FALSE
	EndGlobalSection
	GlobalSection(ExtensibilityGlobals) = postSolution
		SolutionGuid = {44D71214-490E-42D6-969C-BDC35C93BEA5}
	EndGlobalSection
EndGlobal
