
Microsoft Visual Studio Solution File, Format Version 12.00
# Visual Studio 15
VisualStudioVersion = 15.0.28010.2036
MinimumVisualStudioVersion = 10.0.40219.1
Project("{9A19103F-16F7-4668-BE54-9A1E7A4F7556}") = "Materal.Common", "Materal.Common\Materal.Common.csproj", "{4486623A-E2F2-4656-92DE-65024EB3B9B7}"
EndProject
Project("{9A19103F-16F7-4668-BE54-9A1E7A4F7556}") = "Materal.StringHelper", "Materal.StringHelper\Materal.StringHelper.csproj", "{88110D3C-76E9-4B26-808A-7B92ABC6038A}"
EndProject
Project("{9A19103F-16F7-4668-BE54-9A1E7A4F7556}") = "Materal.ConsoleUI", "Materal.ConsoleUI\Materal.ConsoleUI.csproj", "{177A4D6E-CDD9-406B-BF45-54E6C6943E42}"
EndProject
Project("{9A19103F-16F7-4668-BE54-9A1E7A4F7556}") = "Materal.DBHelper", "Materal.DBHelper\Materal.DBHelper.csproj", "{FBC1E855-FCBB-4FEB-B3AD-9EA676E4FEEE}"
EndProject
Project("{9A19103F-16F7-4668-BE54-9A1E7A4F7556}") = "Materal.FileHelper", "Materal.FileHelper\Materal.FileHelper.csproj", "{C7BF7835-EE75-4A9E-B89F-CD25F1CE9235}"
EndProject
Project("{9A19103F-16F7-4668-BE54-9A1E7A4F7556}") = "Materal.WindowsHelper", "Materal.WindowsHelper\Materal.WindowsHelper.csproj", "{9E87B1B0-1FBF-48F2-9728-45282A28C2D7}"
EndProject
Project("{9A19103F-16F7-4668-BE54-9A1E7A4F7556}") = "Materal.NetworkHelper", "Materal.NetworkHelper\Materal.NetworkHelper.csproj", "{030AED0B-3219-435C-B402-28991BC2E672}"
EndProject
Project("{9A19103F-16F7-4668-BE54-9A1E7A4F7556}") = "Materal.ConvertHelper", "Materal.ConvertHelper\Materal.ConvertHelper.csproj", "{03589A52-1D79-4762-A2E1-E1547BD146FD}"
EndProject
Project("{9A19103F-16F7-4668-BE54-9A1E7A4F7556}") = "Materal.ConfigurationHelper", "Materal.ConfigurationHelper\Materal.ConfigurationHelper.csproj", "{1FF9F095-C832-4A1B-920D-C66D8C3BEAAA}"
EndProject
Project("{2150E333-8FDC-42A3-9474-1A3956D46DE8}") = "Demo", "Demo", "{D618B600-502D-4FDA-AD98-C79485A2596F}"
EndProject
Project("{9A19103F-16F7-4668-BE54-9A1E7A4F7556}") = "Materal.CacheHelper", "Materal.CacheHelper\Materal.CacheHelper.csproj", "{26721C11-91B8-46E7-A657-97EEDA851B81}"
EndProject
Project("{9A19103F-16F7-4668-BE54-9A1E7A4F7556}") = "Materal.DateTimeHelper", "Materal.DateTimeHelper\Materal.DateTimeHelper.csproj", "{D89E25A3-D717-48CA-A104-CCA402AEAB77}"
EndProject
Project("{9A19103F-16F7-4668-BE54-9A1E7A4F7556}") = "Materal.LinqHelper", "Materal.LinqHelper\Materal.LinqHelper.csproj", "{83ADA8FC-0A15-4BEC-898F-584A2CC71915}"
EndProject
Project("{9A19103F-16F7-4668-BE54-9A1E7A4F7556}") = "Materal.EnumHelper", "Materal.EnumHelper\Materal.EnumHelper.csproj", "{F502855D-EBA3-47F6-870D-1E3F73E815D0}"
EndProject
Project("{FAE04EC0-301F-11D3-BF4B-00C04F79EFBC}") = "Materal.WebHelper", "Materal.WebHelper\Materal.WebHelper.csproj", "{2574F603-4B6C-4A30-BFDD-E3BC09EEDFDF}"
EndProject
Global
	GlobalSection(SolutionConfigurationPlatforms) = preSolution
		Debug|Any CPU = Debug|Any CPU
		Release|Any CPU = Release|Any CPU
	EndGlobalSection
	GlobalSection(ProjectConfigurationPlatforms) = postSolution
		{4486623A-E2F2-4656-92DE-65024EB3B9B7}.Debug|Any CPU.ActiveCfg = Debug|Any CPU
		{4486623A-E2F2-4656-92DE-65024EB3B9B7}.Debug|Any CPU.Build.0 = Debug|Any CPU
		{4486623A-E2F2-4656-92DE-65024EB3B9B7}.Release|Any CPU.ActiveCfg = Release|Any CPU
		{4486623A-E2F2-4656-92DE-65024EB3B9B7}.Release|Any CPU.Build.0 = Release|Any CPU
		{88110D3C-76E9-4B26-808A-7B92ABC6038A}.Debug|Any CPU.ActiveCfg = Debug|Any CPU
		{88110D3C-76E9-4B26-808A-7B92ABC6038A}.Debug|Any CPU.Build.0 = Debug|Any CPU
		{88110D3C-76E9-4B26-808A-7B92ABC6038A}.Release|Any CPU.ActiveCfg = Release|Any CPU
		{88110D3C-76E9-4B26-808A-7B92ABC6038A}.Release|Any CPU.Build.0 = Release|Any CPU
		{177A4D6E-CDD9-406B-BF45-54E6C6943E42}.Debug|Any CPU.ActiveCfg = Debug|Any CPU
		{177A4D6E-CDD9-406B-BF45-54E6C6943E42}.Debug|Any CPU.Build.0 = Debug|Any CPU
		{177A4D6E-CDD9-406B-BF45-54E6C6943E42}.Release|Any CPU.ActiveCfg = Release|Any CPU
		{177A4D6E-CDD9-406B-BF45-54E6C6943E42}.Release|Any CPU.Build.0 = Release|Any CPU
		{FBC1E855-FCBB-4FEB-B3AD-9EA676E4FEEE}.Debug|Any CPU.ActiveCfg = Debug|Any CPU
		{FBC1E855-FCBB-4FEB-B3AD-9EA676E4FEEE}.Debug|Any CPU.Build.0 = Debug|Any CPU
		{FBC1E855-FCBB-4FEB-B3AD-9EA676E4FEEE}.Release|Any CPU.ActiveCfg = Release|Any CPU
		{FBC1E855-FCBB-4FEB-B3AD-9EA676E4FEEE}.Release|Any CPU.Build.0 = Release|Any CPU
		{C7BF7835-EE75-4A9E-B89F-CD25F1CE9235}.Debug|Any CPU.ActiveCfg = Debug|Any CPU
		{C7BF7835-EE75-4A9E-B89F-CD25F1CE9235}.Debug|Any CPU.Build.0 = Debug|Any CPU
		{C7BF7835-EE75-4A9E-B89F-CD25F1CE9235}.Release|Any CPU.ActiveCfg = Release|Any CPU
		{C7BF7835-EE75-4A9E-B89F-CD25F1CE9235}.Release|Any CPU.Build.0 = Release|Any CPU
		{9E87B1B0-1FBF-48F2-9728-45282A28C2D7}.Debug|Any CPU.ActiveCfg = Debug|Any CPU
		{9E87B1B0-1FBF-48F2-9728-45282A28C2D7}.Debug|Any CPU.Build.0 = Debug|Any CPU
		{9E87B1B0-1FBF-48F2-9728-45282A28C2D7}.Release|Any CPU.ActiveCfg = Release|Any CPU
		{9E87B1B0-1FBF-48F2-9728-45282A28C2D7}.Release|Any CPU.Build.0 = Release|Any CPU
		{030AED0B-3219-435C-B402-28991BC2E672}.Debug|Any CPU.ActiveCfg = Debug|Any CPU
		{030AED0B-3219-435C-B402-28991BC2E672}.Debug|Any CPU.Build.0 = Debug|Any CPU
		{030AED0B-3219-435C-B402-28991BC2E672}.Release|Any CPU.ActiveCfg = Release|Any CPU
		{030AED0B-3219-435C-B402-28991BC2E672}.Release|Any CPU.Build.0 = Release|Any CPU
		{03589A52-1D79-4762-A2E1-E1547BD146FD}.Debug|Any CPU.ActiveCfg = Debug|Any CPU
		{03589A52-1D79-4762-A2E1-E1547BD146FD}.Debug|Any CPU.Build.0 = Debug|Any CPU
		{03589A52-1D79-4762-A2E1-E1547BD146FD}.Release|Any CPU.ActiveCfg = Release|Any CPU
		{03589A52-1D79-4762-A2E1-E1547BD146FD}.Release|Any CPU.Build.0 = Release|Any CPU
		{1FF9F095-C832-4A1B-920D-C66D8C3BEAAA}.Debug|Any CPU.ActiveCfg = Debug|Any CPU
		{1FF9F095-C832-4A1B-920D-C66D8C3BEAAA}.Debug|Any CPU.Build.0 = Debug|Any CPU
		{1FF9F095-C832-4A1B-920D-C66D8C3BEAAA}.Release|Any CPU.ActiveCfg = Release|Any CPU
		{1FF9F095-C832-4A1B-920D-C66D8C3BEAAA}.Release|Any CPU.Build.0 = Release|Any CPU
		{26721C11-91B8-46E7-A657-97EEDA851B81}.Debug|Any CPU.ActiveCfg = Debug|Any CPU
		{26721C11-91B8-46E7-A657-97EEDA851B81}.Debug|Any CPU.Build.0 = Debug|Any CPU
		{26721C11-91B8-46E7-A657-97EEDA851B81}.Release|Any CPU.ActiveCfg = Release|Any CPU
		{26721C11-91B8-46E7-A657-97EEDA851B81}.Release|Any CPU.Build.0 = Release|Any CPU
		{D89E25A3-D717-48CA-A104-CCA402AEAB77}.Debug|Any CPU.ActiveCfg = Debug|Any CPU
		{D89E25A3-D717-48CA-A104-CCA402AEAB77}.Debug|Any CPU.Build.0 = Debug|Any CPU
		{D89E25A3-D717-48CA-A104-CCA402AEAB77}.Release|Any CPU.ActiveCfg = Release|Any CPU
		{D89E25A3-D717-48CA-A104-CCA402AEAB77}.Release|Any CPU.Build.0 = Release|Any CPU
		{83ADA8FC-0A15-4BEC-898F-584A2CC71915}.Debug|Any CPU.ActiveCfg = Debug|Any CPU
		{83ADA8FC-0A15-4BEC-898F-584A2CC71915}.Debug|Any CPU.Build.0 = Debug|Any CPU
		{83ADA8FC-0A15-4BEC-898F-584A2CC71915}.Release|Any CPU.ActiveCfg = Release|Any CPU
		{83ADA8FC-0A15-4BEC-898F-584A2CC71915}.Release|Any CPU.Build.0 = Release|Any CPU
		{F502855D-EBA3-47F6-870D-1E3F73E815D0}.Debug|Any CPU.ActiveCfg = Debug|Any CPU
		{F502855D-EBA3-47F6-870D-1E3F73E815D0}.Debug|Any CPU.Build.0 = Debug|Any CPU
		{F502855D-EBA3-47F6-870D-1E3F73E815D0}.Release|Any CPU.ActiveCfg = Release|Any CPU
		{F502855D-EBA3-47F6-870D-1E3F73E815D0}.Release|Any CPU.Build.0 = Release|Any CPU
		{2574F603-4B6C-4A30-BFDD-E3BC09EEDFDF}.Debug|Any CPU.ActiveCfg = Debug|Any CPU
		{2574F603-4B6C-4A30-BFDD-E3BC09EEDFDF}.Debug|Any CPU.Build.0 = Debug|Any CPU
		{2574F603-4B6C-4A30-BFDD-E3BC09EEDFDF}.Release|Any CPU.ActiveCfg = Release|Any CPU
		{2574F603-4B6C-4A30-BFDD-E3BC09EEDFDF}.Release|Any CPU.Build.0 = Release|Any CPU
	EndGlobalSection
	GlobalSection(SolutionProperties) = preSolution
		HideSolutionNode = FALSE
	EndGlobalSection
	GlobalSection(NestedProjects) = preSolution
		{177A4D6E-CDD9-406B-BF45-54E6C6943E42} = {D618B600-502D-4FDA-AD98-C79485A2596F}
	EndGlobalSection
	GlobalSection(ExtensibilityGlobals) = postSolution
		SolutionGuid = {44D71214-490E-42D6-969C-BDC35C93BEA5}
	EndGlobalSection
EndGlobal
