
Microsoft Visual Studio Solution File, Format Version 12.00
# Visual Studio 15
VisualStudioVersion = 15.0.28010.2048
MinimumVisualStudioVersion = 10.0.40219.1
Project("{2150E333-8FDC-42A3-9474-1A3956D46DE8}") = "Demo", "Demo", "{E6641727-5571-4537-94C8-4B2A00BB3E1E}"
EndProject
Project("{9A19103F-16F7-4668-BE54-9A1E7A4F7556}") = "Materal.DotNetty.ClientDemo", "Materal.DotNetty.ClientDemo\Materal.DotNetty.ClientDemo.csproj", "{1827BEC3-9365-40E3-A038-F1AFB135A8C8}"
EndProject
Project("{9A19103F-16F7-4668-BE54-9A1E7A4F7556}") = "Materal.DotNetty.ServerDome", "Materal.DotNetty.ServerDome\Materal.DotNetty.ServerDome.csproj", "{F15E21F8-80BD-4205-9BF9-A0E6790EA21E}"
EndProject
Project("{9A19103F-16F7-4668-BE54-9A1E7A4F7556}") = "Materal.DotNetty.Client", "Materal.DotNetty.Client\Materal.DotNetty.Client.csproj", "{942D5DE8-033C-4D2E-8176-EBB28DC48AE9}"
EndProject
Project("{9A19103F-16F7-4668-BE54-9A1E7A4F7556}") = "Materal.WebSocket", "Materal.WebSocket\Materal.WebSocket.csproj", "{22D5E7CD-7450-423B-810B-E74861CFFA2A}"
EndProject
Project("{9A19103F-16F7-4668-BE54-9A1E7A4F7556}") = "TestClient.CommandHandlers", "TestClient.CommandHandlers\TestClient.CommandHandlers.csproj", "{D3A43D86-B2B2-44B2-AF58-B201D2282A97}"
EndProject
Project("{9A19103F-16F7-4668-BE54-9A1E7A4F7556}") = "TestClient.Commands", "TestClient.Commands\TestClient.Commands.csproj", "{403C0EB9-F40D-4515-87C3-1B152641D2BF}"
EndProject
Project("{9A19103F-16F7-4668-BE54-9A1E7A4F7556}") = "TestClient.Common", "TestClient.Common\TestClient.Common.csproj", "{64BF9315-291A-4427-8AEE-1772ECFF3F09}"
EndProject
Project("{9A19103F-16F7-4668-BE54-9A1E7A4F7556}") = "TestClient.EventHandlers", "TestClient.EventHandlers\TestClient.EventHandlers.csproj", "{24AB0978-B58A-44D5-A292-46225E055331}"
EndProject
Project("{9A19103F-16F7-4668-BE54-9A1E7A4F7556}") = "TestClient.Events", "TestClient.Events\TestClient.Events.csproj", "{F88EB149-F3B0-446C-80D4-BF1C1863C53D}"
EndProject
Project("{9A19103F-16F7-4668-BE54-9A1E7A4F7556}") = "TestClient.WebSocketClient", "TestClient.WebSocketClient\TestClient.WebSocketClient.csproj", "{53EADADD-229B-4553-8CF9-0BED34A42A8C}"
EndProject
Project("{9A19103F-16F7-4668-BE54-9A1E7A4F7556}") = "TestClient.UI", "TestClient.UI\TestClient.UI.csproj", "{0825CF69-B93A-4951-95F0-BAF8F48043CC}"
EndProject
Global
	GlobalSection(SolutionConfigurationPlatforms) = preSolution
		Debug|Any CPU = Debug|Any CPU
		Release|Any CPU = Release|Any CPU
	EndGlobalSection
	GlobalSection(ProjectConfigurationPlatforms) = postSolution
		{1827BEC3-9365-40E3-A038-F1AFB135A8C8}.Debug|Any CPU.ActiveCfg = Debug|Any CPU
		{1827BEC3-9365-40E3-A038-F1AFB135A8C8}.Debug|Any CPU.Build.0 = Debug|Any CPU
		{1827BEC3-9365-40E3-A038-F1AFB135A8C8}.Release|Any CPU.ActiveCfg = Release|Any CPU
		{1827BEC3-9365-40E3-A038-F1AFB135A8C8}.Release|Any CPU.Build.0 = Release|Any CPU
		{F15E21F8-80BD-4205-9BF9-A0E6790EA21E}.Debug|Any CPU.ActiveCfg = Debug|Any CPU
		{F15E21F8-80BD-4205-9BF9-A0E6790EA21E}.Debug|Any CPU.Build.0 = Debug|Any CPU
		{F15E21F8-80BD-4205-9BF9-A0E6790EA21E}.Release|Any CPU.ActiveCfg = Release|Any CPU
		{F15E21F8-80BD-4205-9BF9-A0E6790EA21E}.Release|Any CPU.Build.0 = Release|Any CPU
		{942D5DE8-033C-4D2E-8176-EBB28DC48AE9}.Debug|Any CPU.ActiveCfg = Debug|Any CPU
		{942D5DE8-033C-4D2E-8176-EBB28DC48AE9}.Debug|Any CPU.Build.0 = Debug|Any CPU
		{942D5DE8-033C-4D2E-8176-EBB28DC48AE9}.Release|Any CPU.ActiveCfg = Release|Any CPU
		{942D5DE8-033C-4D2E-8176-EBB28DC48AE9}.Release|Any CPU.Build.0 = Release|Any CPU
		{22D5E7CD-7450-423B-810B-E74861CFFA2A}.Debug|Any CPU.ActiveCfg = Debug|Any CPU
		{22D5E7CD-7450-423B-810B-E74861CFFA2A}.Debug|Any CPU.Build.0 = Debug|Any CPU
		{22D5E7CD-7450-423B-810B-E74861CFFA2A}.Release|Any CPU.ActiveCfg = Release|Any CPU
		{22D5E7CD-7450-423B-810B-E74861CFFA2A}.Release|Any CPU.Build.0 = Release|Any CPU
		{D3A43D86-B2B2-44B2-AF58-B201D2282A97}.Debug|Any CPU.ActiveCfg = Debug|Any CPU
		{D3A43D86-B2B2-44B2-AF58-B201D2282A97}.Debug|Any CPU.Build.0 = Debug|Any CPU
		{D3A43D86-B2B2-44B2-AF58-B201D2282A97}.Release|Any CPU.ActiveCfg = Release|Any CPU
		{D3A43D86-B2B2-44B2-AF58-B201D2282A97}.Release|Any CPU.Build.0 = Release|Any CPU
		{403C0EB9-F40D-4515-87C3-1B152641D2BF}.Debug|Any CPU.ActiveCfg = Debug|Any CPU
		{403C0EB9-F40D-4515-87C3-1B152641D2BF}.Debug|Any CPU.Build.0 = Debug|Any CPU
		{403C0EB9-F40D-4515-87C3-1B152641D2BF}.Release|Any CPU.ActiveCfg = Release|Any CPU
		{403C0EB9-F40D-4515-87C3-1B152641D2BF}.Release|Any CPU.Build.0 = Release|Any CPU
		{64BF9315-291A-4427-8AEE-1772ECFF3F09}.Debug|Any CPU.ActiveCfg = Debug|Any CPU
		{64BF9315-291A-4427-8AEE-1772ECFF3F09}.Debug|Any CPU.Build.0 = Debug|Any CPU
		{64BF9315-291A-4427-8AEE-1772ECFF3F09}.Release|Any CPU.ActiveCfg = Release|Any CPU
		{64BF9315-291A-4427-8AEE-1772ECFF3F09}.Release|Any CPU.Build.0 = Release|Any CPU
		{24AB0978-B58A-44D5-A292-46225E055331}.Debug|Any CPU.ActiveCfg = Debug|Any CPU
		{24AB0978-B58A-44D5-A292-46225E055331}.Debug|Any CPU.Build.0 = Debug|Any CPU
		{24AB0978-B58A-44D5-A292-46225E055331}.Release|Any CPU.ActiveCfg = Release|Any CPU
		{24AB0978-B58A-44D5-A292-46225E055331}.Release|Any CPU.Build.0 = Release|Any CPU
		{F88EB149-F3B0-446C-80D4-BF1C1863C53D}.Debug|Any CPU.ActiveCfg = Debug|Any CPU
		{F88EB149-F3B0-446C-80D4-BF1C1863C53D}.Debug|Any CPU.Build.0 = Debug|Any CPU
		{F88EB149-F3B0-446C-80D4-BF1C1863C53D}.Release|Any CPU.ActiveCfg = Release|Any CPU
		{F88EB149-F3B0-446C-80D4-BF1C1863C53D}.Release|Any CPU.Build.0 = Release|Any CPU
		{53EADADD-229B-4553-8CF9-0BED34A42A8C}.Debug|Any CPU.ActiveCfg = Debug|Any CPU
		{53EADADD-229B-4553-8CF9-0BED34A42A8C}.Debug|Any CPU.Build.0 = Debug|Any CPU
		{53EADADD-229B-4553-8CF9-0BED34A42A8C}.Release|Any CPU.ActiveCfg = Release|Any CPU
		{53EADADD-229B-4553-8CF9-0BED34A42A8C}.Release|Any CPU.Build.0 = Release|Any CPU
		{0825CF69-B93A-4951-95F0-BAF8F48043CC}.Debug|Any CPU.ActiveCfg = Debug|Any CPU
		{0825CF69-B93A-4951-95F0-BAF8F48043CC}.Debug|Any CPU.Build.0 = Debug|Any CPU
		{0825CF69-B93A-4951-95F0-BAF8F48043CC}.Release|Any CPU.ActiveCfg = Release|Any CPU
		{0825CF69-B93A-4951-95F0-BAF8F48043CC}.Release|Any CPU.Build.0 = Release|Any CPU
	EndGlobalSection
	GlobalSection(SolutionProperties) = preSolution
		HideSolutionNode = FALSE
	EndGlobalSection
	GlobalSection(NestedProjects) = preSolution
		{1827BEC3-9365-40E3-A038-F1AFB135A8C8} = {E6641727-5571-4537-94C8-4B2A00BB3E1E}
		{F15E21F8-80BD-4205-9BF9-A0E6790EA21E} = {E6641727-5571-4537-94C8-4B2A00BB3E1E}
		{D3A43D86-B2B2-44B2-AF58-B201D2282A97} = {E6641727-5571-4537-94C8-4B2A00BB3E1E}
		{403C0EB9-F40D-4515-87C3-1B152641D2BF} = {E6641727-5571-4537-94C8-4B2A00BB3E1E}
		{64BF9315-291A-4427-8AEE-1772ECFF3F09} = {E6641727-5571-4537-94C8-4B2A00BB3E1E}
		{24AB0978-B58A-44D5-A292-46225E055331} = {E6641727-5571-4537-94C8-4B2A00BB3E1E}
		{F88EB149-F3B0-446C-80D4-BF1C1863C53D} = {E6641727-5571-4537-94C8-4B2A00BB3E1E}
		{53EADADD-229B-4553-8CF9-0BED34A42A8C} = {E6641727-5571-4537-94C8-4B2A00BB3E1E}
		{0825CF69-B93A-4951-95F0-BAF8F48043CC} = {E6641727-5571-4537-94C8-4B2A00BB3E1E}
	EndGlobalSection
	GlobalSection(ExtensibilityGlobals) = postSolution
		SolutionGuid = {718ED6B6-C54A-46E5-8137-3681A2AE6A6D}
	EndGlobalSection
EndGlobal
