
Microsoft Visual Studio Solution File, Format Version 12.00
# Visual Studio Version 17
VisualStudioVersion = 17.4.33103.184
MinimumVisualStudioVersion = 10.0.40219.1
Project("{2150E333-8FDC-42A3-9474-1A3956D46DE8}") = "HttpClient", "HttpClient", "{10ADE7AC-82B2-40F0-B557-52E1AA9C76E7}"
EndProject
Project("{9A19103F-16F7-4668-BE54-9A1E7A4F7556}") = "Materal.HttpGenerator", "Materal.HttpGenerator\Materal.HttpGenerator.csproj", "{D417D944-E5E4-4599-83BA-7BD0E833BBE8}"
EndProject
Project("{9A19103F-16F7-4668-BE54-9A1E7A4F7556}") = "Materal.HttpGenerator.ConsoleDemo", "Materal.HttpGenerator.ConsoleDemo\Materal.HttpGenerator.ConsoleDemo.csproj", "{2B8CEA3A-B57A-44F3-8D73-14A193AC014A}"
EndProject
Project("{9A19103F-16F7-4668-BE54-9A1E7A4F7556}") = "XMJ.Authority.HttpClient", "Materal.HttpGenerator.ConsoleDemo\bin\Debug\net6.0\HttpClientOutput\XMJ.Authority.HttpClient.csproj", "{9587EE0D-F1D7-425B-AA3E-33E8393EADC2}"
EndProject
Global
	GlobalSection(SolutionConfigurationPlatforms) = preSolution
		Debug|Any CPU = Debug|Any CPU
		Debug|x64 = Debug|x64
		Release|Any CPU = Release|Any CPU
		Release|x64 = Release|x64
	EndGlobalSection
	GlobalSection(ProjectConfigurationPlatforms) = postSolution
		{D417D944-E5E4-4599-83BA-7BD0E833BBE8}.Debug|Any CPU.ActiveCfg = Debug|Any CPU
		{D417D944-E5E4-4599-83BA-7BD0E833BBE8}.Debug|Any CPU.Build.0 = Debug|Any CPU
		{D417D944-E5E4-4599-83BA-7BD0E833BBE8}.Debug|x64.ActiveCfg = Debug|Any CPU
		{D417D944-E5E4-4599-83BA-7BD0E833BBE8}.Debug|x64.Build.0 = Debug|Any CPU
		{D417D944-E5E4-4599-83BA-7BD0E833BBE8}.Release|Any CPU.ActiveCfg = Release|Any CPU
		{D417D944-E5E4-4599-83BA-7BD0E833BBE8}.Release|Any CPU.Build.0 = Release|Any CPU
		{D417D944-E5E4-4599-83BA-7BD0E833BBE8}.Release|x64.ActiveCfg = Release|Any CPU
		{D417D944-E5E4-4599-83BA-7BD0E833BBE8}.Release|x64.Build.0 = Release|Any CPU
		{2B8CEA3A-B57A-44F3-8D73-14A193AC014A}.Debug|Any CPU.ActiveCfg = Debug|Any CPU
		{2B8CEA3A-B57A-44F3-8D73-14A193AC014A}.Debug|Any CPU.Build.0 = Debug|Any CPU
		{2B8CEA3A-B57A-44F3-8D73-14A193AC014A}.Debug|x64.ActiveCfg = Debug|Any CPU
		{2B8CEA3A-B57A-44F3-8D73-14A193AC014A}.Debug|x64.Build.0 = Debug|Any CPU
		{2B8CEA3A-B57A-44F3-8D73-14A193AC014A}.Release|Any CPU.ActiveCfg = Release|Any CPU
		{2B8CEA3A-B57A-44F3-8D73-14A193AC014A}.Release|Any CPU.Build.0 = Release|Any CPU
		{2B8CEA3A-B57A-44F3-8D73-14A193AC014A}.Release|x64.ActiveCfg = Release|Any CPU
		{2B8CEA3A-B57A-44F3-8D73-14A193AC014A}.Release|x64.Build.0 = Release|Any CPU
		{9587EE0D-F1D7-425B-AA3E-33E8393EADC2}.Debug|Any CPU.ActiveCfg = Debug|Any CPU
		{9587EE0D-F1D7-425B-AA3E-33E8393EADC2}.Debug|Any CPU.Build.0 = Debug|Any CPU
		{9587EE0D-F1D7-425B-AA3E-33E8393EADC2}.Debug|x64.ActiveCfg = Debug|Any CPU
		{9587EE0D-F1D7-425B-AA3E-33E8393EADC2}.Debug|x64.Build.0 = Debug|Any CPU
		{9587EE0D-F1D7-425B-AA3E-33E8393EADC2}.Release|Any CPU.ActiveCfg = Release|Any CPU
		{9587EE0D-F1D7-425B-AA3E-33E8393EADC2}.Release|Any CPU.Build.0 = Release|Any CPU
		{9587EE0D-F1D7-425B-AA3E-33E8393EADC2}.Release|x64.ActiveCfg = Release|Any CPU
		{9587EE0D-F1D7-425B-AA3E-33E8393EADC2}.Release|x64.Build.0 = Release|Any CPU
	EndGlobalSection
	GlobalSection(SolutionProperties) = preSolution
		HideSolutionNode = FALSE
	EndGlobalSection
	GlobalSection(NestedProjects) = preSolution
		{D417D944-E5E4-4599-83BA-7BD0E833BBE8} = {10ADE7AC-82B2-40F0-B557-52E1AA9C76E7}
		{2B8CEA3A-B57A-44F3-8D73-14A193AC014A} = {10ADE7AC-82B2-40F0-B557-52E1AA9C76E7}
	EndGlobalSection
	GlobalSection(ExtensibilityGlobals) = postSolution
		SolutionGuid = {80C86F7C-6A49-43ED-9CE3-66177C4488C9}
	EndGlobalSection
EndGlobal
