lockfileVersion: '9.0'

settings:
  autoInstallPeers: true
  excludeLinksFromLockfile: false

importers:

  .:
    dependencies:
      '@guolao/vue-monaco-editor':
        specifier: ^1.5.1
        version: 1.5.1(monaco-editor@0.45.0)(vue@3.4.27(typescript@5.4.5))
      '@microsoft/signalr':
        specifier: ^8.0.0
        version: 8.0.0
      axios:
        specifier: ^1.6.8
        version: 1.6.8
      monaco-editor:
        specifier: ^0.45.0
        version: 0.45.0
      vue:
        specifier: ^3.4.27
        version: 3.4.27(typescript@5.4.5)
    devDependencies:
      '@arco-design/web-vue':
        specifier: ^2.55.1
        version: 2.55.1(vue@3.4.27(typescript@5.4.5))
      '@vitejs/plugin-vue':
        specifier: ^4.6.2
        version: 4.6.2(vite@5.2.11)(vue@3.4.27(typescript@5.4.5))
      typescript:
        specifier: ^5.4.5
        version: 5.4.5
      vite:
        specifier: ^5.2.11
        version: 5.2.11
      vite-plugin-monaco-editor:
        specifier: ^1.1.0
        version: 1.1.0(monaco-editor@0.45.0)
      vue-tsc:
        specifier: ^1.8.27
        version: 1.8.27(typescript@5.4.5)

packages:

  '@arco-design/color@0.4.0':
    resolution: {integrity: sha512-s7p9MSwJgHeL8DwcATaXvWT3m2SigKpxx4JA1BGPHL4gfvaQsmQfrLBDpjOJFJuJ2jG2dMt3R3P8Pm9E65q18g==}

  '@arco-design/web-vue@2.55.1':
    resolution: {integrity: sha512-MI0mteI4B1+UAKAslCrV2zqRKHWwkjLjdOpOLAR36cAbYhtlj7Tel3yAjGHk5zsQ1ODZX60OFfRfl66pq6919A==}
    peerDependencies:
      vue: ^3.1.0

  '@babel/helper-string-parser@7.24.1':
    resolution: {integrity: sha512-2ofRCjnnA9y+wk8b9IAREroeUP02KHp431N2mhKniy2yKIDKpbrHv9eXwm8cBeWQYcJmzv5qKCu65P47eCF7CQ==}
    engines: {node: '>=6.9.0'}

  '@babel/helper-validator-identifier@7.24.5':
    resolution: {integrity: sha512-3q93SSKX2TWCG30M2G2kwaKeTYgEUp5Snjuj8qm729SObL6nbtUldAi37qbxkD5gg3xnBio+f9nqpSepGZMvxA==}
    engines: {node: '>=6.9.0'}

  '@babel/parser@7.24.5':
    resolution: {integrity: sha512-EOv5IK8arwh3LI47dz1b0tKUb/1uhHAnHJOrjgtQMIpu1uXd9mlFrJg9IUgGUgZ41Ch0K8REPTYpO7B76b4vJg==}
    engines: {node: '>=6.0.0'}
    hasBin: true

  '@babel/types@7.24.5':
    resolution: {integrity: sha512-6mQNsaLeXTw0nxYUYu+NSa4Hx4BlF1x1x8/PMFbiR+GBSr+2DkECc69b8hgy2frEodNcvPffeH8YfWd3LI6jhQ==}
    engines: {node: '>=6.9.0'}

  '@esbuild/aix-ppc64@0.20.2':
    resolution: {integrity: sha512-D+EBOJHXdNZcLJRBkhENNG8Wji2kgc9AZ9KiPr1JuZjsNtyHzrsfLRrY0tk2H2aoFu6RANO1y1iPPUCDYWkb5g==}
    engines: {node: '>=12'}
    cpu: [ppc64]
    os: [aix]

  '@esbuild/android-arm64@0.20.2':
    resolution: {integrity: sha512-mRzjLacRtl/tWU0SvD8lUEwb61yP9cqQo6noDZP/O8VkwafSYwZ4yWy24kan8jE/IMERpYncRt2dw438LP3Xmg==}
    engines: {node: '>=12'}
    cpu: [arm64]
    os: [android]

  '@esbuild/android-arm@0.20.2':
    resolution: {integrity: sha512-t98Ra6pw2VaDhqNWO2Oph2LXbz/EJcnLmKLGBJwEwXX/JAN83Fym1rU8l0JUWK6HkIbWONCSSatf4sf2NBRx/w==}
    engines: {node: '>=12'}
    cpu: [arm]
    os: [android]

  '@esbuild/android-x64@0.20.2':
    resolution: {integrity: sha512-btzExgV+/lMGDDa194CcUQm53ncxzeBrWJcncOBxuC6ndBkKxnHdFJn86mCIgTELsooUmwUm9FkhSp5HYu00Rg==}
    engines: {node: '>=12'}
    cpu: [x64]
    os: [android]

  '@esbuild/darwin-arm64@0.20.2':
    resolution: {integrity: sha512-4J6IRT+10J3aJH3l1yzEg9y3wkTDgDk7TSDFX+wKFiWjqWp/iCfLIYzGyasx9l0SAFPT1HwSCR+0w/h1ES/MjA==}
    engines: {node: '>=12'}
    cpu: [arm64]
    os: [darwin]

  '@esbuild/darwin-x64@0.20.2':
    resolution: {integrity: sha512-tBcXp9KNphnNH0dfhv8KYkZhjc+H3XBkF5DKtswJblV7KlT9EI2+jeA8DgBjp908WEuYll6pF+UStUCfEpdysA==}
    engines: {node: '>=12'}
    cpu: [x64]
    os: [darwin]

  '@esbuild/freebsd-arm64@0.20.2':
    resolution: {integrity: sha512-d3qI41G4SuLiCGCFGUrKsSeTXyWG6yem1KcGZVS+3FYlYhtNoNgYrWcvkOoaqMhwXSMrZRl69ArHsGJ9mYdbbw==}
    engines: {node: '>=12'}
    cpu: [arm64]
    os: [freebsd]

  '@esbuild/freebsd-x64@0.20.2':
    resolution: {integrity: sha512-d+DipyvHRuqEeM5zDivKV1KuXn9WeRX6vqSqIDgwIfPQtwMP4jaDsQsDncjTDDsExT4lR/91OLjRo8bmC1e+Cw==}
    engines: {node: '>=12'}
    cpu: [x64]
    os: [freebsd]

  '@esbuild/linux-arm64@0.20.2':
    resolution: {integrity: sha512-9pb6rBjGvTFNira2FLIWqDk/uaf42sSyLE8j1rnUpuzsODBq7FvpwHYZxQ/It/8b+QOS1RYfqgGFNLRI+qlq2A==}
    engines: {node: '>=12'}
    cpu: [arm64]
    os: [linux]

  '@esbuild/linux-arm@0.20.2':
    resolution: {integrity: sha512-VhLPeR8HTMPccbuWWcEUD1Az68TqaTYyj6nfE4QByZIQEQVWBB8vup8PpR7y1QHL3CpcF6xd5WVBU/+SBEvGTg==}
    engines: {node: '>=12'}
    cpu: [arm]
    os: [linux]

  '@esbuild/linux-ia32@0.20.2':
    resolution: {integrity: sha512-o10utieEkNPFDZFQm9CoP7Tvb33UutoJqg3qKf1PWVeeJhJw0Q347PxMvBgVVFgouYLGIhFYG0UGdBumROyiig==}
    engines: {node: '>=12'}
    cpu: [ia32]
    os: [linux]

  '@esbuild/linux-loong64@0.20.2':
    resolution: {integrity: sha512-PR7sp6R/UC4CFVomVINKJ80pMFlfDfMQMYynX7t1tNTeivQ6XdX5r2XovMmha/VjR1YN/HgHWsVcTRIMkymrgQ==}
    engines: {node: '>=12'}
    cpu: [loong64]
    os: [linux]

  '@esbuild/linux-mips64el@0.20.2':
    resolution: {integrity: sha512-4BlTqeutE/KnOiTG5Y6Sb/Hw6hsBOZapOVF6njAESHInhlQAghVVZL1ZpIctBOoTFbQyGW+LsVYZ8lSSB3wkjA==}
    engines: {node: '>=12'}
    cpu: [mips64el]
    os: [linux]

  '@esbuild/linux-ppc64@0.20.2':
    resolution: {integrity: sha512-rD3KsaDprDcfajSKdn25ooz5J5/fWBylaaXkuotBDGnMnDP1Uv5DLAN/45qfnf3JDYyJv/ytGHQaziHUdyzaAg==}
    engines: {node: '>=12'}
    cpu: [ppc64]
    os: [linux]

  '@esbuild/linux-riscv64@0.20.2':
    resolution: {integrity: sha512-snwmBKacKmwTMmhLlz/3aH1Q9T8v45bKYGE3j26TsaOVtjIag4wLfWSiZykXzXuE1kbCE+zJRmwp+ZbIHinnVg==}
    engines: {node: '>=12'}
    cpu: [riscv64]
    os: [linux]

  '@esbuild/linux-s390x@0.20.2':
    resolution: {integrity: sha512-wcWISOobRWNm3cezm5HOZcYz1sKoHLd8VL1dl309DiixxVFoFe/o8HnwuIwn6sXre88Nwj+VwZUvJf4AFxkyrQ==}
    engines: {node: '>=12'}
    cpu: [s390x]
    os: [linux]

  '@esbuild/linux-x64@0.20.2':
    resolution: {integrity: sha512-1MdwI6OOTsfQfek8sLwgyjOXAu+wKhLEoaOLTjbijk6E2WONYpH9ZU2mNtR+lZ2B4uwr+usqGuVfFT9tMtGvGw==}
    engines: {node: '>=12'}
    cpu: [x64]
    os: [linux]

  '@esbuild/netbsd-x64@0.20.2':
    resolution: {integrity: sha512-K8/DhBxcVQkzYc43yJXDSyjlFeHQJBiowJ0uVL6Tor3jGQfSGHNNJcWxNbOI8v5k82prYqzPuwkzHt3J1T1iZQ==}
    engines: {node: '>=12'}
    cpu: [x64]
    os: [netbsd]

  '@esbuild/openbsd-x64@0.20.2':
    resolution: {integrity: sha512-eMpKlV0SThJmmJgiVyN9jTPJ2VBPquf6Kt/nAoo6DgHAoN57K15ZghiHaMvqjCye/uU4X5u3YSMgVBI1h3vKrQ==}
    engines: {node: '>=12'}
    cpu: [x64]
    os: [openbsd]

  '@esbuild/sunos-x64@0.20.2':
    resolution: {integrity: sha512-2UyFtRC6cXLyejf/YEld4Hajo7UHILetzE1vsRcGL3earZEW77JxrFjH4Ez2qaTiEfMgAXxfAZCm1fvM/G/o8w==}
    engines: {node: '>=12'}
    cpu: [x64]
    os: [sunos]

  '@esbuild/win32-arm64@0.20.2':
    resolution: {integrity: sha512-GRibxoawM9ZCnDxnP3usoUDO9vUkpAxIIZ6GQI+IlVmr5kP3zUq+l17xELTHMWTWzjxa2guPNyrpq1GWmPvcGQ==}
    engines: {node: '>=12'}
    cpu: [arm64]
    os: [win32]

  '@esbuild/win32-ia32@0.20.2':
    resolution: {integrity: sha512-HfLOfn9YWmkSKRQqovpnITazdtquEW8/SoHW7pWpuEeguaZI4QnCRW6b+oZTztdBnZOS2hqJ6im/D5cPzBTTlQ==}
    engines: {node: '>=12'}
    cpu: [ia32]
    os: [win32]

  '@esbuild/win32-x64@0.20.2':
    resolution: {integrity: sha512-N49X4lJX27+l9jbLKSqZ6bKNjzQvHaT8IIFUy+YIqmXQdjYCToGWwOItDrfby14c78aDd5NHQl29xingXfCdLQ==}
    engines: {node: '>=12'}
    cpu: [x64]
    os: [win32]

  '@guolao/vue-monaco-editor@1.5.1':
    resolution: {integrity: sha512-nhbQHDAwsxrdH/yitcrBgAkN8Cae0IEiYe/M3LWK8bSJRfapkbMyfTHE6Gcxsxa/6efSUZAPDo8dJWBDx5GZyA==}
    peerDependencies:
      '@vue/composition-api': ^1.7.1
      monaco-editor: '>=0.43.0'
      vue: ^2.6.14 || >=3.0.0
    peerDependenciesMeta:
      '@vue/composition-api':
        optional: true

  '@jridgewell/sourcemap-codec@1.4.15':
    resolution: {integrity: sha512-eF2rxCRulEKXHTRiDrDy6erMYWqNw4LPdQ8UQA4huuxaQsVeRPFl2oM8oDGxMFhJUWZf9McpLtJasDDZb/Bpeg==}

  '@microsoft/signalr@8.0.0':
    resolution: {integrity: sha512-K/wS/VmzRWePCGqGh8MU8OWbS1Zvu7DG7LSJS62fBB8rJUXwwj4axQtqrAAwKGUZHQF6CuteuQR9xMsVpM2JNA==}

  '@monaco-editor/loader@1.4.0':
    resolution: {integrity: sha512-00ioBig0x642hytVspPl7DbQyaSWRaolYie/UFNjoTdvoKPzo6xrXLhTk9ixgIKcLH5b5vDOjVNiGyY+uDCUlg==}
    peerDependencies:
      monaco-editor: '>= 0.21.0 < 1'

  '@rollup/rollup-android-arm-eabi@4.24.0':
    resolution: {integrity: sha512-Q6HJd7Y6xdB48x8ZNVDOqsbh2uByBhgK8PiQgPhwkIw/HC/YX5Ghq2mQY5sRMZWHb3VsFkWooUVOZHKr7DmDIA==}
    cpu: [arm]
    os: [android]

  '@rollup/rollup-android-arm64@4.24.0':
    resolution: {integrity: sha512-ijLnS1qFId8xhKjT81uBHuuJp2lU4x2yxa4ctFPtG+MqEE6+C5f/+X/bStmxapgmwLwiL3ih122xv8kVARNAZA==}
    cpu: [arm64]
    os: [android]

  '@rollup/rollup-darwin-arm64@4.24.0':
    resolution: {integrity: sha512-bIv+X9xeSs1XCk6DVvkO+S/z8/2AMt/2lMqdQbMrmVpgFvXlmde9mLcbQpztXm1tajC3raFDqegsH18HQPMYtA==}
    cpu: [arm64]
    os: [darwin]

  '@rollup/rollup-darwin-x64@4.24.0':
    resolution: {integrity: sha512-X6/nOwoFN7RT2svEQWUsW/5C/fYMBe4fnLK9DQk4SX4mgVBiTA9h64kjUYPvGQ0F/9xwJ5U5UfTbl6BEjaQdBQ==}
    cpu: [x64]
    os: [darwin]

  '@rollup/rollup-linux-arm-gnueabihf@4.24.0':
    resolution: {integrity: sha512-0KXvIJQMOImLCVCz9uvvdPgfyWo93aHHp8ui3FrtOP57svqrF/roSSR5pjqL2hcMp0ljeGlU4q9o/rQaAQ3AYA==}
    cpu: [arm]
    os: [linux]

  '@rollup/rollup-linux-arm-musleabihf@4.24.0':
    resolution: {integrity: sha512-it2BW6kKFVh8xk/BnHfakEeoLPv8STIISekpoF+nBgWM4d55CZKc7T4Dx1pEbTnYm/xEKMgy1MNtYuoA8RFIWw==}
    cpu: [arm]
    os: [linux]

  '@rollup/rollup-linux-arm64-gnu@4.24.0':
    resolution: {integrity: sha512-i0xTLXjqap2eRfulFVlSnM5dEbTVque/3Pi4g2y7cxrs7+a9De42z4XxKLYJ7+OhE3IgxvfQM7vQc43bwTgPwA==}
    cpu: [arm64]
    os: [linux]

  '@rollup/rollup-linux-arm64-musl@4.24.0':
    resolution: {integrity: sha512-9E6MKUJhDuDh604Qco5yP/3qn3y7SLXYuiC0Rpr89aMScS2UAmK1wHP2b7KAa1nSjWJc/f/Lc0Wl1L47qjiyQw==}
    cpu: [arm64]
    os: [linux]

  '@rollup/rollup-linux-powerpc64le-gnu@4.24.0':
    resolution: {integrity: sha512-2XFFPJ2XMEiF5Zi2EBf4h73oR1V/lycirxZxHZNc93SqDN/IWhYYSYj8I9381ikUFXZrz2v7r2tOVk2NBwxrWw==}
    cpu: [ppc64]
    os: [linux]

  '@rollup/rollup-linux-riscv64-gnu@4.24.0':
    resolution: {integrity: sha512-M3Dg4hlwuntUCdzU7KjYqbbd+BLq3JMAOhCKdBE3TcMGMZbKkDdJ5ivNdehOssMCIokNHFOsv7DO4rlEOfyKpg==}
    cpu: [riscv64]
    os: [linux]

  '@rollup/rollup-linux-s390x-gnu@4.24.0':
    resolution: {integrity: sha512-mjBaoo4ocxJppTorZVKWFpy1bfFj9FeCMJqzlMQGjpNPY9JwQi7OuS1axzNIk0nMX6jSgy6ZURDZ2w0QW6D56g==}
    cpu: [s390x]
    os: [linux]

  '@rollup/rollup-linux-x64-gnu@4.24.0':
    resolution: {integrity: sha512-ZXFk7M72R0YYFN5q13niV0B7G8/5dcQ9JDp8keJSfr3GoZeXEoMHP/HlvqROA3OMbMdfr19IjCeNAnPUG93b6A==}
    cpu: [x64]
    os: [linux]

  '@rollup/rollup-linux-x64-musl@4.24.0':
    resolution: {integrity: sha512-w1i+L7kAXZNdYl+vFvzSZy8Y1arS7vMgIy8wusXJzRrPyof5LAb02KGr1PD2EkRcl73kHulIID0M501lN+vobQ==}
    cpu: [x64]
    os: [linux]

  '@rollup/rollup-win32-arm64-msvc@4.24.0':
    resolution: {integrity: sha512-VXBrnPWgBpVDCVY6XF3LEW0pOU51KbaHhccHw6AS6vBWIC60eqsH19DAeeObl+g8nKAz04QFdl/Cefta0xQtUQ==}
    cpu: [arm64]
    os: [win32]

  '@rollup/rollup-win32-ia32-msvc@4.24.0':
    resolution: {integrity: sha512-xrNcGDU0OxVcPTH/8n/ShH4UevZxKIO6HJFK0e15XItZP2UcaiLFd5kiX7hJnqCbSztUF8Qot+JWBC/QXRPYWQ==}
    cpu: [ia32]
    os: [win32]

  '@rollup/rollup-win32-x64-msvc@4.24.0':
    resolution: {integrity: sha512-fbMkAF7fufku0N2dE5TBXcNlg0pt0cJue4xBRE2Qc5Vqikxr4VCgKj/ht6SMdFcOacVA9rqF70APJ8RN/4vMJw==}
    cpu: [x64]
    os: [win32]

  '@types/estree@1.0.6':
    resolution: {integrity: sha512-AYnb1nQyY49te+VRAVgmzfcgjYS91mY5P0TKUDCLEM+gNnA+3T6rWITXRLYCpahpqSQbN5cE+gHpnPyXjHWxcw==}

  '@vitejs/plugin-vue@4.6.2':
    resolution: {integrity: sha512-kqf7SGFoG+80aZG6Pf+gsZIVvGSCKE98JbiWqcCV9cThtg91Jav0yvYFC9Zb+jKetNGF6ZKeoaxgZfND21fWKw==}
    engines: {node: ^14.18.0 || >=16.0.0}
    peerDependencies:
      vite: ^4.0.0 || ^5.0.0
      vue: ^3.2.25

  '@volar/language-core@1.11.1':
    resolution: {integrity: sha512-dOcNn3i9GgZAcJt43wuaEykSluAuOkQgzni1cuxLxTV0nJKanQztp7FxyswdRILaKH+P2XZMPRp2S4MV/pElCw==}

  '@volar/source-map@1.11.1':
    resolution: {integrity: sha512-hJnOnwZ4+WT5iupLRnuzbULZ42L7BWWPMmruzwtLhJfpDVoZLjNBxHDi2sY2bgZXCKlpU5XcsMFoYrsQmPhfZg==}

  '@volar/typescript@1.11.1':
    resolution: {integrity: sha512-iU+t2mas/4lYierSnoFOeRFQUhAEMgsFuQxoxvwn5EdQopw43j+J27a4lt9LMInx1gLJBC6qL14WYGlgymaSMQ==}

  '@vue/compiler-core@3.4.27':
    resolution: {integrity: sha512-E+RyqY24KnyDXsCuQrI+mlcdW3ALND6U7Gqa/+bVwbcpcR3BRRIckFoz7Qyd4TTlnugtwuI7YgjbvsLmxb+yvg==}

  '@vue/compiler-dom@3.4.27':
    resolution: {integrity: sha512-kUTvochG/oVgE1w5ViSr3KUBh9X7CWirebA3bezTbB5ZKBQZwR2Mwj9uoSKRMFcz4gSMzzLXBPD6KpCLb9nvWw==}

  '@vue/compiler-sfc@3.4.27':
    resolution: {integrity: sha512-nDwntUEADssW8e0rrmE0+OrONwmRlegDA1pD6QhVeXxjIytV03yDqTey9SBDiALsvAd5U4ZrEKbMyVXhX6mCGA==}

  '@vue/compiler-ssr@3.4.27':
    resolution: {integrity: sha512-CVRzSJIltzMG5FcidsW0jKNQnNRYC8bT21VegyMMtHmhW3UOI7knmUehzswXLrExDLE6lQCZdrhD4ogI7c+vuw==}

  '@vue/language-core@1.8.27':
    resolution: {integrity: sha512-L8Kc27VdQserNaCUNiSFdDl9LWT24ly8Hpwf1ECy3aFb9m6bDhBGQYOujDm21N7EW3moKIOKEanQwe1q5BK+mA==}
    peerDependencies:
      typescript: '*'
    peerDependenciesMeta:
      typescript:
        optional: true

  '@vue/reactivity@3.4.27':
    resolution: {integrity: sha512-kK0g4NknW6JX2yySLpsm2jlunZJl2/RJGZ0H9ddHdfBVHcNzxmQ0sS0b09ipmBoQpY8JM2KmUw+a6sO8Zo+zIA==}

  '@vue/runtime-core@3.4.27':
    resolution: {integrity: sha512-7aYA9GEbOOdviqVvcuweTLe5Za4qBZkUY7SvET6vE8kyypxVgaT1ixHLg4urtOlrApdgcdgHoTZCUuTGap/5WA==}

  '@vue/runtime-dom@3.4.27':
    resolution: {integrity: sha512-ScOmP70/3NPM+TW9hvVAz6VWWtZJqkbdf7w6ySsws+EsqtHvkhxaWLecrTorFxsawelM5Ys9FnDEMt6BPBDS0Q==}

  '@vue/server-renderer@3.4.27':
    resolution: {integrity: sha512-dlAMEuvmeA3rJsOMJ2J1kXU7o7pOxgsNHVr9K8hB3ImIkSuBrIdy0vF66h8gf8Tuinf1TK3mPAz2+2sqyf3KzA==}
    peerDependencies:
      vue: 3.4.27

  '@vue/shared@3.4.27':
    resolution: {integrity: sha512-DL3NmY2OFlqmYYrzp39yi3LDkKxa5vZVwxWdQ3rG0ekuWscHraeIbnI8t+aZK7qhYqEqWKTUdijadunb9pnrgA==}

  abort-controller@3.0.0:
    resolution: {integrity: sha512-h8lQ8tacZYnR3vNQTgibj+tODHI5/+l06Au2Pcriv/Gmet0eaj4TwWH41sO9wnHDiQsEj19q0drzdWdeAHtweg==}
    engines: {node: '>=6.5'}

  asynckit@0.4.0:
    resolution: {integrity: sha512-Oei9OH4tRh0YqU3GxhX79dM/mwVgvbZJaSNaRk+bshkj0S5cfHcgYakreBjrHwatXKbz+IoIdYLxrKim2MjW0Q==}

  axios@1.6.8:
    resolution: {integrity: sha512-v/ZHtJDU39mDpyBoFVkETcd/uNdxrWRrg3bKpOKzXFA6Bvqopts6ALSMU3y6ijYxbw2B+wPrIv46egTzJXCLGQ==}

  b-tween@0.3.3:
    resolution: {integrity: sha512-oEHegcRpA7fAuc9KC4nktucuZn2aS8htymCPcP3qkEGPqiBH+GfqtqoG2l7LxHngg6O0HFM7hOeOYExl1Oz4ZA==}

  b-validate@1.5.3:
    resolution: {integrity: sha512-iCvCkGFskbaYtfQ0a3GmcQCHl/Sv1GufXFGuUQ+FE+WJa7A/espLOuFIn09B944V8/ImPj71T4+rTASxO2PAuA==}

  balanced-match@1.0.2:
    resolution: {integrity: sha512-3oSeUO0TMV67hN1AmbXsK4yaqU7tjiHlbxRDZOpH0KW9+CeX4bRAaX0Anxt0tx2MrpRpWwQaPwIlISEJhYU5Pw==}

  brace-expansion@2.0.1:
    resolution: {integrity: sha512-XnAIvQ8eM+kC6aULx6wuQiwVsnzsi9d3WxzV3FpWTGA19F621kwdbsAcFKXgKUHZWsy+mY6iL1sHTxWEFCytDA==}

  color-convert@1.9.3:
    resolution: {integrity: sha512-QfAUtd+vFdAtFQcC8CCyYt1fYWxSqAiK2cSD6zDB8N3cpsEBAvRxp9zOGg6G/SHHJYAT88/az/IuDGALsNVbGg==}

  color-name@1.1.3:
    resolution: {integrity: sha512-72fSenhMw2HZMTVHeCA9KCmpEIbzWiQsjN+BHcBbS9vr1mtt+vJjPdksIBNUmKAW8TFUDPJK5SUU3QhE9NEXDw==}

  color-name@1.1.4:
    resolution: {integrity: sha512-dOy+3AuW3a2wNbZHIuMZpTcgjGuLU/uBL/ubcZF9OXbDo8ff4O8yVp5Bf0efS8uEoYo5q4Fx7dY9OgQGXgAsQA==}

  color-string@1.9.1:
    resolution: {integrity: sha512-shrVawQFojnZv6xM40anx4CkoDP+fZsw/ZerEMsW/pyzsRbElpsL/DBVW7q3ExxwusdNXI3lXpuhEZkzs8p5Eg==}

  color@3.2.1:
    resolution: {integrity: sha512-aBl7dZI9ENN6fUGC7mWpMTPNHmWUSNan9tuWN6ahh5ZLNk9baLJOnSMlrQkHcrfFgz2/RigjUVAjdx36VcemKA==}

  combined-stream@1.0.8:
    resolution: {integrity: sha512-FQN4MRfuJeHf7cBbBMJFXhKSDq+2kAArBlmRBvcvFE5BB1HZKXtSFASDhdlz9zOYwxh8lDdnvmMOe/+5cdoEdg==}
    engines: {node: '>= 0.8'}

  compute-scroll-into-view@1.0.20:
    resolution: {integrity: sha512-UCB0ioiyj8CRjtrvaceBLqqhZCVP+1B8+NWQhmdsm0VXOJtobBCf1dBQmebCCo34qZmUwZfIH2MZLqNHazrfjg==}

  computeds@0.0.1:
    resolution: {integrity: sha512-7CEBgcMjVmitjYo5q8JTJVra6X5mQ20uTThdK+0kR7UEaDrAWEQcRiBtWJzga4eRpP6afNwwLsX2SET2JhVB1Q==}

  csstype@3.1.3:
    resolution: {integrity: sha512-M1uQkMl8rQK/szD0LNhtqxIPLpimGm8sOBwU7lLnCpSbTyY3yeU1Vc7l4KT5zT4s/yOxHH5O7tIuuLOCnLADRw==}

  dayjs@1.11.11:
    resolution: {integrity: sha512-okzr3f11N6WuqYtZSvm+F776mB41wRZMhKP+hc34YdW+KmtYYK9iqvHSwo2k9FEH3fhGXvOPV6yz2IcSrfRUDg==}

  de-indent@1.0.2:
    resolution: {integrity: sha512-e/1zu3xH5MQryN2zdVaF0OrdNLUbvWxzMbi+iNA6Bky7l1RoP8a2fIbRocyHclXt/arDrrR6lL3TqFD9pMQTsg==}

  delayed-stream@1.0.0:
    resolution: {integrity: sha512-ZySD7Nf91aLB0RxL4KGrKHBXl7Eds1DAmEdcoVawXnLD7SDhpNgtuII2aAkg7a7QS41jxPSZ17p4VdGnMHk3MQ==}
    engines: {node: '>=0.4.0'}

  entities@4.5.0:
    resolution: {integrity: sha512-V0hjH4dGPh9Ao5p0MoRY6BVqtwCjhz6vI5LT8AJ55H+4g9/4vbHx1I54fS0XuclLhDHArPQCiMjDxjaL8fPxhw==}
    engines: {node: '>=0.12'}

  esbuild@0.20.2:
    resolution: {integrity: sha512-WdOOppmUNU+IbZ0PaDiTst80zjnrOkyJNHoKupIcVyU8Lvla3Ugx94VzkQ32Ijqd7UhHJy75gNWDMUekcrSJ6g==}
    engines: {node: '>=12'}
    hasBin: true

  estree-walker@2.0.2:
    resolution: {integrity: sha512-Rfkk/Mp/DL7JVje3u18FxFujQlTNR2q6QfMSMB7AvCBx91NGj/ba3kCfza0f6dVDbw7YlRf/nDrn7pQrCCyQ/w==}

  event-target-shim@5.0.1:
    resolution: {integrity: sha512-i/2XbnSz/uxRCU6+NdVJgKWDTM427+MqYbkQzD321DuCQJUqOuJKIA0IM2+W2xtYHdKOmZ4dR6fExsd4SXL+WQ==}
    engines: {node: '>=6'}

  eventsource@2.0.2:
    resolution: {integrity: sha512-IzUmBGPR3+oUG9dUeXynyNmf91/3zUSJg1lCktzKw47OXuhco54U3r9B7O4XX+Rb1Itm9OZ2b0RkTs10bICOxA==}
    engines: {node: '>=12.0.0'}

  fetch-cookie@2.2.0:
    resolution: {integrity: sha512-h9AgfjURuCgA2+2ISl8GbavpUdR+WGAM2McW/ovn4tVccegp8ZqCKWSBR8uRdM8dDNlx5WdKRWxBYUwteLDCNQ==}

  follow-redirects@1.15.6:
    resolution: {integrity: sha512-wWN62YITEaOpSK584EZXJafH1AGpO8RVgElfkuXbTOrPX4fIfOyEpW/CsiNd8JdYrAoOvafRTOEnvsO++qCqFA==}
    engines: {node: '>=4.0'}
    peerDependencies:
      debug: '*'
    peerDependenciesMeta:
      debug:
        optional: true

  form-data@4.0.0:
    resolution: {integrity: sha512-ETEklSGi5t0QMZuiXoA/Q6vcnxcLQP5vdugSpuAyi6SVGi2clPPp+xgEhuMaHC+zGgn31Kd235W35f7Hykkaww==}
    engines: {node: '>= 6'}

  fsevents@2.3.3:
    resolution: {integrity: sha512-5xoDfX+fL7faATnagmWPpbFtwh/R77WmMMqqHGS65C3vvB0YHrgF+B1YmZ3441tMj5n63k0212XNoJwzlhffQw==}
    engines: {node: ^8.16.0 || ^10.6.0 || >=11.0.0}
    os: [darwin]

  he@1.2.0:
    resolution: {integrity: sha512-F/1DnUGPopORZi0ni+CvrCgHQ5FyEAHRLSApuYWMmrbSwoN2Mn/7k+Gl38gJnR7yyDZk6WLXwiGod1JOWNDKGw==}
    hasBin: true

  is-arrayish@0.3.2:
    resolution: {integrity: sha512-eVRqCvVlZbuw3GrM63ovNSNAeA1K16kaR/LRY/92w0zxQ5/1YzwblUX652i4Xs9RwAGjW9d9y6X88t8OaAJfWQ==}

  magic-string@0.30.10:
    resolution: {integrity: sha512-iIRwTIf0QKV3UAnYK4PU8uiEc4SRh5jX0mwpIwETPpHdhVM4f53RSwS/vXvN1JhGX+Cs7B8qIq3d6AH49O5fAQ==}

  mime-db@1.52.0:
    resolution: {integrity: sha512-sPU4uV7dYlvtWJxwwxHD0PuihVNiE7TyAbQ5SWxDCB9mUYvOgroQOwYQQOKPJ8CIbE+1ETVlOoK1UC2nU3gYvg==}
    engines: {node: '>= 0.6'}

  mime-types@2.1.35:
    resolution: {integrity: sha512-ZDY+bPm5zTTF+YpCrAU9nK0UgICYPT0QtT1NZWFv4s++TNkcgVaT0g6+4R2uI4MjQjzysHB1zxuWL50hzaeXiw==}
    engines: {node: '>= 0.6'}

  minimatch@9.0.4:
    resolution: {integrity: sha512-KqWh+VchfxcMNRAJjj2tnsSJdNbHsVgnkBhTNrW7AjVo6OvLtxw8zfT9oLw1JSohlFzJ8jCoTgaoXvJ+kHt6fw==}
    engines: {node: '>=16 || 14 >=14.17'}

  monaco-editor@0.45.0:
    resolution: {integrity: sha512-mjv1G1ZzfEE3k9HZN0dQ2olMdwIfaeAAjFiwNprLfYNRSz7ctv9XuCT7gPtBGrMUeV1/iZzYKj17Khu1hxoHOA==}

  muggle-string@0.3.1:
    resolution: {integrity: sha512-ckmWDJjphvd/FvZawgygcUeQCxzvohjFO5RxTjj4eq8kw359gFF3E1brjfI+viLMxss5JrHTDRHZvu2/tuy0Qg==}

  nanoid@3.3.7:
    resolution: {integrity: sha512-eSRppjcPIatRIMC1U6UngP8XFcz8MQWGQdt1MTBQ7NaAmvXDfvNxbvWV3x2y6CdEUciCSsDHDQZbhYaB8QEo2g==}
    engines: {node: ^10 || ^12 || ^13.7 || ^14 || >=15.0.1}
    hasBin: true

  node-fetch@2.7.0:
    resolution: {integrity: sha512-c4FRfUm/dbcWZ7U+1Wq0AwCyFL+3nt2bEw05wfxSz+DWpWsitgmSgYmy2dQdWyKC1694ELPqMs/YzUSNozLt8A==}
    engines: {node: 4.x || >=6.0.0}
    peerDependencies:
      encoding: ^0.1.0
    peerDependenciesMeta:
      encoding:
        optional: true

  number-precision@1.6.0:
    resolution: {integrity: sha512-05OLPgbgmnixJw+VvEh18yNPUo3iyp4BEWJcrLu4X9W05KmMifN7Mu5exYvQXqxxeNWhvIF+j3Rij+HmddM/hQ==}

  path-browserify@1.0.1:
    resolution: {integrity: sha512-b7uo2UCUOYZcnF/3ID0lulOJi/bafxa1xPe7ZPsammBSpjSWQkjNxlt635YGS2MiR9GjvuXCtz2emr3jbsz98g==}

  picocolors@1.0.0:
    resolution: {integrity: sha512-1fygroTLlHu66zi26VoTDv8yRgm0Fccecssto+MhsZ0D/DGW2sm8E8AjW7NU5VVTRt5GxbeZ5qBuJr+HyLYkjQ==}

  postcss@8.4.38:
    resolution: {integrity: sha512-Wglpdk03BSfXkHoQa3b/oulrotAkwrlLDRSOb9D0bN86FdRyE9lppSp33aHNPgBa0JKCoB+drFLZkQoRRYae5A==}
    engines: {node: ^10 || ^12 || >=14}

  proxy-from-env@1.1.0:
    resolution: {integrity: sha512-D+zkORCbA9f1tdWRK0RaCR3GPv50cMxcrz4X8k5LTSUD1Dkw47mKJEZQNunItRTkWwgtaUSo1RVFRIG9ZXiFYg==}

  psl@1.9.0:
    resolution: {integrity: sha512-E/ZsdU4HLs/68gYzgGTkMicWTLPdAftJLfJFlLUAAKZGkStNU72sZjT66SnMDVOfOWY/YAoiD7Jxa9iHvngcag==}

  punycode@2.3.1:
    resolution: {integrity: sha512-vYt7UD1U9Wg6138shLtLOvdAu+8DsC/ilFtEVHcH+wydcSpNE20AfSOduf6MkRFahL5FY7X1oU7nKVZFtfq8Fg==}
    engines: {node: '>=6'}

  querystringify@2.2.0:
    resolution: {integrity: sha512-FIqgj2EUvTa7R50u0rGsyTftzjYmv/a3hO345bZNrqabNqjtgiDMgmo4mkUjd+nzU5oF3dClKqFIPUKybUyqoQ==}

  requires-port@1.0.0:
    resolution: {integrity: sha512-KigOCHcocU3XODJxsu8i/j8T9tzT4adHiecwORRQ0ZZFcp7ahwXuRU1m+yuO90C5ZUyGeGfocHDI14M3L3yDAQ==}

  resize-observer-polyfill@1.5.1:
    resolution: {integrity: sha512-LwZrotdHOo12nQuZlHEmtuXdqGoOD0OhaxopaNFxWzInpEgaLWoVuAMbTzixuosCx2nEG58ngzW3vxdWoxIgdg==}

  rollup@4.24.0:
    resolution: {integrity: sha512-DOmrlGSXNk1DM0ljiQA+i+o0rSLhtii1je5wgk60j49d1jHT5YYttBv1iWOnYSTG+fZZESUOSNiAl89SIet+Cg==}
    engines: {node: '>=18.0.0', npm: '>=8.0.0'}
    hasBin: true

  scroll-into-view-if-needed@2.2.31:
    resolution: {integrity: sha512-dGCXy99wZQivjmjIqihaBQNjryrz5rueJY7eHfTdyWEiR4ttYpsajb14rn9s5d4DY4EcY6+4+U/maARBXJedkA==}

  semver@7.6.2:
    resolution: {integrity: sha512-FNAIBWCx9qcRhoHcgcJ0gvU7SN1lYU2ZXuSfl04bSC5OpvDHFyJCjdNHomPXxjQlCBU67YW64PzY7/VIEH7F2w==}
    engines: {node: '>=10'}
    hasBin: true

  set-cookie-parser@2.6.0:
    resolution: {integrity: sha512-RVnVQxTXuerk653XfuliOxBP81Sf0+qfQE73LIYKcyMYHG94AuH0kgrQpRDuTZnSmjpysHmzxJXKNfa6PjFhyQ==}

  simple-swizzle@0.2.2:
    resolution: {integrity: sha512-JA//kQgZtbuY83m+xT+tXJkmJncGMTFT+C+g2h2R9uxkYIrE2yy9sgmcLhCnw57/WSD+Eh3J97FPEDFnbXnDUg==}

  source-map-js@1.2.0:
    resolution: {integrity: sha512-itJW8lvSA0TXEphiRoawsCksnlf8SyvmFzIhltqAHluXd88pkCd+cXJVHTDwdCr0IzwptSm035IHQktUu1QUMg==}
    engines: {node: '>=0.10.0'}

  state-local@1.0.7:
    resolution: {integrity: sha512-HTEHMNieakEnoe33shBYcZ7NX83ACUjCu8c40iOGEZsngj9zRnkqS9j1pqQPXwobB0ZcVTk27REb7COQ0UR59w==}

  to-fast-properties@2.0.0:
    resolution: {integrity: sha512-/OaKK0xYrs3DmxRYqL/yDc+FxFUVYhDlXMhRmv3z915w2HF1tnN1omB354j8VUGO/hbRzyD6Y3sA7v7GS/ceog==}
    engines: {node: '>=4'}

  tough-cookie@4.1.4:
    resolution: {integrity: sha512-Loo5UUvLD9ScZ6jh8beX1T6sO1w2/MpCRpEP7V280GKMVUQ0Jzar2U3UJPsrdbziLEMMhu3Ujnq//rhiFuIeag==}
    engines: {node: '>=6'}

  tr46@0.0.3:
    resolution: {integrity: sha512-N3WMsuqV66lT30CrXNbEjx4GEwlow3v6rr4mCcv6prnfwhS01rkgyFdjPNBYd9br7LpXV1+Emh01fHnq2Gdgrw==}

  typescript@5.4.5:
    resolution: {integrity: sha512-vcI4UpRgg81oIRUFwR0WSIHKt11nJ7SAVlYNIu+QpqeyXP+gpQJy/Z4+F0aGxSE4MqwjyXvW/TzgkLAx2AGHwQ==}
    engines: {node: '>=14.17'}
    hasBin: true

  universalify@0.2.0:
    resolution: {integrity: sha512-CJ1QgKmNg3CwvAv/kOFmtnEN05f0D/cn9QntgNOQlQF9dgvVTHj3t+8JPdjqawCHk7V/KA+fbUqzZ9XWhcqPUg==}
    engines: {node: '>= 4.0.0'}

  url-parse@1.5.10:
    resolution: {integrity: sha512-WypcfiRhfeUP9vvF0j6rw0J3hrWrw6iZv3+22h6iRMJ/8z1Tj6XfLP4DsUix5MhMPnXpiHDoKyoZ/bdCkwBCiQ==}

  vite-plugin-monaco-editor@1.1.0:
    resolution: {integrity: sha512-IvtUqZotrRoVqwT0PBBDIZPNraya3BxN/bfcNfnxZ5rkJiGcNtO5eAOWWSgT7zullIAEqQwxMU83yL9J5k7gww==}
    peerDependencies:
      monaco-editor: '>=0.33.0'

  vite@5.2.11:
    resolution: {integrity: sha512-HndV31LWW05i1BLPMUCE1B9E9GFbOu1MbenhS58FuK6owSO5qHm7GiCotrNY1YE5rMeQSFBGmT5ZaLEjFizgiQ==}
    engines: {node: ^18.0.0 || >=20.0.0}
    hasBin: true
    peerDependencies:
      '@types/node': ^18.0.0 || >=20.0.0
      less: '*'
      lightningcss: ^1.21.0
      sass: '*'
      stylus: '*'
      sugarss: '*'
      terser: ^5.4.0
    peerDependenciesMeta:
      '@types/node':
        optional: true
      less:
        optional: true
      lightningcss:
        optional: true
      sass:
        optional: true
      stylus:
        optional: true
      sugarss:
        optional: true
      terser:
        optional: true

  vue-demi@0.14.10:
    resolution: {integrity: sha512-nMZBOwuzabUO0nLgIcc6rycZEebF6eeUfaiQx9+WSk8e29IbLvPU9feI6tqW4kTo3hvoYAJkMh8n8D0fuISphg==}
    engines: {node: '>=12'}
    hasBin: true
    peerDependencies:
      '@vue/composition-api': ^1.0.0-rc.1
      vue: ^3.0.0-0 || ^2.6.0
    peerDependenciesMeta:
      '@vue/composition-api':
        optional: true

  vue-template-compiler@2.7.16:
    resolution: {integrity: sha512-AYbUWAJHLGGQM7+cNTELw+KsOG9nl2CnSv467WobS5Cv9uk3wFcnr1Etsz2sEIHEZvw1U+o9mRlEO6QbZvUPGQ==}

  vue-tsc@1.8.27:
    resolution: {integrity: sha512-WesKCAZCRAbmmhuGl3+VrdWItEvfoFIPXOvUJkjULi+x+6G/Dy69yO3TBRJDr9eUlmsNAwVmxsNZxvHKzbkKdg==}
    hasBin: true
    peerDependencies:
      typescript: '*'

  vue@3.4.27:
    resolution: {integrity: sha512-8s/56uK6r01r1icG/aEOHqyMVxd1bkYcSe9j8HcKtr/xTOFWvnzIVTehNW+5Yt89f+DLBe4A569pnZLS5HzAMA==}
    peerDependencies:
      typescript: '*'
    peerDependenciesMeta:
      typescript:
        optional: true

  webidl-conversions@3.0.1:
    resolution: {integrity: sha512-2JAn3z8AR6rjK8Sm8orRC0h/bcl/DqL7tRPdGZ4I1CjdF+EaMLmYxBHyXuKL849eucPFhvBoxMsflfOb8kxaeQ==}

  whatwg-url@5.0.0:
    resolution: {integrity: sha512-saE57nupxk6v3HY35+jzBwYa0rKSy0XR8JSxZPwgLr7ys0IBzhGviA1/TUGJLmSVqs8pb9AnvICXEuOHLprYTw==}

  ws@7.5.9:
    resolution: {integrity: sha512-F+P9Jil7UiSKSkppIiD94dN07AwvFixvLIj1Og1Rl9GGMuNipJnV9JzjD6XuqmAeiswGvUmNLjr5cFuXwNS77Q==}
    engines: {node: '>=8.3.0'}
    peerDependencies:
      bufferutil: ^4.0.1
      utf-8-validate: ^5.0.2
    peerDependenciesMeta:
      bufferutil:
        optional: true
      utf-8-validate:
        optional: true

snapshots:

  '@arco-design/color@0.4.0':
    dependencies:
      color: 3.2.1

  '@arco-design/web-vue@2.55.1(vue@3.4.27(typescript@5.4.5))':
    dependencies:
      '@arco-design/color': 0.4.0
      b-tween: 0.3.3
      b-validate: 1.5.3
      compute-scroll-into-view: 1.0.20
      dayjs: 1.11.11
      number-precision: 1.6.0
      resize-observer-polyfill: 1.5.1
      scroll-into-view-if-needed: 2.2.31
      vue: 3.4.27(typescript@5.4.5)

  '@babel/helper-string-parser@7.24.1': {}

  '@babel/helper-validator-identifier@7.24.5': {}

  '@babel/parser@7.24.5':
    dependencies:
      '@babel/types': 7.24.5

  '@babel/types@7.24.5':
    dependencies:
      '@babel/helper-string-parser': 7.24.1
      '@babel/helper-validator-identifier': 7.24.5
      to-fast-properties: 2.0.0

  '@esbuild/aix-ppc64@0.20.2':
    optional: true

  '@esbuild/android-arm64@0.20.2':
    optional: true

  '@esbuild/android-arm@0.20.2':
    optional: true

  '@esbuild/android-x64@0.20.2':
    optional: true

  '@esbuild/darwin-arm64@0.20.2':
    optional: true

  '@esbuild/darwin-x64@0.20.2':
    optional: true

  '@esbuild/freebsd-arm64@0.20.2':
    optional: true

  '@esbuild/freebsd-x64@0.20.2':
    optional: true

  '@esbuild/linux-arm64@0.20.2':
    optional: true

  '@esbuild/linux-arm@0.20.2':
    optional: true

  '@esbuild/linux-ia32@0.20.2':
    optional: true

  '@esbuild/linux-loong64@0.20.2':
    optional: true

  '@esbuild/linux-mips64el@0.20.2':
    optional: true

  '@esbuild/linux-ppc64@0.20.2':
    optional: true

  '@esbuild/linux-riscv64@0.20.2':
    optional: true

  '@esbuild/linux-s390x@0.20.2':
    optional: true

  '@esbuild/linux-x64@0.20.2':
    optional: true

  '@esbuild/netbsd-x64@0.20.2':
    optional: true

  '@esbuild/openbsd-x64@0.20.2':
    optional: true

  '@esbuild/sunos-x64@0.20.2':
    optional: true

  '@esbuild/win32-arm64@0.20.2':
    optional: true

  '@esbuild/win32-ia32@0.20.2':
    optional: true

  '@esbuild/win32-x64@0.20.2':
    optional: true

  '@guolao/vue-monaco-editor@1.5.1(monaco-editor@0.45.0)(vue@3.4.27(typescript@5.4.5))':
    dependencies:
      '@monaco-editor/loader': 1.4.0(monaco-editor@0.45.0)
      monaco-editor: 0.45.0
      vue: 3.4.27(typescript@5.4.5)
      vue-demi: 0.14.10(vue@3.4.27(typescript@5.4.5))

  '@jridgewell/sourcemap-codec@1.4.15': {}

  '@microsoft/signalr@8.0.0':
    dependencies:
      abort-controller: 3.0.0
      eventsource: 2.0.2
      fetch-cookie: 2.2.0
      node-fetch: 2.7.0
      ws: 7.5.9
    transitivePeerDependencies:
      - bufferutil
      - encoding
      - utf-8-validate

  '@monaco-editor/loader@1.4.0(monaco-editor@0.45.0)':
    dependencies:
      monaco-editor: 0.45.0
      state-local: 1.0.7

  '@rollup/rollup-android-arm-eabi@4.24.0':
    optional: true

  '@rollup/rollup-android-arm64@4.24.0':
    optional: true

  '@rollup/rollup-darwin-arm64@4.24.0':
    optional: true

  '@rollup/rollup-darwin-x64@4.24.0':
    optional: true

  '@rollup/rollup-linux-arm-gnueabihf@4.24.0':
    optional: true

  '@rollup/rollup-linux-arm-musleabihf@4.24.0':
    optional: true

  '@rollup/rollup-linux-arm64-gnu@4.24.0':
    optional: true

  '@rollup/rollup-linux-arm64-musl@4.24.0':
    optional: true

  '@rollup/rollup-linux-powerpc64le-gnu@4.24.0':
    optional: true

  '@rollup/rollup-linux-riscv64-gnu@4.24.0':
    optional: true

  '@rollup/rollup-linux-s390x-gnu@4.24.0':
    optional: true

  '@rollup/rollup-linux-x64-gnu@4.24.0':
    optional: true

  '@rollup/rollup-linux-x64-musl@4.24.0':
    optional: true

  '@rollup/rollup-win32-arm64-msvc@4.24.0':
    optional: true

  '@rollup/rollup-win32-ia32-msvc@4.24.0':
    optional: true

  '@rollup/rollup-win32-x64-msvc@4.24.0':
    optional: true

  '@types/estree@1.0.6': {}

  '@vitejs/plugin-vue@4.6.2(vite@5.2.11)(vue@3.4.27(typescript@5.4.5))':
    dependencies:
      vite: 5.2.11
      vue: 3.4.27(typescript@5.4.5)

  '@volar/language-core@1.11.1':
    dependencies:
      '@volar/source-map': 1.11.1

  '@volar/source-map@1.11.1':
    dependencies:
      muggle-string: 0.3.1

  '@volar/typescript@1.11.1':
    dependencies:
      '@volar/language-core': 1.11.1
      path-browserify: 1.0.1

  '@vue/compiler-core@3.4.27':
    dependencies:
      '@babel/parser': 7.24.5
      '@vue/shared': 3.4.27
      entities: 4.5.0
      estree-walker: 2.0.2
      source-map-js: 1.2.0

  '@vue/compiler-dom@3.4.27':
    dependencies:
      '@vue/compiler-core': 3.4.27
      '@vue/shared': 3.4.27

  '@vue/compiler-sfc@3.4.27':
    dependencies:
      '@babel/parser': 7.24.5
      '@vue/compiler-core': 3.4.27
      '@vue/compiler-dom': 3.4.27
      '@vue/compiler-ssr': 3.4.27
      '@vue/shared': 3.4.27
      estree-walker: 2.0.2
      magic-string: 0.30.10
      postcss: 8.4.38
      source-map-js: 1.2.0

  '@vue/compiler-ssr@3.4.27':
    dependencies:
      '@vue/compiler-dom': 3.4.27
      '@vue/shared': 3.4.27

  '@vue/language-core@1.8.27(typescript@5.4.5)':
    dependencies:
      '@volar/language-core': 1.11.1
      '@volar/source-map': 1.11.1
      '@vue/compiler-dom': 3.4.27
      '@vue/shared': 3.4.27
      computeds: 0.0.1
      minimatch: 9.0.4
      muggle-string: 0.3.1
      path-browserify: 1.0.1
      vue-template-compiler: 2.7.16
    optionalDependencies:
      typescript: 5.4.5

  '@vue/reactivity@3.4.27':
    dependencies:
      '@vue/shared': 3.4.27

  '@vue/runtime-core@3.4.27':
    dependencies:
      '@vue/reactivity': 3.4.27
      '@vue/shared': 3.4.27

  '@vue/runtime-dom@3.4.27':
    dependencies:
      '@vue/runtime-core': 3.4.27
      '@vue/shared': 3.4.27
      csstype: 3.1.3

  '@vue/server-renderer@3.4.27(vue@3.4.27(typescript@5.4.5))':
    dependencies:
      '@vue/compiler-ssr': 3.4.27
      '@vue/shared': 3.4.27
      vue: 3.4.27(typescript@5.4.5)

  '@vue/shared@3.4.27': {}

  abort-controller@3.0.0:
    dependencies:
      event-target-shim: 5.0.1

  asynckit@0.4.0: {}

  axios@1.6.8:
    dependencies:
      follow-redirects: 1.15.6
      form-data: 4.0.0
      proxy-from-env: 1.1.0
    transitivePeerDependencies:
      - debug

  b-tween@0.3.3: {}

  b-validate@1.5.3: {}

  balanced-match@1.0.2: {}

  brace-expansion@2.0.1:
    dependencies:
      balanced-match: 1.0.2

  color-convert@1.9.3:
    dependencies:
      color-name: 1.1.3

  color-name@1.1.3: {}

  color-name@1.1.4: {}

  color-string@1.9.1:
    dependencies:
      color-name: 1.1.4
      simple-swizzle: 0.2.2

  color@3.2.1:
    dependencies:
      color-convert: 1.9.3
      color-string: 1.9.1

  combined-stream@1.0.8:
    dependencies:
      delayed-stream: 1.0.0

  compute-scroll-into-view@1.0.20: {}

  computeds@0.0.1: {}

  csstype@3.1.3: {}

  dayjs@1.11.11: {}

  de-indent@1.0.2: {}

  delayed-stream@1.0.0: {}

  entities@4.5.0: {}

  esbuild@0.20.2:
    optionalDependencies:
      '@esbuild/aix-ppc64': 0.20.2
      '@esbuild/android-arm': 0.20.2
      '@esbuild/android-arm64': 0.20.2
      '@esbuild/android-x64': 0.20.2
      '@esbuild/darwin-arm64': 0.20.2
      '@esbuild/darwin-x64': 0.20.2
      '@esbuild/freebsd-arm64': 0.20.2
      '@esbuild/freebsd-x64': 0.20.2
      '@esbuild/linux-arm': 0.20.2
      '@esbuild/linux-arm64': 0.20.2
      '@esbuild/linux-ia32': 0.20.2
      '@esbuild/linux-loong64': 0.20.2
      '@esbuild/linux-mips64el': 0.20.2
      '@esbuild/linux-ppc64': 0.20.2
      '@esbuild/linux-riscv64': 0.20.2
      '@esbuild/linux-s390x': 0.20.2
      '@esbuild/linux-x64': 0.20.2
      '@esbuild/netbsd-x64': 0.20.2
      '@esbuild/openbsd-x64': 0.20.2
      '@esbuild/sunos-x64': 0.20.2
      '@esbuild/win32-arm64': 0.20.2
      '@esbuild/win32-ia32': 0.20.2
      '@esbuild/win32-x64': 0.20.2

  estree-walker@2.0.2: {}

  event-target-shim@5.0.1: {}

  eventsource@2.0.2: {}

  fetch-cookie@2.2.0:
    dependencies:
      set-cookie-parser: 2.6.0
      tough-cookie: 4.1.4

  follow-redirects@1.15.6: {}

  form-data@4.0.0:
    dependencies:
      asynckit: 0.4.0
      combined-stream: 1.0.8
      mime-types: 2.1.35

  fsevents@2.3.3:
    optional: true

  he@1.2.0: {}

  is-arrayish@0.3.2: {}

  magic-string@0.30.10:
    dependencies:
      '@jridgewell/sourcemap-codec': 1.4.15

  mime-db@1.52.0: {}

  mime-types@2.1.35:
    dependencies:
      mime-db: 1.52.0

  minimatch@9.0.4:
    dependencies:
      brace-expansion: 2.0.1

  monaco-editor@0.45.0: {}

  muggle-string@0.3.1: {}

  nanoid@3.3.7: {}

  node-fetch@2.7.0:
    dependencies:
      whatwg-url: 5.0.0

  number-precision@1.6.0: {}

  path-browserify@1.0.1: {}

  picocolors@1.0.0: {}

  postcss@8.4.38:
    dependencies:
      nanoid: 3.3.7
      picocolors: 1.0.0
      source-map-js: 1.2.0

  proxy-from-env@1.1.0: {}

  psl@1.9.0: {}

  punycode@2.3.1: {}

  querystringify@2.2.0: {}

  requires-port@1.0.0: {}

  resize-observer-polyfill@1.5.1: {}

  rollup@4.24.0:
    dependencies:
      '@types/estree': 1.0.6
    optionalDependencies:
      '@rollup/rollup-android-arm-eabi': 4.24.0
      '@rollup/rollup-android-arm64': 4.24.0
      '@rollup/rollup-darwin-arm64': 4.24.0
      '@rollup/rollup-darwin-x64': 4.24.0
      '@rollup/rollup-linux-arm-gnueabihf': 4.24.0
      '@rollup/rollup-linux-arm-musleabihf': 4.24.0
      '@rollup/rollup-linux-arm64-gnu': 4.24.0
      '@rollup/rollup-linux-arm64-musl': 4.24.0
      '@rollup/rollup-linux-powerpc64le-gnu': 4.24.0
      '@rollup/rollup-linux-riscv64-gnu': 4.24.0
      '@rollup/rollup-linux-s390x-gnu': 4.24.0
      '@rollup/rollup-linux-x64-gnu': 4.24.0
      '@rollup/rollup-linux-x64-musl': 4.24.0
      '@rollup/rollup-win32-arm64-msvc': 4.24.0
      '@rollup/rollup-win32-ia32-msvc': 4.24.0
      '@rollup/rollup-win32-x64-msvc': 4.24.0
      fsevents: 2.3.3

  scroll-into-view-if-needed@2.2.31:
    dependencies:
      compute-scroll-into-view: 1.0.20

  semver@7.6.2: {}

  set-cookie-parser@2.6.0: {}

  simple-swizzle@0.2.2:
    dependencies:
      is-arrayish: 0.3.2

  source-map-js@1.2.0: {}

  state-local@1.0.7: {}

  to-fast-properties@2.0.0: {}

  tough-cookie@4.1.4:
    dependencies:
      psl: 1.9.0
      punycode: 2.3.1
      universalify: 0.2.0
      url-parse: 1.5.10

  tr46@0.0.3: {}

  typescript@5.4.5: {}

  universalify@0.2.0: {}

  url-parse@1.5.10:
    dependencies:
      querystringify: 2.2.0
      requires-port: 1.0.0

  vite-plugin-monaco-editor@1.1.0(monaco-editor@0.45.0):
    dependencies:
      monaco-editor: 0.45.0

  vite@5.2.11:
    dependencies:
      esbuild: 0.20.2
      postcss: 8.4.38
      rollup: 4.24.0
    optionalDependencies:
      fsevents: 2.3.3

  vue-demi@0.14.10(vue@3.4.27(typescript@5.4.5)):
    dependencies:
      vue: 3.4.27(typescript@5.4.5)

  vue-template-compiler@2.7.16:
    dependencies:
      de-indent: 1.0.2
      he: 1.2.0

  vue-tsc@1.8.27(typescript@5.4.5):
    dependencies:
      '@volar/typescript': 1.11.1
      '@vue/language-core': 1.8.27(typescript@5.4.5)
      semver: 7.6.2
      typescript: 5.4.5

  vue@3.4.27(typescript@5.4.5):
    dependencies:
      '@vue/compiler-dom': 3.4.27
      '@vue/compiler-sfc': 3.4.27
      '@vue/runtime-dom': 3.4.27
      '@vue/server-renderer': 3.4.27(vue@3.4.27(typescript@5.4.5))
      '@vue/shared': 3.4.27
    optionalDependencies:
      typescript: 5.4.5

  webidl-conversions@3.0.1: {}

  whatwg-url@5.0.0:
    dependencies:
      tr46: 0.0.3
      webidl-conversions: 3.0.1

  ws@7.5.9: {}
